2022-03-16T17:25:50.616-0500 [INFO]  Terraform version: 1.1.7
2022-03-16T17:25:50.617-0500 [INFO]  Go runtime version: go1.17.2
2022-03-16T17:25:50.617-0500 [INFO]  CLI args: []string{"C:\\ProgramData\\chocolatey\\lib\\terraform\\tools\\terraform.exe", "apply", "-no-color"}
2022-03-16T17:25:50.621-0500 [DEBUG] Attempting to open CLI config file: C:\Users\julian.montoyag\AppData\Roaming\terraform.rc
2022-03-16T17:25:50.622-0500 [DEBUG] File doesn't exist, but doesn't need to. Ignoring.
2022-03-16T17:25:50.622-0500 [DEBUG] ignoring non-existing provider search directory terraform.d/plugins
2022-03-16T17:25:50.622-0500 [DEBUG] ignoring non-existing provider search directory C:\Users\julian.montoyag\AppData\Roaming\terraform.d\plugins
2022-03-16T17:25:50.624-0500 [DEBUG] ignoring non-existing provider search directory C:\Users\julian.montoyag\AppData\Roaming\HashiCorp\Terraform\plugins
2022-03-16T17:25:50.624-0500 [INFO]  CLI command args: []string{"apply", "-no-color"}
2022-03-16T17:25:50.626-0500 [DEBUG] New state was assigned lineage "94c34502-2025-f54b-cdfd-60b70bb5cd5a"
2022-03-16T17:25:51.233-0500 [DEBUG] checking for provisioner in "."
2022-03-16T17:25:51.234-0500 [DEBUG] checking for provisioner in "C:\\ProgramData\\chocolatey\\lib\\terraform\\tools"
2022-03-16T17:25:51.235-0500 [INFO]  backend/local: starting Apply operation
2022-03-16T17:25:51.247-0500 [DEBUG] created provider logger: level=debug
2022-03-16T17:25:51.247-0500 [INFO]  provider: configuring client automatic mTLS
2022-03-16T17:25:51.254-0500 [DEBUG] provider: starting plugin: path=.terraform/providers/registry.terraform.io/hashicorp/aws/4.4.0/windows_amd64/terraform-provider-aws_v4.4.0_x5.exe args=[.terraform/providers/registry.terraform.io/hashicorp/aws/4.4.0/windows_amd64/terraform-provider-aws_v4.4.0_x5.exe]
2022-03-16T17:25:51.261-0500 [DEBUG] provider: plugin started: path=.terraform/providers/registry.terraform.io/hashicorp/aws/4.4.0/windows_amd64/terraform-provider-aws_v4.4.0_x5.exe pid=18704
2022-03-16T17:25:51.261-0500 [DEBUG] provider: waiting for RPC address: path=.terraform/providers/registry.terraform.io/hashicorp/aws/4.4.0/windows_amd64/terraform-provider-aws_v4.4.0_x5.exe
2022-03-16T17:25:51.326-0500 [INFO]  provider.terraform-provider-aws_v4.4.0_x5.exe: configuring server automatic mTLS: timestamp=2022-03-16T17:25:51.325-0500
2022-03-16T17:25:51.334-0500 [DEBUG] provider: using plugin: version=5
2022-03-16T17:25:51.335-0500 [DEBUG] provider.terraform-provider-aws_v4.4.0_x5.exe: plugin address: network=tcp address=127.0.0.1:10000 timestamp=2022-03-16T17:25:51.334-0500
2022-03-16T17:25:51.463-0500 [DEBUG] provider.stdio: received EOF, stopping recv loop: err="rpc error: code = Unavailable desc = transport is closing"
2022-03-16T17:25:51.496-0500 [DEBUG] provider: plugin process exited: path=.terraform/providers/registry.terraform.io/hashicorp/aws/4.4.0/windows_amd64/terraform-provider-aws_v4.4.0_x5.exe pid=18704
2022-03-16T17:25:51.496-0500 [DEBUG] provider: plugin exited
2022-03-16T17:25:51.496-0500 [DEBUG] Building and walking validate graph
2022-03-16T17:25:51.497-0500 [DEBUG] ProviderTransformer: "module.elastic.aws_lb_target_group_attachment.tg_attachment_test" (*terraform.NodeValidatableResource) needs provider["registry.terraform.io/hashicorp/aws"]
2022-03-16T17:25:51.497-0500 [DEBUG] ProviderTransformer: "module.instances.aws_instance.instance_terraform" (*terraform.NodeValidatableResource) needs provider["registry.terraform.io/hashicorp/aws"]
2022-03-16T17:25:51.497-0500 [DEBUG] ReferenceTransformer: "module.instances (expand)" references: []
2022-03-16T17:25:51.497-0500 [DEBUG] ReferenceTransformer: "module.instances (close)" references: []
2022-03-16T17:25:51.497-0500 [DEBUG] ReferenceTransformer: "module.instances.output.instancesIds (expand)" references: [module.instances.aws_instance.instance_terraform]
2022-03-16T17:25:51.497-0500 [DEBUG] ReferenceTransformer: "module.elastic (expand)" references: []
2022-03-16T17:25:51.497-0500 [DEBUG] ReferenceTransformer: "module.instances.var.instanceType (expand)" references: []
2022-03-16T17:25:51.497-0500 [DEBUG] ReferenceTransformer: "module.instances.var.ami (expand)" references: []
2022-03-16T17:25:51.497-0500 [DEBUG] ReferenceTransformer: "module.instances.var.instanceNames (expand)" references: []
2022-03-16T17:25:51.497-0500 [DEBUG] ReferenceTransformer: "provider[\"registry.terraform.io/hashicorp/aws\"]" references: [var.region var.secretKey var.accessKey]
2022-03-16T17:25:51.497-0500 [DEBUG] ReferenceTransformer: "var.region" references: []
2022-03-16T17:25:51.497-0500 [DEBUG] ReferenceTransformer: "module.elastic.var.instanceId (expand)" references: [module.instances.output.instancesIds (expand)]
2022-03-16T17:25:51.497-0500 [DEBUG] ReferenceTransformer: "module.instances.var.responsible (expand)" references: []
2022-03-16T17:25:51.497-0500 [DEBUG] ReferenceTransformer: "module.elastic (close)" references: []
2022-03-16T17:25:51.497-0500 [DEBUG] ReferenceTransformer: "module.elastic.aws_lb_target_group_attachment.tg_attachment_test" references: [module.elastic.var.instanceId (expand)]
2022-03-16T17:25:51.497-0500 [DEBUG] ReferenceTransformer: "var.secretKey" references: []
2022-03-16T17:25:51.497-0500 [DEBUG] ReferenceTransformer: "module.instances.var.project (expand)" references: []
2022-03-16T17:25:51.497-0500 [INFO]  ReferenceTransformer: reference not found: "count.index"
2022-03-16T17:25:51.497-0500 [DEBUG] ReferenceTransformer: "module.instances.aws_instance.instance_terraform" references: [module.instances.var.project (expand) module.instances.var.responsible (expand) module.instances.var.ami (expand) module.instances.var.instanceType (expand) module.instances.var.project (expand) module.instances.var.instanceNames (expand) module.instances.var.responsible (expand)]
2022-03-16T17:25:51.497-0500 [DEBUG] ReferenceTransformer: "var.accessKey" references: []
2022-03-16T17:25:51.498-0500 [DEBUG] Starting graph walk: walkValidate
2022-03-16T17:25:51.499-0500 [DEBUG] created provider logger: level=debug
2022-03-16T17:25:51.499-0500 [INFO]  provider: configuring client automatic mTLS
2022-03-16T17:25:51.507-0500 [DEBUG] provider: starting plugin: path=.terraform/providers/registry.terraform.io/hashicorp/aws/4.4.0/windows_amd64/terraform-provider-aws_v4.4.0_x5.exe args=[.terraform/providers/registry.terraform.io/hashicorp/aws/4.4.0/windows_amd64/terraform-provider-aws_v4.4.0_x5.exe]
2022-03-16T17:25:51.513-0500 [DEBUG] provider: plugin started: path=.terraform/providers/registry.terraform.io/hashicorp/aws/4.4.0/windows_amd64/terraform-provider-aws_v4.4.0_x5.exe pid=15136
2022-03-16T17:25:51.513-0500 [DEBUG] provider: waiting for RPC address: path=.terraform/providers/registry.terraform.io/hashicorp/aws/4.4.0/windows_amd64/terraform-provider-aws_v4.4.0_x5.exe
2022-03-16T17:25:51.581-0500 [INFO]  provider.terraform-provider-aws_v4.4.0_x5.exe: configuring server automatic mTLS: timestamp=2022-03-16T17:25:51.579-0500
2022-03-16T17:25:51.590-0500 [DEBUG] provider.terraform-provider-aws_v4.4.0_x5.exe: plugin address: address=127.0.0.1:10000 network=tcp timestamp=2022-03-16T17:25:51.590-0500
2022-03-16T17:25:51.590-0500 [DEBUG] provider: using plugin: version=5
2022-03-16T17:25:51.787-0500 [DEBUG] provider.stdio: received EOF, stopping recv loop: err="rpc error: code = Unavailable desc = transport is closing"
2022-03-16T17:25:51.819-0500 [DEBUG] provider: plugin process exited: path=.terraform/providers/registry.terraform.io/hashicorp/aws/4.4.0/windows_amd64/terraform-provider-aws_v4.4.0_x5.exe pid=15136
2022-03-16T17:25:51.819-0500 [DEBUG] provider: plugin exited
2022-03-16T17:25:51.819-0500 [INFO]  backend/local: apply calling Plan
2022-03-16T17:25:51.819-0500 [DEBUG] Building and walking plan graph for NormalMode
2022-03-16T17:25:51.819-0500 [DEBUG] ProviderTransformer: "module.elastic.aws_lb_target_group_attachment.tg_attachment_test (expand)" (*terraform.nodeExpandPlannableResource) needs provider["registry.terraform.io/hashicorp/aws"]
2022-03-16T17:25:51.819-0500 [DEBUG] ProviderTransformer: "module.instances.aws_instance.instance_terraform (expand)" (*terraform.nodeExpandPlannableResource) needs provider["registry.terraform.io/hashicorp/aws"]
2022-03-16T17:25:51.819-0500 [DEBUG] ReferenceTransformer: "var.accessKey" references: []
2022-03-16T17:25:51.819-0500 [DEBUG] ReferenceTransformer: "module.instances.var.instanceType (expand)" references: []
2022-03-16T17:25:51.819-0500 [DEBUG] ReferenceTransformer: "module.instances.var.ami (expand)" references: []
2022-03-16T17:25:51.819-0500 [DEBUG] ReferenceTransformer: "module.instances.var.instanceNames (expand)" references: []
2022-03-16T17:25:51.819-0500 [DEBUG] ReferenceTransformer: "module.instances.var.project (expand)" references: []
2022-03-16T17:25:51.819-0500 [DEBUG] ReferenceTransformer: "var.secretKey" references: []
2022-03-16T17:25:51.819-0500 [DEBUG] ReferenceTransformer: "module.instances.var.responsible (expand)" references: []
2022-03-16T17:25:51.820-0500 [DEBUG] ReferenceTransformer: "provider[\"registry.terraform.io/hashicorp/aws\"]" references: [var.secretKey var.region var.accessKey]
2022-03-16T17:25:51.820-0500 [DEBUG] ReferenceTransformer: "module.elastic (close)" references: []
2022-03-16T17:25:51.820-0500 [DEBUG] ReferenceTransformer: "module.elastic.var.instanceId (expand)" references: [module.instances.output.instancesIds (expand)]
2022-03-16T17:25:51.820-0500 [DEBUG] ReferenceTransformer: "module.instances.output.instancesIds (expand)" references: [module.instances.aws_instance.instance_terraform (expand)]
2022-03-16T17:25:51.820-0500 [DEBUG] ReferenceTransformer: "module.elastic.aws_lb_target_group_attachment.tg_attachment_test (expand)" references: [module.elastic.var.instanceId (expand)]
2022-03-16T17:25:51.820-0500 [INFO]  ReferenceTransformer: reference not found: "count.index"
2022-03-16T17:25:51.820-0500 [DEBUG] ReferenceTransformer: "module.instances.aws_instance.instance_terraform (expand)" references: [module.instances.var.ami (expand) module.instances.var.instanceType (expand) module.instances.var.project (expand) module.instances.var.instanceNames (expand) module.instances.var.responsible (expand) module.instances.var.project (expand) module.instances.var.responsible (expand)]
2022-03-16T17:25:51.820-0500 [DEBUG] ReferenceTransformer: "var.region" references: []
2022-03-16T17:25:51.820-0500 [DEBUG] ReferenceTransformer: "module.elastic (expand)" references: []
2022-03-16T17:25:51.820-0500 [DEBUG] ReferenceTransformer: "module.instances (expand)" references: []
2022-03-16T17:25:51.820-0500 [DEBUG] ReferenceTransformer: "module.instances (close)" references: []
2022-03-16T17:25:51.821-0500 [DEBUG] Starting graph walk: walkPlan
2022-03-16T17:25:51.822-0500 [DEBUG] created provider logger: level=debug
2022-03-16T17:25:51.822-0500 [INFO]  provider: configuring client automatic mTLS
2022-03-16T17:25:51.831-0500 [DEBUG] provider: starting plugin: path=.terraform/providers/registry.terraform.io/hashicorp/aws/4.4.0/windows_amd64/terraform-provider-aws_v4.4.0_x5.exe args=[.terraform/providers/registry.terraform.io/hashicorp/aws/4.4.0/windows_amd64/terraform-provider-aws_v4.4.0_x5.exe]
2022-03-16T17:25:51.837-0500 [DEBUG] provider: plugin started: path=.terraform/providers/registry.terraform.io/hashicorp/aws/4.4.0/windows_amd64/terraform-provider-aws_v4.4.0_x5.exe pid=18412
2022-03-16T17:25:51.837-0500 [DEBUG] provider: waiting for RPC address: path=.terraform/providers/registry.terraform.io/hashicorp/aws/4.4.0/windows_amd64/terraform-provider-aws_v4.4.0_x5.exe
2022-03-16T17:25:51.900-0500 [INFO]  provider.terraform-provider-aws_v4.4.0_x5.exe: configuring server automatic mTLS: timestamp=2022-03-16T17:25:51.899-0500
2022-03-16T17:25:51.909-0500 [DEBUG] provider.terraform-provider-aws_v4.4.0_x5.exe: plugin address: address=127.0.0.1:10000 network=tcp timestamp=2022-03-16T17:25:51.909-0500
2022-03-16T17:25:51.909-0500 [DEBUG] provider: using plugin: version=5
2022-03-16T17:25:52.077-0500 [WARN]  ValidateProviderConfig from "provider[\"registry.terraform.io/hashicorp/aws\"]" changed the config value, but that value is unused
2022-03-16T17:25:52.078-0500 [DEBUG] provider.terraform-provider-aws_v4.4.0_x5.exe: Using access key, secret key from configuration: timestamp=2022-03-16T17:25:52.078-0500
2022-03-16T17:25:52.079-0500 [INFO]  provider.terraform-provider-aws_v4.4.0_x5.exe: Retrieved credentials from "StaticCredentials": timestamp=2022-03-16T17:25:52.079-0500
2022-03-16T17:25:52.080-0500 [DEBUG] provider.terraform-provider-aws_v4.4.0_x5.exe: Trying to get account information via sts:GetCallerIdentity: timestamp=2022-03-16T17:25:52.080-0500
2022-03-16T17:25:52.080-0500 [DEBUG] provider.terraform-provider-aws_v4.4.0_x5.exe: [aws-sdk-go-v2] Request
POST / HTTP/1.1
Host: sts.us-west-1.amazonaws.com
User-Agent: APN/1.0 HashiCorp/1.0 Terraform/1.1.7 (+https://www.terraform.io) terraform-provider-aws/4.4.0 (+https://registry.terraform.io/providers/hashicorp/aws) aws-sdk-go-v2/1.14.0 os/windows lang/go/1.17.6 md/GOOS/windows md/GOARCH/amd64 api/sts/1.15.0
Content-Length: 43
Amz-Sdk-Invocation-Id: 1de64e0d-bad4-4b3f-a727-b58c28d0e2bc
Amz-Sdk-Request: attempt=1; max=25
Authorization: AWS4-HMAC-SHA256 Credential=AKIA57XXQ6GYZQPYSK4X/20220316/us-west-1/sts/aws4_request, SignedHeaders=amz-sdk-invocation-id;amz-sdk-request;content-length;content-type;host;x-amz-date, Signature=12f93577f087cbb3bd4c63e4b78c37f483e1d0416d32eaa72bb4ba8073e145e4
Content-Type: application/x-www-form-urlencoded
X-Amz-Date: 20220316T222552Z
Accept-Encoding: gzip

Action=GetCallerIdentity&Version=2011-06-15: timestamp=2022-03-16T17:25:52.080-0500
2022-03-16T17:25:52.680-0500 [DEBUG] provider.terraform-provider-aws_v4.4.0_x5.exe: [aws-sdk-go-v2] Response
HTTP/1.1 200 OK
Content-Length: 412
Content-Type: text/xml
Date: Wed, 16 Mar 2022 22:25:56 GMT
X-Amzn-Requestid: 8e7f577c-b976-4be2-b312-ef6513e0076b

<GetCallerIdentityResponse xmlns="https://sts.amazonaws.com/doc/2011-06-15/">
  <GetCallerIdentityResult>
    <Arn>arn:aws:iam::961518039473:user/julian.montoyag</Arn>
    <UserId>AIDA57XXQ6GYUKFPHSO64</UserId>
    <Account>961518039473</Account>
  </GetCallerIdentityResult>
  <ResponseMetadata>
    <RequestId>8e7f577c-b976-4be2-b312-ef6513e0076b</RequestId>
  </ResponseMetadata>
</GetCallerIdentityResponse>: timestamp=2022-03-16T17:25:52.680-0500
2022-03-16T17:25:52.684-0500 [DEBUG] provider.terraform-provider-aws_v4.4.0_x5.exe: Trying to get account information via sts:GetCallerIdentity: timestamp=2022-03-16T17:25:52.683-0500
2022-03-16T17:25:52.684-0500 [DEBUG] provider.terraform-provider-aws_v4.4.0_x5.exe: [aws-sdk-go-v2] Request
POST / HTTP/1.1
Host: sts.us-west-1.amazonaws.com
User-Agent: APN/1.0 HashiCorp/1.0 Terraform/1.1.7 (+https://www.terraform.io) terraform-provider-aws/4.4.0 (+https://registry.terraform.io/providers/hashicorp/aws) aws-sdk-go-v2/1.14.0 os/windows lang/go/1.17.6 md/GOOS/windows md/GOARCH/amd64 api/sts/1.15.0
Content-Length: 43
Amz-Sdk-Invocation-Id: 974f6cf2-3a5d-4512-b52b-ef2d4505d0e8
Amz-Sdk-Request: attempt=1; max=25
Authorization: AWS4-HMAC-SHA256 Credential=AKIA57XXQ6GYZQPYSK4X/20220316/us-west-1/sts/aws4_request, SignedHeaders=amz-sdk-invocation-id;amz-sdk-request;content-length;content-type;host;x-amz-date, Signature=7a8c7b6f9f3dde994e2afdfbb3bd33ce09ad9b0c40557798d9cb05d7e919f56d
Content-Type: application/x-www-form-urlencoded
X-Amz-Date: 20220316T222552Z
Accept-Encoding: gzip

Action=GetCallerIdentity&Version=2011-06-15: timestamp=2022-03-16T17:25:52.684-0500
2022-03-16T17:25:52.821-0500 [DEBUG] provider.terraform-provider-aws_v4.4.0_x5.exe: [aws-sdk-go-v2] Response
HTTP/1.1 200 OK
Content-Length: 412
Content-Type: text/xml
Date: Wed, 16 Mar 2022 22:25:56 GMT
X-Amzn-Requestid: a7aa4ab4-989f-4e74-9291-c885553c7573

<GetCallerIdentityResponse xmlns="https://sts.amazonaws.com/doc/2011-06-15/">
  <GetCallerIdentityResult>
    <Arn>arn:aws:iam::961518039473:user/julian.montoyag</Arn>
    <UserId>AIDA57XXQ6GYUKFPHSO64</UserId>
    <Account>961518039473</Account>
  </GetCallerIdentityResult>
  <ResponseMetadata>
    <RequestId>a7aa4ab4-989f-4e74-9291-c885553c7573</RequestId>
  </ResponseMetadata>
</GetCallerIdentityResponse>: timestamp=2022-03-16T17:25:52.819-0500
2022-03-16T17:25:52.823-0500 [DEBUG] provider.terraform-provider-aws_v4.4.0_x5.exe: [aws-sdk-go] DEBUG: Request ec2/DescribeAccountAttributes Details:
---[ REQUEST POST-SIGN ]-----------------------------
POST / HTTP/1.1
Host: ec2.us-west-1.amazonaws.com
User-Agent: APN/1.0 HashiCorp/1.0 Terraform/1.1.7 (+https://www.terraform.io) terraform-provider-aws/4.4.0 (+https://registry.terraform.io/providers/hashicorp/aws) aws-sdk-go/1.43.9 (go1.17.6; windows; amd64)
Content-Length: 87
Authorization: AWS4-HMAC-SHA256 Credential=AKIA57XXQ6GYZQPYSK4X/20220316/us-west-1/ec2/aws4_request, SignedHeaders=content-length;content-type;host;x-amz-date, Signature=c058aed8597f6708df043fa4b8b6dbb088b14c8665c1763cc9213581671f9222
Content-Type: application/x-www-form-urlencoded; charset=utf-8
X-Amz-Date: 20220316T222552Z
Accept-Encoding: gzip

Action=DescribeAccountAttributes&AttributeName.1=supported-platforms&Version=2016-11-15
-----------------------------------------------------: timestamp=2022-03-16T17:25:52.823-0500
2022-03-16T17:25:53.400-0500 [DEBUG] provider.terraform-provider-aws_v4.4.0_x5.exe: [aws-sdk-go] DEBUG: Response ec2/DescribeAccountAttributes Details:
---[ RESPONSE ]--------------------------------------
HTTP/1.1 200 OK
Content-Length: 540
Cache-Control: no-cache, no-store
Content-Type: text/xml;charset=UTF-8
Date: Wed, 16 Mar 2022 22:25:56 GMT
Server: AmazonEC2
Strict-Transport-Security: max-age=31536000; includeSubDomains
X-Amzn-Requestid: a00ed133-b6a9-48ec-87d9-c6d46b1708c7


-----------------------------------------------------: timestamp=2022-03-16T17:25:53.400-0500
2022-03-16T17:25:53.400-0500 [DEBUG] provider.terraform-provider-aws_v4.4.0_x5.exe: [aws-sdk-go] <?xml version="1.0" encoding="UTF-8"?>
<DescribeAccountAttributesResponse xmlns="http://ec2.amazonaws.com/doc/2016-11-15/">
    <requestId>a00ed133-b6a9-48ec-87d9-c6d46b1708c7</requestId>
    <accountAttributeSet>
        <item>
            <attributeName>supported-platforms</attributeName>
            <attributeValueSet>
                <item>
                    <attributeValue>VPC</attributeValue>
                </item>
            </attributeValueSet>
        </item>
    </accountAttributeSet>
</DescribeAccountAttributesResponse>: timestamp=2022-03-16T17:25:53.400-0500
2022-03-16T17:25:53.401-0500 [DEBUG] Resource instance state not found for node "module.instances.aws_instance.instance_terraform[1]", instance module.instances.aws_instance.instance_terraform[1]
2022-03-16T17:25:53.401-0500 [DEBUG] Resource instance state not found for node "module.instances.aws_instance.instance_terraform[2]", instance module.instances.aws_instance.instance_terraform[2]
2022-03-16T17:25:53.401-0500 [DEBUG] Resource instance state not found for node "module.instances.aws_instance.instance_terraform[0]", instance module.instances.aws_instance.instance_terraform[0]
2022-03-16T17:25:53.401-0500 [INFO]  ReferenceTransformer: reference not found: "var.project"
2022-03-16T17:25:53.401-0500 [INFO]  ReferenceTransformer: reference not found: "var.responsible"
2022-03-16T17:25:53.401-0500 [INFO]  ReferenceTransformer: reference not found: "var.ami"
2022-03-16T17:25:53.401-0500 [INFO]  ReferenceTransformer: reference not found: "var.project"
2022-03-16T17:25:53.401-0500 [INFO]  ReferenceTransformer: reference not found: "var.instanceNames"
2022-03-16T17:25:53.401-0500 [INFO]  ReferenceTransformer: reference not found: "count.index"
2022-03-16T17:25:53.401-0500 [INFO]  ReferenceTransformer: reference not found: "var.responsible"
2022-03-16T17:25:53.401-0500 [INFO]  ReferenceTransformer: reference not found: "var.instanceType"
2022-03-16T17:25:53.401-0500 [DEBUG] ReferenceTransformer: "module.instances.aws_instance.instance_terraform[0]" references: []
2022-03-16T17:25:53.401-0500 [INFO]  ReferenceTransformer: reference not found: "var.ami"
2022-03-16T17:25:53.401-0500 [INFO]  ReferenceTransformer: reference not found: "var.instanceType"
2022-03-16T17:25:53.401-0500 [INFO]  ReferenceTransformer: reference not found: "var.project"
2022-03-16T17:25:53.401-0500 [INFO]  ReferenceTransformer: reference not found: "var.instanceNames"
2022-03-16T17:25:53.401-0500 [INFO]  ReferenceTransformer: reference not found: "count.index"
2022-03-16T17:25:53.401-0500 [INFO]  ReferenceTransformer: reference not found: "var.responsible"
2022-03-16T17:25:53.401-0500 [INFO]  ReferenceTransformer: reference not found: "var.project"
2022-03-16T17:25:53.401-0500 [INFO]  ReferenceTransformer: reference not found: "var.responsible"
2022-03-16T17:25:53.401-0500 [DEBUG] ReferenceTransformer: "module.instances.aws_instance.instance_terraform[1]" references: []
2022-03-16T17:25:53.401-0500 [INFO]  ReferenceTransformer: reference not found: "var.project"
2022-03-16T17:25:53.401-0500 [INFO]  ReferenceTransformer: reference not found: "var.instanceNames"
2022-03-16T17:25:53.401-0500 [INFO]  ReferenceTransformer: reference not found: "count.index"
2022-03-16T17:25:53.401-0500 [INFO]  ReferenceTransformer: reference not found: "var.responsible"
2022-03-16T17:25:53.401-0500 [INFO]  ReferenceTransformer: reference not found: "var.project"
2022-03-16T17:25:53.401-0500 [INFO]  ReferenceTransformer: reference not found: "var.responsible"
2022-03-16T17:25:53.401-0500 [INFO]  ReferenceTransformer: reference not found: "var.ami"
2022-03-16T17:25:53.401-0500 [INFO]  ReferenceTransformer: reference not found: "var.instanceType"
2022-03-16T17:25:53.401-0500 [DEBUG] ReferenceTransformer: "module.instances.aws_instance.instance_terraform[2]" references: []
2022-03-16T17:25:53.401-0500 [DEBUG] refresh: module.instances.aws_instance.instance_terraform[1]: no state, so not refreshing
2022-03-16T17:25:53.401-0500 [DEBUG] refresh: module.instances.aws_instance.instance_terraform[0]: no state, so not refreshing
2022-03-16T17:25:53.401-0500 [DEBUG] refresh: module.instances.aws_instance.instance_terraform[2]: no state, so not refreshing
2022-03-16T17:25:53.409-0500 [WARN]  Provider "registry.terraform.io/hashicorp/aws" produced an invalid plan for module.instances.aws_instance.instance_terraform[2], but we are tolerating it because it is using the legacy plugin SDK.
    The following problems may be the cause of any confusing errors from downstream operations:
      - .source_dest_check: planned value cty.True for a non-computed attribute
      - .get_password_data: planned value cty.False for a non-computed attribute
      - .metadata_options: attribute representing nested block must not be unknown itself; set nested attribute values to unknown instead
      - .network_interface: attribute representing nested block must not be unknown itself; set nested attribute values to unknown instead
      - .enclave_options: attribute representing nested block must not be unknown itself; set nested attribute values to unknown instead
      - .ebs_block_device: attribute representing nested block must not be unknown itself; set nested attribute values to unknown instead
      - .ephemeral_block_device: attribute representing nested block must not be unknown itself; set nested attribute values to unknown instead
      - .root_block_device: attribute representing nested block must not be unknown itself; set nested attribute values to unknown instead
      - .capacity_reservation_specification: attribute representing nested block must not be unknown itself; set nested attribute values to unknown instead
2022-03-16T17:25:53.409-0500 [WARN]  Provider "registry.terraform.io/hashicorp/aws" produced an invalid plan for module.instances.aws_instance.instance_terraform[0], but we are tolerating it because it is using the legacy plugin SDK.
    The following problems may be the cause of any confusing errors from downstream operations:
      - .get_password_data: planned value cty.False for a non-computed attribute
      - .source_dest_check: planned value cty.True for a non-computed attribute
      - .enclave_options: attribute representing nested block must not be unknown itself; set nested attribute values to unknown instead
      - .metadata_options: attribute representing nested block must not be unknown itself; set nested attribute values to unknown instead
      - .network_interface: attribute representing nested block must not be unknown itself; set nested attribute values to unknown instead
      - .capacity_reservation_specification: attribute representing nested block must not be unknown itself; set nested attribute values to unknown instead
      - .ebs_block_device: attribute representing nested block must not be unknown itself; set nested attribute values to unknown instead
      - .ephemeral_block_device: attribute representing nested block must not be unknown itself; set nested attribute values to unknown instead
      - .root_block_device: attribute representing nested block must not be unknown itself; set nested attribute values to unknown instead
2022-03-16T17:25:53.409-0500 [WARN]  Provider "registry.terraform.io/hashicorp/aws" produced an invalid plan for module.instances.aws_instance.instance_terraform[1], but we are tolerating it because it is using the legacy plugin SDK.
    The following problems may be the cause of any confusing errors from downstream operations:
      - .get_password_data: planned value cty.False for a non-computed attribute
      - .source_dest_check: planned value cty.True for a non-computed attribute
      - .metadata_options: attribute representing nested block must not be unknown itself; set nested attribute values to unknown instead
      - .network_interface: attribute representing nested block must not be unknown itself; set nested attribute values to unknown instead
      - .enclave_options: attribute representing nested block must not be unknown itself; set nested attribute values to unknown instead
      - .ebs_block_device: attribute representing nested block must not be unknown itself; set nested attribute values to unknown instead
      - .ephemeral_block_device: attribute representing nested block must not be unknown itself; set nested attribute values to unknown instead
      - .root_block_device: attribute representing nested block must not be unknown itself; set nested attribute values to unknown instead
      - .capacity_reservation_specification: attribute representing nested block must not be unknown itself; set nested attribute values to unknown instead
2022-03-16T17:25:53.413-0500 [DEBUG] Resource instance state not found for node "module.elastic.aws_lb_target_group_attachment.tg_attachment_test", instance module.elastic.aws_lb_target_group_attachment.tg_attachment_test
2022-03-16T17:25:53.413-0500 [INFO]  ReferenceTransformer: reference not found: "var.instanceId"
2022-03-16T17:25:53.413-0500 [DEBUG] ReferenceTransformer: "module.elastic.aws_lb_target_group_attachment.tg_attachment_test" references: []
2022-03-16T17:25:53.413-0500 [DEBUG] refresh: module.elastic.aws_lb_target_group_attachment.tg_attachment_test: no state, so not refreshing
2022-03-16T17:25:53.415-0500 [DEBUG] provider.stdio: received EOF, stopping recv loop: err="rpc error: code = Unavailable desc = transport is closing"
2022-03-16T17:25:53.464-0500 [DEBUG] provider: plugin process exited: path=.terraform/providers/registry.terraform.io/hashicorp/aws/4.4.0/windows_amd64/terraform-provider-aws_v4.4.0_x5.exe pid=18412
2022-03-16T17:25:53.464-0500 [DEBUG] provider: plugin exited

Terraform used the selected providers to generate the following execution
plan. Resource actions are indicated with the following symbols:
  + create

Terraform will perform the following actions:

  # module.elastic.aws_lb_target_group_attachment.tg_attachment_test will be created
  + resource "aws_lb_target_group_attachment" "tg_attachment_test" {
      + id               = (known after apply)
      + port             = 3030
      + target_group_arn = "arn:aws:elasticloadbalancing:us-west-1:961518039473:targetgroup/julian-montoyag-target-group-ui/a7b25a48ec6e5168"
      + target_id        = (known after apply)
    }

  # module.instances.aws_instance.instance_terraform[0] will be created
  + resource "aws_instance" "instance_terraform" {
      + ami                                  = "ami-0a8a24772b8f01294"
      + arn                                  = (known after apply)
      + associate_public_ip_address          = (known after apply)
      + availability_zone                    = (known after apply)
      + cpu_core_count                       = (known after apply)
      + cpu_threads_per_core                 = (known after apply)
      + disable_api_termination              = (known after apply)
      + ebs_optimized                        = (known after apply)
      + get_password_data                    = false
      + host_id                              = (known after apply)
      + id                                   = (known after apply)
      + instance_initiated_shutdown_behavior = (known after apply)
      + instance_state                       = (known after apply)
      + instance_type                        = "t2.micro"
      + ipv6_address_count                   = (known after apply)
      + ipv6_addresses                       = (known after apply)
      + key_name                             = (known after apply)
      + monitoring                           = (known after apply)
      + outpost_arn                          = (known after apply)
      + password_data                        = (known after apply)
      + placement_group                      = (known after apply)
      + placement_partition_number           = (known after apply)
      + primary_network_interface_id         = (known after apply)
      + private_dns                          = (known after apply)
      + private_ip                           = (known after apply)
      + public_dns                           = (known after apply)
      + public_ip                            = (known after apply)
      + secondary_private_ips                = (known after apply)
      + security_groups                      = (known after apply)
      + source_dest_check                    = true
      + subnet_id                            = "subnet-055c41fce697f9cca"
      + tags                                 = {
          + "Name"        = "julian.montoyag.api.terraform"
          + "project"     = "ramp-up-devops"
          + "responsible" = "julian.montoyag"
        }
      + tags_all                             = {
          + "Name"        = "julian.montoyag.api.terraform"
          + "project"     = "ramp-up-devops"
          + "responsible" = "julian.montoyag"
        }
      + tenancy                              = (known after apply)
      + user_data                            = (known after apply)
      + user_data_base64                     = (known after apply)
      + volume_tags                          = {
          + "project"     = "ramp-up-devops"
          + "responsible" = "julian.montoyag"
        }
      + vpc_security_group_ids               = (known after apply)

      + capacity_reservation_specification {
          + capacity_reservation_preference = (known after apply)

          + capacity_reservation_target {
              + capacity_reservation_id = (known after apply)
            }
        }

      + ebs_block_device {
          + delete_on_termination = (known after apply)
          + device_name           = (known after apply)
          + encrypted             = (known after apply)
          + iops                  = (known after apply)
          + kms_key_id            = (known after apply)
          + snapshot_id           = (known after apply)
          + tags                  = (known after apply)
          + throughput            = (known after apply)
          + volume_id             = (known after apply)
          + volume_size           = (known after apply)
          + volume_type           = (known after apply)
        }

      + enclave_options {
          + enabled = (known after apply)
        }

      + ephemeral_block_device {
          + device_name  = (known after apply)
          + no_device    = (known after apply)
          + virtual_name = (known after apply)
        }

      + metadata_options {
          + http_endpoint               = (known after apply)
          + http_put_response_hop_limit = (known after apply)
          + http_tokens                 = (known after apply)
          + instance_metadata_tags      = (known after apply)
        }

      + network_interface {
          + delete_on_termination = (known after apply)
          + device_index          = (known after apply)
          + network_interface_id  = (known after apply)
        }

      + root_block_device {
          + delete_on_termination = (known after apply)
          + device_name           = (known after apply)
          + encrypted             = (known after apply)
          + iops                  = (known after apply)
          + kms_key_id            = (known after apply)
          + tags                  = (known after apply)
          + throughput            = (known after apply)
          + volume_id             = (known after apply)
          + volume_size           = (known after apply)
          + volume_type           = (known after apply)
        }
    }

  # module.instances.aws_instance.instance_terraform[1] will be created
  + resource "aws_instance" "instance_terraform" {
      + ami                                  = "ami-0a8a24772b8f01294"
      + arn                                  = (known after apply)
      + associate_public_ip_address          = (known after apply)
      + availability_zone                    = (known after apply)
      + cpu_core_count                       = (known after apply)
      + cpu_threads_per_core                 = (known after apply)
      + disable_api_termination              = (known after apply)
      + ebs_optimized                        = (known after apply)
      + get_password_data                    = false
      + host_id                              = (known after apply)
      + id                                   = (known after apply)
      + instance_initiated_shutdown_behavior = (known after apply)
      + instance_state                       = (known after apply)
      + instance_type                        = "t2.micro"
      + ipv6_address_count                   = (known after apply)
      + ipv6_addresses                       = (known after apply)
      + key_name                             = (known after apply)
      + monitoring                           = (known after apply)
      + outpost_arn                          = (known after apply)
      + password_data                        = (known after apply)
      + placement_group                      = (known after apply)
      + placement_partition_number           = (known after apply)
      + primary_network_interface_id         = (known after apply)
      + private_dns                          = (known after apply)
      + private_ip                           = (known after apply)
      + public_dns                           = (known after apply)
      + public_ip                            = (known after apply)
      + secondary_private_ips                = (known after apply)
      + security_groups                      = (known after apply)
      + source_dest_check                    = true
      + subnet_id                            = "subnet-055c41fce697f9cca"
      + tags                                 = {
          + "Name"        = "julian.montoyag.ui.terraform"
          + "project"     = "ramp-up-devops"
          + "responsible" = "julian.montoyag"
        }
      + tags_all                             = {
          + "Name"        = "julian.montoyag.ui.terraform"
          + "project"     = "ramp-up-devops"
          + "responsible" = "julian.montoyag"
        }
      + tenancy                              = (known after apply)
      + user_data                            = (known after apply)
      + user_data_base64                     = (known after apply)
      + volume_tags                          = {
          + "project"     = "ramp-up-devops"
          + "responsible" = "julian.montoyag"
        }
      + vpc_security_group_ids               = (known after apply)

      + capacity_reservation_specification {
          + capacity_reservation_preference = (known after apply)

          + capacity_reservation_target {
              + capacity_reservation_id = (known after apply)
            }
        }

      + ebs_block_device {
          + delete_on_termination = (known after apply)
          + device_name           = (known after apply)
          + encrypted             = (known after apply)
          + iops                  = (known after apply)
          + kms_key_id            = (known after apply)
          + snapshot_id           = (known after apply)
          + tags                  = (known after apply)
          + throughput            = (known after apply)
          + volume_id             = (known after apply)
          + volume_size           = (known after apply)
          + volume_type           = (known after apply)
        }

      + enclave_options {
          + enabled = (known after apply)
        }

      + ephemeral_block_device {
          + device_name  = (known after apply)
          + no_device    = (known after apply)
          + virtual_name = (known after apply)
        }

      + metadata_options {
          + http_endpoint               = (known after apply)
          + http_put_response_hop_limit = (known after apply)
          + http_tokens                 = (known after apply)
          + instance_metadata_tags      = (known after apply)
        }

      + network_interface {
          + delete_on_termination = (known after apply)
          + device_index          = (known after apply)
          + network_interface_id  = (known after apply)
        }

      + root_block_device {
          + delete_on_termination = (known after apply)
          + device_name           = (known after apply)
          + encrypted             = (known after apply)
          + iops                  = (known after apply)
          + kms_key_id            = (known after apply)
          + tags                  = (known after apply)
          + throughput            = (known after apply)
          + volume_id             = (known after apply)
          + volume_size           = (known after apply)
          + volume_type           = (known after apply)
        }
    }

  # module.instances.aws_instance.instance_terraform[2] will be created
  + resource "aws_instance" "instance_terraform" {
      + ami                                  = "ami-0a8a24772b8f01294"
      + arn                                  = (known after apply)
      + associate_public_ip_address          = (known after apply)
      + availability_zone                    = (known after apply)
      + cpu_core_count                       = (known after apply)
      + cpu_threads_per_core                 = (known after apply)
      + disable_api_termination              = (known after apply)
      + ebs_optimized                        = (known after apply)
      + get_password_data                    = false
      + host_id                              = (known after apply)
      + id                                   = (known after apply)
      + instance_initiated_shutdown_behavior = (known after apply)
      + instance_state                       = (known after apply)
      + instance_type                        = "t2.micro"
      + ipv6_address_count                   = (known after apply)
      + ipv6_addresses                       = (known after apply)
      + key_name                             = (known after apply)
      + monitoring                           = (known after apply)
      + outpost_arn                          = (known after apply)
      + password_data                        = (known after apply)
      + placement_group                      = (known after apply)
      + placement_partition_number           = (known after apply)
      + primary_network_interface_id         = (known after apply)
      + private_dns                          = (known after apply)
      + private_ip                           = (known after apply)
      + public_dns                           = (known after apply)
      + public_ip                            = (known after apply)
      + secondary_private_ips                = (known after apply)
      + security_groups                      = (known after apply)
      + source_dest_check                    = true
      + subnet_id                            = "subnet-055c41fce697f9cca"
      + tags                                 = {
          + "Name"        = "julian.montoyag.db.terraform"
          + "project"     = "ramp-up-devops"
          + "responsible" = "julian.montoyag"
        }
      + tags_all                             = {
          + "Name"        = "julian.montoyag.db.terraform"
          + "project"     = "ramp-up-devops"
          + "responsible" = "julian.montoyag"
        }
      + tenancy                              = (known after apply)
      + user_data                            = (known after apply)
      + user_data_base64                     = (known after apply)
      + volume_tags                          = {
          + "project"     = "ramp-up-devops"
          + "responsible" = "julian.montoyag"
        }
      + vpc_security_group_ids               = (known after apply)

      + capacity_reservation_specification {
          + capacity_reservation_preference = (known after apply)

          + capacity_reservation_target {
              + capacity_reservation_id = (known after apply)
            }
        }

      + ebs_block_device {
          + delete_on_termination = (known after apply)
          + device_name           = (known after apply)
          + encrypted             = (known after apply)
          + iops                  = (known after apply)
          + kms_key_id            = (known after apply)
          + snapshot_id           = (known after apply)
          + tags                  = (known after apply)
          + throughput            = (known after apply)
          + volume_id             = (known after apply)
          + volume_size           = (known after apply)
          + volume_type           = (known after apply)
        }

      + enclave_options {
          + enabled = (known after apply)
        }

      + ephemeral_block_device {
          + device_name  = (known after apply)
          + no_device    = (known after apply)
          + virtual_name = (known after apply)
        }

      + metadata_options {
          + http_endpoint               = (known after apply)
          + http_put_response_hop_limit = (known after apply)
          + http_tokens                 = (known after apply)
          + instance_metadata_tags      = (known after apply)
        }

      + network_interface {
          + delete_on_termination = (known after apply)
          + device_index          = (known after apply)
          + network_interface_id  = (known after apply)
        }

      + root_block_device {
          + delete_on_termination = (known after apply)
          + device_name           = (known after apply)
          + encrypted             = (known after apply)
          + iops                  = (known after apply)
          + kms_key_id            = (known after apply)
          + tags                  = (known after apply)
          + throughput            = (known after apply)
          + volume_id             = (known after apply)
          + volume_size           = (known after apply)
          + volume_type           = (known after apply)
        }
    }

Plan: 4 to add, 0 to change, 0 to destroy.
2022-03-16T17:25:53.513-0500 [DEBUG] command: asking for input: "\nDo you want to perform these actions?"

Do you want to perform these actions?
  Terraform will perform the actions described above.
  Only 'yes' will be accepted to approve.

  Enter a value: 
2022-03-16T17:26:30.583-0500 [INFO]  backend/local: apply calling Apply
2022-03-16T17:26:30.583-0500 [DEBUG] Building and walking apply graph for NormalMode plan
2022-03-16T17:26:30.583-0500 [DEBUG] Resource state not found for node "module.instances.aws_instance.instance_terraform[1]", instance module.instances.aws_instance.instance_terraform[1]
2022-03-16T17:26:30.583-0500 [DEBUG] Resource state not found for node "module.instances.aws_instance.instance_terraform[2]", instance module.instances.aws_instance.instance_terraform[2]
2022-03-16T17:26:30.583-0500 [DEBUG] Resource state not found for node "module.instances.aws_instance.instance_terraform[0]", instance module.instances.aws_instance.instance_terraform[0]
2022-03-16T17:26:30.583-0500 [DEBUG] Resource state not found for node "module.elastic.aws_lb_target_group_attachment.tg_attachment_test", instance module.elastic.aws_lb_target_group_attachment.tg_attachment_test
2022-03-16T17:26:30.583-0500 [DEBUG] ProviderTransformer: "module.instances.aws_instance.instance_terraform[1]" (*terraform.NodeApplyableResourceInstance) needs provider["registry.terraform.io/hashicorp/aws"]
2022-03-16T17:26:30.583-0500 [DEBUG] ProviderTransformer: "module.elastic.aws_lb_target_group_attachment.tg_attachment_test (expand)" (*terraform.nodeExpandApplyableResource) needs provider["registry.terraform.io/hashicorp/aws"]
2022-03-16T17:26:30.583-0500 [DEBUG] ProviderTransformer: "module.instances.aws_instance.instance_terraform[0]" (*terraform.NodeApplyableResourceInstance) needs provider["registry.terraform.io/hashicorp/aws"]
2022-03-16T17:26:30.583-0500 [DEBUG] ProviderTransformer: "module.elastic.aws_lb_target_group_attachment.tg_attachment_test" (*terraform.NodeApplyableResourceInstance) needs provider["registry.terraform.io/hashicorp/aws"]
2022-03-16T17:26:30.583-0500 [DEBUG] ProviderTransformer: "module.instances.aws_instance.instance_terraform (expand)" (*terraform.nodeExpandApplyableResource) needs provider["registry.terraform.io/hashicorp/aws"]
2022-03-16T17:26:30.583-0500 [DEBUG] ProviderTransformer: "module.instances.aws_instance.instance_terraform[2]" (*terraform.NodeApplyableResourceInstance) needs provider["registry.terraform.io/hashicorp/aws"]
2022-03-16T17:26:30.584-0500 [DEBUG] ReferenceTransformer: "module.elastic.var.instanceId (expand)" references: [module.instances.output.instancesIds (expand)]
2022-03-16T17:26:30.584-0500 [DEBUG] ReferenceTransformer: "module.instances.var.project (expand)" references: []
2022-03-16T17:26:30.584-0500 [DEBUG] ReferenceTransformer: "module.instances.var.responsible (expand)" references: []
2022-03-16T17:26:30.584-0500 [INFO]  ReferenceTransformer: reference not found: "count.index"
2022-03-16T17:26:30.584-0500 [DEBUG] ReferenceTransformer: "module.instances.aws_instance.instance_terraform[2]" references: [module.instances.var.project (expand) module.instances.var.instanceNames (expand) module.instances.var.responsible (expand) module.instances.var.project (expand) module.instances.var.responsible (expand) module.instances.var.ami (expand) module.instances.var.instanceType (expand)]
2022-03-16T17:26:30.584-0500 [INFO]  ReferenceTransformer: reference not found: "count.index"
2022-03-16T17:26:30.584-0500 [DEBUG] ReferenceTransformer: "module.instances.aws_instance.instance_terraform[1]" references: [module.instances.var.ami (expand) module.instances.var.instanceType (expand) module.instances.var.project (expand) module.instances.var.instanceNames (expand) module.instances.var.responsible (expand) module.instances.var.project (expand) module.instances.var.responsible (expand)]
2022-03-16T17:26:30.584-0500 [DEBUG] ReferenceTransformer: "provider[\"registry.terraform.io/hashicorp/aws\"]" references: [var.accessKey var.region var.secretKey]
2022-03-16T17:26:30.584-0500 [DEBUG] ReferenceTransformer: "module.elastic.aws_lb_target_group_attachment.tg_attachment_test (expand)" references: []
2022-03-16T17:26:30.584-0500 [DEBUG] ReferenceTransformer: "var.secretKey" references: []
2022-03-16T17:26:30.584-0500 [INFO]  ReferenceTransformer: reference not found: "count.index"
2022-03-16T17:26:30.584-0500 [DEBUG] ReferenceTransformer: "module.instances.aws_instance.instance_terraform[0]" references: [module.instances.var.ami (expand) module.instances.var.instanceType (expand) module.instances.var.project (expand) module.instances.var.instanceNames (expand) module.instances.var.responsible (expand) module.instances.var.project (expand) module.instances.var.responsible (expand)]
2022-03-16T17:26:30.584-0500 [DEBUG] ReferenceTransformer: "module.elastic.aws_lb_target_group_attachment.tg_attachment_test" references: [module.elastic.var.instanceId (expand)]
2022-03-16T17:26:30.584-0500 [DEBUG] ReferenceTransformer: "module.elastic (expand)" references: []
2022-03-16T17:26:30.584-0500 [DEBUG] ReferenceTransformer: "module.instances (expand)" references: []
2022-03-16T17:26:30.584-0500 [DEBUG] ReferenceTransformer: "module.instances (close)" references: []
2022-03-16T17:26:30.584-0500 [DEBUG] ReferenceTransformer: "var.region" references: []
2022-03-16T17:26:30.584-0500 [DEBUG] ReferenceTransformer: "module.instances.var.ami (expand)" references: []
2022-03-16T17:26:30.584-0500 [DEBUG] ReferenceTransformer: "module.elastic (close)" references: []
2022-03-16T17:26:30.584-0500 [DEBUG] ReferenceTransformer: "var.accessKey" references: []
2022-03-16T17:26:30.584-0500 [DEBUG] ReferenceTransformer: "module.instances.var.instanceNames (expand)" references: []
2022-03-16T17:26:30.584-0500 [DEBUG] ReferenceTransformer: "module.instances.output.instancesIds (expand)" references: [module.instances.aws_instance.instance_terraform[2] module.instances.aws_instance.instance_terraform[1] module.instances.aws_instance.instance_terraform[0] module.instances.aws_instance.instance_terraform (expand)]
2022-03-16T17:26:30.584-0500 [DEBUG] ReferenceTransformer: "module.instances.aws_instance.instance_terraform (expand)" references: []
2022-03-16T17:26:30.584-0500 [DEBUG] ReferenceTransformer: "module.instances.var.instanceType (expand)" references: []
2022-03-16T17:26:30.585-0500 [DEBUG] Starting graph walk: walkApply
2022-03-16T17:26:30.585-0500 [DEBUG] created provider logger: level=debug
2022-03-16T17:26:30.586-0500 [INFO]  provider: configuring client automatic mTLS
2022-03-16T17:26:30.594-0500 [DEBUG] provider: starting plugin: path=.terraform/providers/registry.terraform.io/hashicorp/aws/4.4.0/windows_amd64/terraform-provider-aws_v4.4.0_x5.exe args=[.terraform/providers/registry.terraform.io/hashicorp/aws/4.4.0/windows_amd64/terraform-provider-aws_v4.4.0_x5.exe]
2022-03-16T17:26:30.600-0500 [DEBUG] provider: plugin started: path=.terraform/providers/registry.terraform.io/hashicorp/aws/4.4.0/windows_amd64/terraform-provider-aws_v4.4.0_x5.exe pid=22756
2022-03-16T17:26:30.600-0500 [DEBUG] provider: waiting for RPC address: path=.terraform/providers/registry.terraform.io/hashicorp/aws/4.4.0/windows_amd64/terraform-provider-aws_v4.4.0_x5.exe
2022-03-16T17:26:30.665-0500 [INFO]  provider.terraform-provider-aws_v4.4.0_x5.exe: configuring server automatic mTLS: timestamp=2022-03-16T17:26:30.663-0500
2022-03-16T17:26:30.673-0500 [DEBUG] provider: using plugin: version=5
2022-03-16T17:26:30.673-0500 [DEBUG] provider.terraform-provider-aws_v4.4.0_x5.exe: plugin address: address=127.0.0.1:10000 network=tcp timestamp=2022-03-16T17:26:30.673-0500
2022-03-16T17:26:30.848-0500 [WARN]  ValidateProviderConfig from "provider[\"registry.terraform.io/hashicorp/aws\"]" changed the config value, but that value is unused
2022-03-16T17:26:30.849-0500 [DEBUG] provider.terraform-provider-aws_v4.4.0_x5.exe: Using access key, secret key from configuration: timestamp=2022-03-16T17:26:30.849-0500
2022-03-16T17:26:30.850-0500 [INFO]  provider.terraform-provider-aws_v4.4.0_x5.exe: Retrieved credentials from "StaticCredentials": timestamp=2022-03-16T17:26:30.850-0500
2022-03-16T17:26:30.850-0500 [DEBUG] provider.terraform-provider-aws_v4.4.0_x5.exe: Trying to get account information via sts:GetCallerIdentity: timestamp=2022-03-16T17:26:30.850-0500
2022-03-16T17:26:30.851-0500 [DEBUG] provider.terraform-provider-aws_v4.4.0_x5.exe: [aws-sdk-go-v2] Request
POST / HTTP/1.1
Host: sts.us-west-1.amazonaws.com
User-Agent: APN/1.0 HashiCorp/1.0 Terraform/1.1.7 (+https://www.terraform.io) terraform-provider-aws/4.4.0 (+https://registry.terraform.io/providers/hashicorp/aws) aws-sdk-go-v2/1.14.0 os/windows lang/go/1.17.6 md/GOOS/windows md/GOARCH/amd64 api/sts/1.15.0
Content-Length: 43
Amz-Sdk-Invocation-Id: e0d156e6-54dd-4ae9-8c68-bdbc7d36633f
Amz-Sdk-Request: attempt=1; max=25
Authorization: AWS4-HMAC-SHA256 Credential=AKIA57XXQ6GYZQPYSK4X/20220316/us-west-1/sts/aws4_request, SignedHeaders=amz-sdk-invocation-id;amz-sdk-request;content-length;content-type;host;x-amz-date, Signature=2c3ba91bc1bd69eaec33dfb1d792fd9eafd0f51c26f9c12871cc9c00343fcbc7
Content-Type: application/x-www-form-urlencoded
X-Amz-Date: 20220316T222630Z
Accept-Encoding: gzip

Action=GetCallerIdentity&Version=2011-06-15: timestamp=2022-03-16T17:26:30.851-0500
2022-03-16T17:26:31.441-0500 [DEBUG] provider.terraform-provider-aws_v4.4.0_x5.exe: [aws-sdk-go-v2] Response
HTTP/1.1 200 OK
Content-Length: 412
Content-Type: text/xml
Date: Wed, 16 Mar 2022 22:26:35 GMT
X-Amzn-Requestid: 7b5f0d89-6a68-4f34-aaf9-9d26dbd19e8f

<GetCallerIdentityResponse xmlns="https://sts.amazonaws.com/doc/2011-06-15/">
  <GetCallerIdentityResult>
    <Arn>arn:aws:iam::961518039473:user/julian.montoyag</Arn>
    <UserId>AIDA57XXQ6GYUKFPHSO64</UserId>
    <Account>961518039473</Account>
  </GetCallerIdentityResult>
  <ResponseMetadata>
    <RequestId>7b5f0d89-6a68-4f34-aaf9-9d26dbd19e8f</RequestId>
  </ResponseMetadata>
</GetCallerIdentityResponse>: timestamp=2022-03-16T17:26:31.441-0500
2022-03-16T17:26:31.442-0500 [DEBUG] provider.terraform-provider-aws_v4.4.0_x5.exe: Trying to get account information via sts:GetCallerIdentity: timestamp=2022-03-16T17:26:31.442-0500
2022-03-16T17:26:31.443-0500 [DEBUG] provider.terraform-provider-aws_v4.4.0_x5.exe: [aws-sdk-go-v2] Request
POST / HTTP/1.1
Host: sts.us-west-1.amazonaws.com
User-Agent: APN/1.0 HashiCorp/1.0 Terraform/1.1.7 (+https://www.terraform.io) terraform-provider-aws/4.4.0 (+https://registry.terraform.io/providers/hashicorp/aws) aws-sdk-go-v2/1.14.0 os/windows lang/go/1.17.6 md/GOOS/windows md/GOARCH/amd64 api/sts/1.15.0
Content-Length: 43
Amz-Sdk-Invocation-Id: 747a7917-e023-4949-9e71-30593d676921
Amz-Sdk-Request: attempt=1; max=25
Authorization: AWS4-HMAC-SHA256 Credential=AKIA57XXQ6GYZQPYSK4X/20220316/us-west-1/sts/aws4_request, SignedHeaders=amz-sdk-invocation-id;amz-sdk-request;content-length;content-type;host;x-amz-date, Signature=90394b9870d175a9edf95406a7863d16db7121839887acfcb13216b7e0f2d6f0
Content-Type: application/x-www-form-urlencoded
X-Amz-Date: 20220316T222631Z
Accept-Encoding: gzip

Action=GetCallerIdentity&Version=2011-06-15: timestamp=2022-03-16T17:26:31.443-0500
2022-03-16T17:26:31.579-0500 [DEBUG] provider.terraform-provider-aws_v4.4.0_x5.exe: [aws-sdk-go-v2] Response
HTTP/1.1 200 OK
Content-Length: 412
Content-Type: text/xml
Date: Wed, 16 Mar 2022 22:26:35 GMT
X-Amzn-Requestid: a7ff4a27-9157-4c72-94db-0583f8e1673b

<GetCallerIdentityResponse xmlns="https://sts.amazonaws.com/doc/2011-06-15/">
  <GetCallerIdentityResult>
    <Arn>arn:aws:iam::961518039473:user/julian.montoyag</Arn>
    <UserId>AIDA57XXQ6GYUKFPHSO64</UserId>
    <Account>961518039473</Account>
  </GetCallerIdentityResult>
  <ResponseMetadata>
    <RequestId>a7ff4a27-9157-4c72-94db-0583f8e1673b</RequestId>
  </ResponseMetadata>
</GetCallerIdentityResponse>: timestamp=2022-03-16T17:26:31.579-0500
2022-03-16T17:26:31.583-0500 [DEBUG] provider.terraform-provider-aws_v4.4.0_x5.exe: [aws-sdk-go] DEBUG: Request ec2/DescribeAccountAttributes Details:
---[ REQUEST POST-SIGN ]-----------------------------
POST / HTTP/1.1
Host: ec2.us-west-1.amazonaws.com
User-Agent: APN/1.0 HashiCorp/1.0 Terraform/1.1.7 (+https://www.terraform.io) terraform-provider-aws/4.4.0 (+https://registry.terraform.io/providers/hashicorp/aws) aws-sdk-go/1.43.9 (go1.17.6; windows; amd64)
Content-Length: 87
Authorization: AWS4-HMAC-SHA256 Credential=AKIA57XXQ6GYZQPYSK4X/20220316/us-west-1/ec2/aws4_request, SignedHeaders=content-length;content-type;host;x-amz-date, Signature=7b4c2966879f2bc296bff845062ff1774f0e61fec81f42a3e50d017fbb305fe6
Content-Type: application/x-www-form-urlencoded; charset=utf-8
X-Amz-Date: 20220316T222631Z
Accept-Encoding: gzip

Action=DescribeAccountAttributes&AttributeName.1=supported-platforms&Version=2016-11-15
-----------------------------------------------------: timestamp=2022-03-16T17:26:31.583-0500
2022-03-16T17:26:32.158-0500 [DEBUG] provider.terraform-provider-aws_v4.4.0_x5.exe: [aws-sdk-go] DEBUG: Response ec2/DescribeAccountAttributes Details:
---[ RESPONSE ]--------------------------------------
HTTP/1.1 200 OK
Content-Length: 540
Cache-Control: no-cache, no-store
Content-Type: text/xml;charset=UTF-8
Date: Wed, 16 Mar 2022 22:26:35 GMT
Server: AmazonEC2
Strict-Transport-Security: max-age=31536000; includeSubDomains
X-Amzn-Requestid: 12a76e9c-230a-4ec4-9d31-6aa82b2dcdeb


-----------------------------------------------------: timestamp=2022-03-16T17:26:32.158-0500
2022-03-16T17:26:32.158-0500 [DEBUG] provider.terraform-provider-aws_v4.4.0_x5.exe: [aws-sdk-go] <?xml version="1.0" encoding="UTF-8"?>
<DescribeAccountAttributesResponse xmlns="http://ec2.amazonaws.com/doc/2016-11-15/">
    <requestId>12a76e9c-230a-4ec4-9d31-6aa82b2dcdeb</requestId>
    <accountAttributeSet>
        <item>
            <attributeName>supported-platforms</attributeName>
            <attributeValueSet>
                <item>
                    <attributeValue>VPC</attributeValue>
                </item>
            </attributeValueSet>
        </item>
    </accountAttributeSet>
</DescribeAccountAttributesResponse>: timestamp=2022-03-16T17:26:32.158-0500
2022-03-16T17:26:32.165-0500 [WARN]  Provider "registry.terraform.io/hashicorp/aws" produced an invalid plan for module.instances.aws_instance.instance_terraform[0], but we are tolerating it because it is using the legacy plugin SDK.
    The following problems may be the cause of any confusing errors from downstream operations:
      - .get_password_data: planned value cty.False for a non-computed attribute
      - .source_dest_check: planned value cty.True for a non-computed attribute
      - .enclave_options: attribute representing nested block must not be unknown itself; set nested attribute values to unknown instead
      - .metadata_options: attribute representing nested block must not be unknown itself; set nested attribute values to unknown instead
      - .network_interface: attribute representing nested block must not be unknown itself; set nested attribute values to unknown instead
      - .root_block_device: attribute representing nested block must not be unknown itself; set nested attribute values to unknown instead
      - .capacity_reservation_specification: attribute representing nested block must not be unknown itself; set nested attribute values to unknown instead
      - .ebs_block_device: attribute representing nested block must not be unknown itself; set nested attribute values to unknown instead
      - .ephemeral_block_device: attribute representing nested block must not be unknown itself; set nested attribute values to unknown instead
2022-03-16T17:26:32.165-0500 [WARN]  Provider "registry.terraform.io/hashicorp/aws" produced an invalid plan for module.instances.aws_instance.instance_terraform[2], but we are tolerating it because it is using the legacy plugin SDK.
    The following problems may be the cause of any confusing errors from downstream operations:
      - .get_password_data: planned value cty.False for a non-computed attribute
      - .source_dest_check: planned value cty.True for a non-computed attribute
      - .enclave_options: attribute representing nested block must not be unknown itself; set nested attribute values to unknown instead
      - .metadata_options: attribute representing nested block must not be unknown itself; set nested attribute values to unknown instead
      - .network_interface: attribute representing nested block must not be unknown itself; set nested attribute values to unknown instead
      - .ephemeral_block_device: attribute representing nested block must not be unknown itself; set nested attribute values to unknown instead
      - .root_block_device: attribute representing nested block must not be unknown itself; set nested attribute values to unknown instead
      - .capacity_reservation_specification: attribute representing nested block must not be unknown itself; set nested attribute values to unknown instead
      - .ebs_block_device: attribute representing nested block must not be unknown itself; set nested attribute values to unknown instead
2022-03-16T17:26:32.165-0500 [WARN]  Provider "registry.terraform.io/hashicorp/aws" produced an invalid plan for module.instances.aws_instance.instance_terraform[1], but we are tolerating it because it is using the legacy plugin SDK.
    The following problems may be the cause of any confusing errors from downstream operations:
      - .get_password_data: planned value cty.False for a non-computed attribute
      - .source_dest_check: planned value cty.True for a non-computed attribute
      - .ebs_block_device: attribute representing nested block must not be unknown itself; set nested attribute values to unknown instead
      - .ephemeral_block_device: attribute representing nested block must not be unknown itself; set nested attribute values to unknown instead
      - .root_block_device: attribute representing nested block must not be unknown itself; set nested attribute values to unknown instead
      - .capacity_reservation_specification: attribute representing nested block must not be unknown itself; set nested attribute values to unknown instead
      - .metadata_options: attribute representing nested block must not be unknown itself; set nested attribute values to unknown instead
      - .network_interface: attribute representing nested block must not be unknown itself; set nested attribute values to unknown instead
      - .enclave_options: attribute representing nested block must not be unknown itself; set nested attribute values to unknown instead
module.instances.aws_instance.instance_terraform[2]: Creating...
module.instances.aws_instance.instance_terraform[0]: Creating...
2022-03-16T17:26:32.165-0500 [INFO]  Starting apply for module.instances.aws_instance.instance_terraform[0]
2022-03-16T17:26:32.165-0500 [INFO]  Starting apply for module.instances.aws_instance.instance_terraform[2]
module.instances.aws_instance.instance_terraform[1]: Creating...
2022-03-16T17:26:32.165-0500 [INFO]  Starting apply for module.instances.aws_instance.instance_terraform[1]
2022-03-16T17:26:32.165-0500 [DEBUG] module.instances.aws_instance.instance_terraform[0]: applying the planned Create change
2022-03-16T17:26:32.165-0500 [DEBUG] module.instances.aws_instance.instance_terraform[2]: applying the planned Create change
2022-03-16T17:26:32.165-0500 [DEBUG] module.instances.aws_instance.instance_terraform[1]: applying the planned Create change
2022-03-16T17:26:32.167-0500 [DEBUG] provider.terraform-provider-aws_v4.4.0_x5.exe: setting computed for "metadata_options" from ComputedKeys: timestamp=2022-03-16T17:26:32.167-0500
2022-03-16T17:26:32.167-0500 [DEBUG] provider.terraform-provider-aws_v4.4.0_x5.exe: setting computed for "ephemeral_block_device" from ComputedKeys: timestamp=2022-03-16T17:26:32.167-0500
2022-03-16T17:26:32.167-0500 [DEBUG] provider.terraform-provider-aws_v4.4.0_x5.exe: setting computed for "ebs_block_device" from ComputedKeys: timestamp=2022-03-16T17:26:32.167-0500
2022-03-16T17:26:32.167-0500 [DEBUG] provider.terraform-provider-aws_v4.4.0_x5.exe: setting computed for "network_interface" from ComputedKeys: timestamp=2022-03-16T17:26:32.167-0500
2022-03-16T17:26:32.167-0500 [DEBUG] provider.terraform-provider-aws_v4.4.0_x5.exe: setting computed for "network_interface" from ComputedKeys: timestamp=2022-03-16T17:26:32.167-0500
2022-03-16T17:26:32.167-0500 [DEBUG] provider.terraform-provider-aws_v4.4.0_x5.exe: setting computed for "metadata_options" from ComputedKeys: timestamp=2022-03-16T17:26:32.167-0500
2022-03-16T17:26:32.167-0500 [DEBUG] provider.terraform-provider-aws_v4.4.0_x5.exe: setting computed for "capacity_reservation_specification" from ComputedKeys: timestamp=2022-03-16T17:26:32.167-0500
2022-03-16T17:26:32.167-0500 [DEBUG] provider.terraform-provider-aws_v4.4.0_x5.exe: setting computed for "secondary_private_ips" from ComputedKeys: timestamp=2022-03-16T17:26:32.167-0500
2022-03-16T17:26:32.167-0500 [DEBUG] provider.terraform-provider-aws_v4.4.0_x5.exe: setting computed for "ebs_block_device" from ComputedKeys: timestamp=2022-03-16T17:26:32.167-0500
2022-03-16T17:26:32.167-0500 [DEBUG] provider.terraform-provider-aws_v4.4.0_x5.exe: setting computed for "ipv6_addresses" from ComputedKeys: timestamp=2022-03-16T17:26:32.167-0500
2022-03-16T17:26:32.167-0500 [DEBUG] provider.terraform-provider-aws_v4.4.0_x5.exe: setting computed for "secondary_private_ips" from ComputedKeys: timestamp=2022-03-16T17:26:32.167-0500
2022-03-16T17:26:32.167-0500 [DEBUG] provider.terraform-provider-aws_v4.4.0_x5.exe: setting computed for "root_block_device" from ComputedKeys: timestamp=2022-03-16T17:26:32.167-0500
2022-03-16T17:26:32.167-0500 [DEBUG] provider.terraform-provider-aws_v4.4.0_x5.exe: setting computed for "vpc_security_group_ids" from ComputedKeys: timestamp=2022-03-16T17:26:32.167-0500
2022-03-16T17:26:32.167-0500 [DEBUG] provider.terraform-provider-aws_v4.4.0_x5.exe: setting computed for "security_groups" from ComputedKeys: timestamp=2022-03-16T17:26:32.167-0500
2022-03-16T17:26:32.167-0500 [DEBUG] provider.terraform-provider-aws_v4.4.0_x5.exe: setting computed for "vpc_security_group_ids" from ComputedKeys: timestamp=2022-03-16T17:26:32.167-0500
2022-03-16T17:26:32.167-0500 [DEBUG] provider.terraform-provider-aws_v4.4.0_x5.exe: setting computed for "ephemeral_block_device" from ComputedKeys: timestamp=2022-03-16T17:26:32.167-0500
2022-03-16T17:26:32.167-0500 [DEBUG] provider.terraform-provider-aws_v4.4.0_x5.exe: setting computed for "secondary_private_ips" from ComputedKeys: timestamp=2022-03-16T17:26:32.167-0500
2022-03-16T17:26:32.167-0500 [DEBUG] provider.terraform-provider-aws_v4.4.0_x5.exe: setting computed for "ebs_block_device" from ComputedKeys: timestamp=2022-03-16T17:26:32.167-0500
2022-03-16T17:26:32.167-0500 [DEBUG] provider.terraform-provider-aws_v4.4.0_x5.exe: setting computed for "network_interface" from ComputedKeys: timestamp=2022-03-16T17:26:32.167-0500
2022-03-16T17:26:32.167-0500 [DEBUG] provider.terraform-provider-aws_v4.4.0_x5.exe: setting computed for "enclave_options" from ComputedKeys: timestamp=2022-03-16T17:26:32.167-0500
2022-03-16T17:26:32.167-0500 [DEBUG] provider.terraform-provider-aws_v4.4.0_x5.exe: setting computed for "capacity_reservation_specification" from ComputedKeys: timestamp=2022-03-16T17:26:32.167-0500
2022-03-16T17:26:32.167-0500 [DEBUG] provider.terraform-provider-aws_v4.4.0_x5.exe: setting computed for "capacity_reservation_specification" from ComputedKeys: timestamp=2022-03-16T17:26:32.167-0500
2022-03-16T17:26:32.167-0500 [DEBUG] provider.terraform-provider-aws_v4.4.0_x5.exe: setting computed for "enclave_options" from ComputedKeys: timestamp=2022-03-16T17:26:32.167-0500
2022-03-16T17:26:32.167-0500 [DEBUG] provider.terraform-provider-aws_v4.4.0_x5.exe: setting computed for "security_groups" from ComputedKeys: timestamp=2022-03-16T17:26:32.167-0500
2022-03-16T17:26:32.167-0500 [DEBUG] provider.terraform-provider-aws_v4.4.0_x5.exe: setting computed for "security_groups" from ComputedKeys: timestamp=2022-03-16T17:26:32.167-0500
2022-03-16T17:26:32.167-0500 [DEBUG] provider.terraform-provider-aws_v4.4.0_x5.exe: setting computed for "enclave_options" from ComputedKeys: timestamp=2022-03-16T17:26:32.167-0500
2022-03-16T17:26:32.167-0500 [DEBUG] provider.terraform-provider-aws_v4.4.0_x5.exe: setting computed for "root_block_device" from ComputedKeys: timestamp=2022-03-16T17:26:32.167-0500
2022-03-16T17:26:32.167-0500 [DEBUG] provider.terraform-provider-aws_v4.4.0_x5.exe: setting computed for "network_interface" from ComputedKeys: timestamp=2022-03-16T17:26:32.167-0500
2022-03-16T17:26:32.167-0500 [DEBUG] provider.terraform-provider-aws_v4.4.0_x5.exe: setting computed for "root_block_device" from ComputedKeys: timestamp=2022-03-16T17:26:32.167-0500
2022-03-16T17:26:32.167-0500 [DEBUG] provider.terraform-provider-aws_v4.4.0_x5.exe: setting computed for "ephemeral_block_device" from ComputedKeys: timestamp=2022-03-16T17:26:32.167-0500
2022-03-16T17:26:32.167-0500 [DEBUG] provider.terraform-provider-aws_v4.4.0_x5.exe: setting computed for "network_interface" from ComputedKeys: timestamp=2022-03-16T17:26:32.167-0500
2022-03-16T17:26:32.167-0500 [DEBUG] provider.terraform-provider-aws_v4.4.0_x5.exe: setting computed for "ipv6_addresses" from ComputedKeys: timestamp=2022-03-16T17:26:32.167-0500
2022-03-16T17:26:32.167-0500 [DEBUG] provider.terraform-provider-aws_v4.4.0_x5.exe: setting computed for "vpc_security_group_ids" from ComputedKeys: timestamp=2022-03-16T17:26:32.167-0500
2022-03-16T17:26:32.167-0500 [DEBUG] provider.terraform-provider-aws_v4.4.0_x5.exe: setting computed for "metadata_options" from ComputedKeys: timestamp=2022-03-16T17:26:32.167-0500
2022-03-16T17:26:32.167-0500 [DEBUG] provider.terraform-provider-aws_v4.4.0_x5.exe: setting computed for "ipv6_addresses" from ComputedKeys: timestamp=2022-03-16T17:26:32.167-0500
2022-03-16T17:26:32.167-0500 [DEBUG] provider.terraform-provider-aws_v4.4.0_x5.exe: setting computed for "network_interface" from ComputedKeys: timestamp=2022-03-16T17:26:32.167-0500
2022-03-16T17:26:32.168-0500 [DEBUG] provider.terraform-provider-aws_v4.4.0_x5.exe: Run configuration: {
  DisableApiTermination: false,
  EbsOptimized: false,
  HibernationOptions: {
    Configured: false
  },
  IamInstanceProfile: {
    Name: ""
  },
  ImageId: "ami-0a8a24772b8f01294",
  InstanceType: "t2.micro",
  MaxCount: 1,
  MinCount: 1,
  Monitoring: {
    Enabled: false
  },
  NetworkInterfaces: [{
      DeviceIndex: 0,
      SubnetId: "subnet-055c41fce697f9cca"
    }],
  Placement: {
    AvailabilityZone: "",
    GroupName: ""
  },
  TagSpecifications: [{
      ResourceType: "instance",
      Tags: [{
          Key: "project",
          Value: "ramp-up-devops"
        },{
          Key: "responsible",
          Value: "julian.montoyag"
        },{
          Key: "Name",
          Value: "julian.montoyag.db.terraform"
        }]
    },{
      ResourceType: "volume",
      Tags: [{
          Key: "responsible",
          Value: "julian.montoyag"
        },{
          Key: "project",
          Value: "ramp-up-devops"
        }]
    }]
}: timestamp=2022-03-16T17:26:32.168-0500
2022-03-16T17:26:32.168-0500 [DEBUG] provider.terraform-provider-aws_v4.4.0_x5.exe: Run configuration: {
  DisableApiTermination: false,
  EbsOptimized: false,
  HibernationOptions: {
    Configured: false
  },
  IamInstanceProfile: {
    Name: ""
  },
  ImageId: "ami-0a8a24772b8f01294",
  InstanceType: "t2.micro",
  MaxCount: 1,
  MinCount: 1,
  Monitoring: {
    Enabled: false
  },
  NetworkInterfaces: [{
      DeviceIndex: 0,
      SubnetId: "subnet-055c41fce697f9cca"
    }],
  Placement: {
    AvailabilityZone: "",
    GroupName: ""
  },
  TagSpecifications: [{
      ResourceType: "instance",
      Tags: [{
          Key: "responsible",
          Value: "julian.montoyag"
        },{
          Key: "project",
          Value: "ramp-up-devops"
        },{
          Key: "Name",
          Value: "julian.montoyag.api.terraform"
        }]
    },{
      ResourceType: "volume",
      Tags: [{
          Key: "project",
          Value: "ramp-up-devops"
        },{
          Key: "responsible",
          Value: "julian.montoyag"
        }]
    }]
}: timestamp=2022-03-16T17:26:32.168-0500
2022-03-16T17:26:32.168-0500 [DEBUG] provider.terraform-provider-aws_v4.4.0_x5.exe: Waiting for state to become: [success]: timestamp=2022-03-16T17:26:32.168-0500
2022-03-16T17:26:32.168-0500 [DEBUG] provider.terraform-provider-aws_v4.4.0_x5.exe: Run configuration: {
  DisableApiTermination: false,
  EbsOptimized: false,
  HibernationOptions: {
    Configured: false
  },
  IamInstanceProfile: {
    Name: ""
  },
  ImageId: "ami-0a8a24772b8f01294",
  InstanceType: "t2.micro",
  MaxCount: 1,
  MinCount: 1,
  Monitoring: {
    Enabled: false
  },
  NetworkInterfaces: [{
      DeviceIndex: 0,
      SubnetId: "subnet-055c41fce697f9cca"
    }],
  Placement: {
    AvailabilityZone: "",
    GroupName: ""
  },
  TagSpecifications: [{
      ResourceType: "instance",
      Tags: [{
          Key: "responsible",
          Value: "julian.montoyag"
        },{
          Key: "project",
          Value: "ramp-up-devops"
        },{
          Key: "Name",
          Value: "julian.montoyag.ui.terraform"
        }]
    },{
      ResourceType: "volume",
      Tags: [{
          Key: "project",
          Value: "ramp-up-devops"
        },{
          Key: "responsible",
          Value: "julian.montoyag"
        }]
    }]
}: timestamp=2022-03-16T17:26:32.168-0500
2022-03-16T17:26:32.168-0500 [DEBUG] provider.terraform-provider-aws_v4.4.0_x5.exe: Waiting for state to become: [success]: timestamp=2022-03-16T17:26:32.168-0500
2022-03-16T17:26:32.168-0500 [DEBUG] provider.terraform-provider-aws_v4.4.0_x5.exe: Waiting for state to become: [success]: timestamp=2022-03-16T17:26:32.168-0500
2022-03-16T17:26:32.168-0500 [DEBUG] provider.terraform-provider-aws_v4.4.0_x5.exe: [aws-sdk-go] DEBUG: Request ec2/RunInstances Details:
---[ REQUEST POST-SIGN ]-----------------------------
POST / HTTP/1.1
Host: ec2.us-west-1.amazonaws.com
User-Agent: APN/1.0 HashiCorp/1.0 Terraform/1.1.7 (+https://www.terraform.io) terraform-provider-aws/4.4.0 (+https://registry.terraform.io/providers/hashicorp/aws) aws-sdk-go/1.43.9 (go1.17.6; windows; amd64)
Content-Length: 945
Authorization: AWS4-HMAC-SHA256 Credential=AKIA57XXQ6GYZQPYSK4X/20220316/us-west-1/ec2/aws4_request, SignedHeaders=content-length;content-type;host;x-amz-date, Signature=f6c1c2ef63ff4dc828670761cee335dbda21ec3d16a3c129b693e1c0c3a349be
Content-Type: application/x-www-form-urlencoded; charset=utf-8
X-Amz-Date: 20220316T222632Z
Accept-Encoding: gzip

Action=RunInstances&ClientToken=328512C2-3E4D-4D2B-9B8E-2AD384D83470&DisableApiTermination=false&EbsOptimized=false&HibernationOptions.Configured=false&IamInstanceProfile.Name=&ImageId=ami-0a8a24772b8f01294&InstanceType=t2.micro&MaxCount=1&MinCount=1&Monitoring.Enabled=false&NetworkInterface.1.DeviceIndex=0&NetworkInterface.1.SubnetId=subnet-055c41fce697f9cca&Placement.AvailabilityZone=&Placement.GroupName=&TagSpecification.1.ResourceType=instance&TagSpecification.1.Tag.1.Key=responsible&TagSpecification.1.Tag.1.Value=julian.montoyag&TagSpecification.1.Tag.2.Key=project&TagSpecification.1.Tag.2.Value=ramp-up-devops&TagSpecification.1.Tag.3.Key=Name&TagSpecification.1.Tag.3.Value=julian.montoyag.ui.terraform&TagSpecification.2.ResourceType=volume&TagSpecification.2.Tag.1.Key=project&TagSpecification.2.Tag.1.Value=ramp-up-devops&TagSpecification.2.Tag.2.Key=responsible&TagSpecification.2.Tag.2.Value=julian.montoyag&Version=2016-11-15
-----------------------------------------------------: timestamp=2022-03-16T17:26:32.168-0500
2022-03-16T17:26:32.168-0500 [DEBUG] provider.terraform-provider-aws_v4.4.0_x5.exe: [aws-sdk-go] DEBUG: Request ec2/RunInstances Details:
---[ REQUEST POST-SIGN ]-----------------------------
POST / HTTP/1.1
Host: ec2.us-west-1.amazonaws.com
User-Agent: APN/1.0 HashiCorp/1.0 Terraform/1.1.7 (+https://www.terraform.io) terraform-provider-aws/4.4.0 (+https://registry.terraform.io/providers/hashicorp/aws) aws-sdk-go/1.43.9 (go1.17.6; windows; amd64)
Content-Length: 946
Authorization: AWS4-HMAC-SHA256 Credential=AKIA57XXQ6GYZQPYSK4X/20220316/us-west-1/ec2/aws4_request, SignedHeaders=content-length;content-type;host;x-amz-date, Signature=b4d7fdd3fb4adf9e646199cbeca30515a078e1f7768a0c363f9e25efd73189e9
Content-Type: application/x-www-form-urlencoded; charset=utf-8
X-Amz-Date: 20220316T222632Z
Accept-Encoding: gzip

Action=RunInstances&ClientToken=1DF3D773-9F87-4D60-835E-A419B0D32470&DisableApiTermination=false&EbsOptimized=false&HibernationOptions.Configured=false&IamInstanceProfile.Name=&ImageId=ami-0a8a24772b8f01294&InstanceType=t2.micro&MaxCount=1&MinCount=1&Monitoring.Enabled=false&NetworkInterface.1.DeviceIndex=0&NetworkInterface.1.SubnetId=subnet-055c41fce697f9cca&Placement.AvailabilityZone=&Placement.GroupName=&TagSpecification.1.ResourceType=instance&TagSpecification.1.Tag.1.Key=responsible&TagSpecification.1.Tag.1.Value=julian.montoyag&TagSpecification.1.Tag.2.Key=project&TagSpecification.1.Tag.2.Value=ramp-up-devops&TagSpecification.1.Tag.3.Key=Name&TagSpecification.1.Tag.3.Value=julian.montoyag.api.terraform&TagSpecification.2.ResourceType=volume&TagSpecification.2.Tag.1.Key=project&TagSpecification.2.Tag.1.Value=ramp-up-devops&TagSpecification.2.Tag.2.Key=responsible&TagSpecification.2.Tag.2.Value=julian.montoyag&Version=2016-11-15
-----------------------------------------------------: timestamp=2022-03-16T17:26:32.168-0500
2022-03-16T17:26:32.168-0500 [DEBUG] provider.terraform-provider-aws_v4.4.0_x5.exe: [aws-sdk-go] DEBUG: Request ec2/RunInstances Details:
---[ REQUEST POST-SIGN ]-----------------------------
POST / HTTP/1.1
Host: ec2.us-west-1.amazonaws.com
User-Agent: APN/1.0 HashiCorp/1.0 Terraform/1.1.7 (+https://www.terraform.io) terraform-provider-aws/4.4.0 (+https://registry.terraform.io/providers/hashicorp/aws) aws-sdk-go/1.43.9 (go1.17.6; windows; amd64)
Content-Length: 945
Authorization: AWS4-HMAC-SHA256 Credential=AKIA57XXQ6GYZQPYSK4X/20220316/us-west-1/ec2/aws4_request, SignedHeaders=content-length;content-type;host;x-amz-date, Signature=22b10c605d41faea58150d93bd70b7ed78e706ec4b38a17ec93dac3016e19c31
Content-Type: application/x-www-form-urlencoded; charset=utf-8
X-Amz-Date: 20220316T222632Z
Accept-Encoding: gzip

Action=RunInstances&ClientToken=60E443ED-F08F-48E2-B268-72D62BDA31EF&DisableApiTermination=false&EbsOptimized=false&HibernationOptions.Configured=false&IamInstanceProfile.Name=&ImageId=ami-0a8a24772b8f01294&InstanceType=t2.micro&MaxCount=1&MinCount=1&Monitoring.Enabled=false&NetworkInterface.1.DeviceIndex=0&NetworkInterface.1.SubnetId=subnet-055c41fce697f9cca&Placement.AvailabilityZone=&Placement.GroupName=&TagSpecification.1.ResourceType=instance&TagSpecification.1.Tag.1.Key=project&TagSpecification.1.Tag.1.Value=ramp-up-devops&TagSpecification.1.Tag.2.Key=responsible&TagSpecification.1.Tag.2.Value=julian.montoyag&TagSpecification.1.Tag.3.Key=Name&TagSpecification.1.Tag.3.Value=julian.montoyag.db.terraform&TagSpecification.2.ResourceType=volume&TagSpecification.2.Tag.1.Key=responsible&TagSpecification.2.Tag.1.Value=julian.montoyag&TagSpecification.2.Tag.2.Key=project&TagSpecification.2.Tag.2.Value=ramp-up-devops&Version=2016-11-15
-----------------------------------------------------: timestamp=2022-03-16T17:26:32.168-0500
2022-03-16T17:26:33.474-0500 [DEBUG] provider.terraform-provider-aws_v4.4.0_x5.exe: [aws-sdk-go] DEBUG: Response ec2/RunInstances Details:
---[ RESPONSE ]--------------------------------------
HTTP/1.1 200 OK
Transfer-Encoding: chunked
Cache-Control: no-cache, no-store
Content-Type: text/xml;charset=UTF-8
Date: Wed, 16 Mar 2022 22:26:37 GMT
Server: AmazonEC2
Strict-Transport-Security: max-age=31536000; includeSubDomains
Vary: accept-encoding
X-Amzn-Requestid: c5a041f8-3294-4ba1-a607-a374b5e1c0c7


-----------------------------------------------------: timestamp=2022-03-16T17:26:33.474-0500
2022-03-16T17:26:33.475-0500 [DEBUG] provider.terraform-provider-aws_v4.4.0_x5.exe: [aws-sdk-go] <?xml version="1.0" encoding="UTF-8"?>
<RunInstancesResponse xmlns="http://ec2.amazonaws.com/doc/2016-11-15/">
    <requestId>c5a041f8-3294-4ba1-a607-a374b5e1c0c7</requestId>
    <reservationId>r-07fdf57eaeb757123</reservationId>
    <ownerId>961518039473</ownerId>
    <groupSet/>
    <instancesSet>
        <item>
            <instanceId>i-062c73843ebac7629</instanceId>
            <imageId>ami-0a8a24772b8f01294</imageId>
            <instanceState>
                <code>0</code>
                <name>pending</name>
            </instanceState>
            <privateDnsName>ip-10-1-15-15.us-west-1.compute.internal</privateDnsName>
            <dnsName></dnsName>
            <reason></reason>
            <amiLaunchIndex>0</amiLaunchIndex>
            <productCodes/>
            <instanceType>t2.micro</instanceType>
            <launchTime>2022-03-16T22:26:37.000Z</launchTime>
            <placement>
                <availabilityZone>us-west-1c</availabilityZone>
                <groupName></groupName>
                <groupId></groupId>
                <tenancy>default</tenancy>
            </placement>
            <monitoring>
                <state>disabled</state>
            </monitoring>
            <subnetId>subnet-055c41fce697f9cca</subnetId>
            <vpcId>vpc-0d2831659ef89870c</vpcId>
            <privateIpAddress>10.1.15.15</privateIpAddress>
            <sourceDestCheck>true</sourceDestCheck>
            <groupSet>
                <item>
                    <groupId>sg-0895ed0b2b96698f6</groupId>
                    <groupName>default</groupName>
                </item>
            </groupSet>
            <stateReason>
                <code>pending</code>
                <message>pending</message>
            </stateReason>
            <architecture>x86_64</architecture>
            <rootDeviceType>ebs</rootDeviceType>
            <rootDeviceName>/dev/xvda</rootDeviceName>
            <blockDeviceMapping/>
            <virtualizationType>hvm</virtualizationType>
            <clientToken>328512C2-3E4D-4D2B-9B8E-2AD384D83470</clientToken>
            <tagSet>
                <item>
                    <key>project</key>
                    <value>ramp-up-devops</value>
                </item>
                <item>
                    <key>Name</key>
                    <value>julian.montoyag.ui.terraform</value>
                </item>
                <item>
                    <key>responsible</key>
                    <value>julian.montoyag</value>
                </item>
            </tagSet>
            <hypervisor>xen</hypervisor>
            <networkInterfaceSet>
                <item>
                    <networkInterfaceId>eni-0e117dbeb0cae1904</networkInterfaceId>
                    <subnetId>subnet-055c41fce697f9cca</subnetId>
                    <vpcId>vpc-0d2831659ef89870c</vpcId>
                    <description></description>
                    <ownerId>961518039473</ownerId>
                    <status>in-use</status>
                    <macAddress>06:3c:b6:b9:07:9f</macAddress>
                    <privateIpAddress>10.1.15.15</privateIpAddress>
                    <privateDnsName>ip-10-1-15-15.us-west-1.compute.internal</privateDnsName>
                    <sourceDestCheck>true</sourceDestCheck>
                    <groupSet>
                        <item>
                            <groupId>sg-0895ed0b2b96698f6</groupId>
                            <groupName>default</groupName>
                        </item>
                    </groupSet>
                    <attachment>
                        <attachmentId>eni-attach-037194ded83596fd8</attachmentId>
                        <deviceIndex>0</deviceIndex>
                        <status>attaching</status>
                        <attachTime>2022-03-16T22:26:37.000Z</attachTime>
                        <deleteOnTermination>true</deleteOnTermination>
                        <networkCardIndex>0</networkCardIndex>
                    </attachment>
                    <privateIpAddressesSet>
                        <item>
                            <privateIpAddress>10.1.15.15</privateIpAddress>
                            <privateDnsName>ip-10-1-15-15.us-west-1.compute.internal</privateDnsName>
                            <primary>true</primary>
                        </item>
                    </privateIpAddressesSet>
                    <ipv6AddressesSet/>
                    <interfaceType>interface</interfaceType>
                </item>
            </networkInterfaceSet>
            <ebsOptimized>false</ebsOptimized>
            <enaSupport>true</enaSupport>
            <cpuOptions>
                <coreCount>1</coreCount>
                <threadsPerCore>1</threadsPerCore>
            </cpuOptions>
            <capacityReservationSpecification>
                <capacityReservationPreference>open</capacityReservationPreference>
            </capacityReservationSpecification>
            <hibernationOptions>
                <configured>false</configured>
            </hibernationOptions>
            <enclaveOptions>
                <enabled>false</enabled>
            </enclaveOptions>
            <metadataOptions>
                <state>pending</state>
                <httpTokens>optional</httpTokens>
                <httpPutResponseHopLimit>1</httpPutResponseHopLimit>
                <httpEndpoint>enabled</httpEndpoint>
                <httpProtocolIpv4>enabled</httpProtocolIpv4>
                <httpProtocolIpv6>disabled</httpProtocolIpv6>
                <instanceMetadataTags>disabled</instanceMetadataTags>
            </metadataOptions>
            <privateDnsNameOptions>
                <hostnameType>ip-name</hostnameType>
                <enableResourceNameDnsARecord>false</enableResourceNameDnsARecord>
                <enableResourceNameDnsAAAARecord>false</enableResourceNameDnsAAAARecord>
            </privateDnsNameOptions>
        </item>
    </instancesSet>
</RunInstancesResponse>: timestamp=2022-03-16T17:26:33.474-0500
2022-03-16T17:26:33.475-0500 [INFO]  provider.terraform-provider-aws_v4.4.0_x5.exe: Instance ID: i-062c73843ebac7629: timestamp=2022-03-16T17:26:33.475-0500
2022-03-16T17:26:33.475-0500 [DEBUG] provider.terraform-provider-aws_v4.4.0_x5.exe: Waiting for instance (i-062c73843ebac7629) to become running: timestamp=2022-03-16T17:26:33.475-0500
2022-03-16T17:26:33.475-0500 [DEBUG] provider.terraform-provider-aws_v4.4.0_x5.exe: Waiting for state to become: [running]: timestamp=2022-03-16T17:26:33.475-0500
2022-03-16T17:26:33.847-0500 [DEBUG] provider.terraform-provider-aws_v4.4.0_x5.exe: [aws-sdk-go] DEBUG: Response ec2/RunInstances Details:
---[ RESPONSE ]--------------------------------------
HTTP/1.1 200 OK
Transfer-Encoding: chunked
Cache-Control: no-cache, no-store
Content-Type: text/xml;charset=UTF-8
Date: Wed, 16 Mar 2022 22:26:37 GMT
Server: AmazonEC2
Strict-Transport-Security: max-age=31536000; includeSubDomains
Vary: accept-encoding
X-Amzn-Requestid: 6f7ad38c-1a0c-4815-9bea-502d491f681e


-----------------------------------------------------: timestamp=2022-03-16T17:26:33.847-0500
2022-03-16T17:26:33.847-0500 [DEBUG] provider.terraform-provider-aws_v4.4.0_x5.exe: [aws-sdk-go] <?xml version="1.0" encoding="UTF-8"?>
<RunInstancesResponse xmlns="http://ec2.amazonaws.com/doc/2016-11-15/">
    <requestId>6f7ad38c-1a0c-4815-9bea-502d491f681e</requestId>
    <reservationId>r-021c345f08c6230b2</reservationId>
    <ownerId>961518039473</ownerId>
    <groupSet/>
    <instancesSet>
        <item>
            <instanceId>i-0c9bd8e7e027c4788</instanceId>
            <imageId>ami-0a8a24772b8f01294</imageId>
            <instanceState>
                <code>0</code>
                <name>pending</name>
            </instanceState>
            <privateDnsName>ip-10-1-12-108.us-west-1.compute.internal</privateDnsName>
            <dnsName></dnsName>
            <reason></reason>
            <amiLaunchIndex>0</amiLaunchIndex>
            <productCodes/>
            <instanceType>t2.micro</instanceType>
            <launchTime>2022-03-16T22:26:37.000Z</launchTime>
            <placement>
                <availabilityZone>us-west-1c</availabilityZone>
                <groupName></groupName>
                <groupId></groupId>
                <tenancy>default</tenancy>
            </placement>
            <monitoring>
                <state>disabled</state>
            </monitoring>
            <subnetId>subnet-055c41fce697f9cca</subnetId>
            <vpcId>vpc-0d2831659ef89870c</vpcId>
            <privateIpAddress>10.1.12.108</privateIpAddress>
            <sourceDestCheck>true</sourceDestCheck>
            <groupSet>
                <item>
                    <groupId>sg-0895ed0b2b96698f6</groupId>
                    <groupName>default</groupName>
                </item>
            </groupSet>
            <stateReason>
                <code>pending</code>
                <message>pending</message>
            </stateReason>
            <architecture>x86_64</architecture>
            <rootDeviceType>ebs</rootDeviceType>
            <rootDeviceName>/dev/xvda</rootDeviceName>
            <blockDeviceMapping/>
            <virtualizationType>hvm</virtualizationType>
            <clientToken>1DF3D773-9F87-4D60-835E-A419B0D32470</clientToken>
            <tagSet>
                <item>
                    <key>Name</key>
                    <value>julian.montoyag.api.terraform</value>
                </item>
                <item>
                    <key>responsible</key>
                    <value>julian.montoyag</value>
                </item>
                <item>
                    <key>project</key>
                    <value>ramp-up-devops</value>
                </item>
            </tagSet>
            <hypervisor>xen</hypervisor>
            <networkInterfaceSet>
                <item>
                    <networkInterfaceId>eni-051a11fcb30501cb9</networkInterfaceId>
                    <subnetId>subnet-055c41fce697f9cca</subnetId>
                    <vpcId>vpc-0d2831659ef89870c</vpcId>
                    <description></description>
                    <ownerId>961518039473</ownerId>
                    <status>in-use</status>
                    <macAddress>06:a6:a5:d7:d2:83</macAddress>
                    <privateIpAddress>10.1.12.108</privateIpAddress>
                    <privateDnsName>ip-10-1-12-108.us-west-1.compute.internal</privateDnsName>
                    <sourceDestCheck>true</sourceDestCheck>
                    <groupSet>
                        <item>
                            <groupId>sg-0895ed0b2b96698f6</groupId>
                            <groupName>default</groupName>
                        </item>
                    </groupSet>
                    <attachment>
                        <attachmentId>eni-attach-03e5029218b18c610</attachmentId>
                        <deviceIndex>0</deviceIndex>
                        <status>attaching</status>
                        <attachTime>2022-03-16T22:26:37.000Z</attachTime>
                        <deleteOnTermination>true</deleteOnTermination>
                        <networkCardIndex>0</networkCardIndex>
                    </attachment>
                    <privateIpAddressesSet>
                        <item>
                            <privateIpAddress>10.1.12.108</privateIpAddress>
                            <privateDnsName>ip-10-1-12-108.us-west-1.compute.internal</privateDnsName>
                            <primary>true</primary>
                        </item>
                    </privateIpAddressesSet>
                    <ipv6AddressesSet/>
                    <interfaceType>interface</interfaceType>
                </item>
            </networkInterfaceSet>
            <ebsOptimized>false</ebsOptimized>
            <enaSupport>true</enaSupport>
            <cpuOptions>
                <coreCount>1</coreCount>
                <threadsPerCore>1</threadsPerCore>
            </cpuOptions>
            <capacityReservationSpecification>
                <capacityReservationPreference>open</capacityReservationPreference>
            </capacityReservationSpecification>
            <hibernationOptions>
                <configured>false</configured>
            </hibernationOptions>
            <enclaveOptions>
                <enabled>false</enabled>
            </enclaveOptions>
            <metadataOptions>
                <state>pending</state>
                <httpTokens>optional</httpTokens>
                <httpPutResponseHopLimit>1</httpPutResponseHopLimit>
                <httpEndpoint>enabled</httpEndpoint>
                <httpProtocolIpv4>enabled</httpProtocolIpv4>
                <httpProtocolIpv6>disabled</httpProtocolIpv6>
                <instanceMetadataTags>disabled</instanceMetadataTags>
            </metadataOptions>
            <privateDnsNameOptions>
                <hostnameType>ip-name</hostnameType>
                <enableResourceNameDnsARecord>false</enableResourceNameDnsARecord>
                <enableResourceNameDnsAAAARecord>false</enableResourceNameDnsAAAARecord>
            </privateDnsNameOptions>
        </item>
    </instancesSet>
</RunInstancesResponse>: timestamp=2022-03-16T17:26:33.847-0500
2022-03-16T17:26:33.847-0500 [INFO]  provider.terraform-provider-aws_v4.4.0_x5.exe: Instance ID: i-0c9bd8e7e027c4788: timestamp=2022-03-16T17:26:33.847-0500
2022-03-16T17:26:33.847-0500 [DEBUG] provider.terraform-provider-aws_v4.4.0_x5.exe: Waiting for instance (i-0c9bd8e7e027c4788) to become running: timestamp=2022-03-16T17:26:33.847-0500
2022-03-16T17:26:33.847-0500 [DEBUG] provider.terraform-provider-aws_v4.4.0_x5.exe: Waiting for state to become: [running]: timestamp=2022-03-16T17:26:33.847-0500
2022-03-16T17:26:33.850-0500 [DEBUG] provider.terraform-provider-aws_v4.4.0_x5.exe: [aws-sdk-go] DEBUG: Response ec2/RunInstances Details:
---[ RESPONSE ]--------------------------------------
HTTP/1.1 200 OK
Transfer-Encoding: chunked
Cache-Control: no-cache, no-store
Content-Type: text/xml;charset=UTF-8
Date: Wed, 16 Mar 2022 22:26:37 GMT
Server: AmazonEC2
Strict-Transport-Security: max-age=31536000; includeSubDomains
Vary: accept-encoding
X-Amzn-Requestid: bb471c6d-c37f-46ef-83ef-5edc2e8eba29


-----------------------------------------------------: timestamp=2022-03-16T17:26:33.850-0500
2022-03-16T17:26:33.850-0500 [DEBUG] provider.terraform-provider-aws_v4.4.0_x5.exe: [aws-sdk-go] <?xml version="1.0" encoding="UTF-8"?>
<RunInstancesResponse xmlns="http://ec2.amazonaws.com/doc/2016-11-15/">
    <requestId>bb471c6d-c37f-46ef-83ef-5edc2e8eba29</requestId>
    <reservationId>r-095972d063f6746f2</reservationId>
    <ownerId>961518039473</ownerId>
    <groupSet/>
    <instancesSet>
        <item>
            <instanceId>i-0febe7a22f77a5080</instanceId>
            <imageId>ami-0a8a24772b8f01294</imageId>
            <instanceState>
                <code>0</code>
                <name>pending</name>
            </instanceState>
            <privateDnsName>ip-10-1-9-102.us-west-1.compute.internal</privateDnsName>
            <dnsName></dnsName>
            <reason></reason>
            <amiLaunchIndex>0</amiLaunchIndex>
            <productCodes/>
            <instanceType>t2.micro</instanceType>
            <launchTime>2022-03-16T22:26:37.000Z</launchTime>
            <placement>
                <availabilityZone>us-west-1c</availabilityZone>
                <groupName></groupName>
                <groupId></groupId>
                <tenancy>default</tenancy>
            </placement>
            <monitoring>
                <state>disabled</state>
            </monitoring>
            <subnetId>subnet-055c41fce697f9cca</subnetId>
            <vpcId>vpc-0d2831659ef89870c</vpcId>
            <privateIpAddress>10.1.9.102</privateIpAddress>
            <sourceDestCheck>true</sourceDestCheck>
            <groupSet>
                <item>
                    <groupId>sg-0895ed0b2b96698f6</groupId>
                    <groupName>default</groupName>
                </item>
            </groupSet>
            <stateReason>
                <code>pending</code>
                <message>pending</message>
            </stateReason>
            <architecture>x86_64</architecture>
            <rootDeviceType>ebs</rootDeviceType>
            <rootDeviceName>/dev/xvda</rootDeviceName>
            <blockDeviceMapping/>
            <virtualizationType>hvm</virtualizationType>
            <clientToken>60E443ED-F08F-48E2-B268-72D62BDA31EF</clientToken>
            <tagSet>
                <item>
                    <key>Name</key>
                    <value>julian.montoyag.db.terraform</value>
                </item>
                <item>
                    <key>responsible</key>
                    <value>julian.montoyag</value>
                </item>
                <item>
                    <key>project</key>
                    <value>ramp-up-devops</value>
                </item>
            </tagSet>
            <hypervisor>xen</hypervisor>
            <networkInterfaceSet>
                <item>
                    <networkInterfaceId>eni-0df9076e0c3ff234f</networkInterfaceId>
                    <subnetId>subnet-055c41fce697f9cca</subnetId>
                    <vpcId>vpc-0d2831659ef89870c</vpcId>
                    <description></description>
                    <ownerId>961518039473</ownerId>
                    <status>in-use</status>
                    <macAddress>06:53:50:9f:33:af</macAddress>
                    <privateIpAddress>10.1.9.102</privateIpAddress>
                    <privateDnsName>ip-10-1-9-102.us-west-1.compute.internal</privateDnsName>
                    <sourceDestCheck>true</sourceDestCheck>
                    <groupSet>
                        <item>
                            <groupId>sg-0895ed0b2b96698f6</groupId>
                            <groupName>default</groupName>
                        </item>
                    </groupSet>
                    <attachment>
                        <attachmentId>eni-attach-01a873c3af780b3e7</attachmentId>
                        <deviceIndex>0</deviceIndex>
                        <status>attaching</status>
                        <attachTime>2022-03-16T22:26:37.000Z</attachTime>
                        <deleteOnTermination>true</deleteOnTermination>
                        <networkCardIndex>0</networkCardIndex>
                    </attachment>
                    <privateIpAddressesSet>
                        <item>
                            <privateIpAddress>10.1.9.102</privateIpAddress>
                            <privateDnsName>ip-10-1-9-102.us-west-1.compute.internal</privateDnsName>
                            <primary>true</primary>
                        </item>
                    </privateIpAddressesSet>
                    <ipv6AddressesSet/>
                    <interfaceType>interface</interfaceType>
                </item>
            </networkInterfaceSet>
            <ebsOptimized>false</ebsOptimized>
            <enaSupport>true</enaSupport>
            <cpuOptions>
                <coreCount>1</coreCount>
                <threadsPerCore>1</threadsPerCore>
            </cpuOptions>
            <capacityReservationSpecification>
                <capacityReservationPreference>open</capacityReservationPreference>
            </capacityReservationSpecification>
            <hibernationOptions>
                <configured>false</configured>
            </hibernationOptions>
            <enclaveOptions>
                <enabled>false</enabled>
            </enclaveOptions>
            <metadataOptions>
                <state>pending</state>
                <httpTokens>optional</httpTokens>
                <httpPutResponseHopLimit>1</httpPutResponseHopLimit>
                <httpEndpoint>enabled</httpEndpoint>
                <httpProtocolIpv4>enabled</httpProtocolIpv4>
                <httpProtocolIpv6>disabled</httpProtocolIpv6>
                <instanceMetadataTags>disabled</instanceMetadataTags>
            </metadataOptions>
            <privateDnsNameOptions>
                <hostnameType>ip-name</hostnameType>
                <enableResourceNameDnsARecord>false</enableResourceNameDnsARecord>
                <enableResourceNameDnsAAAARecord>false</enableResourceNameDnsAAAARecord>
            </privateDnsNameOptions>
        </item>
    </instancesSet>
</RunInstancesResponse>: timestamp=2022-03-16T17:26:33.850-0500
2022-03-16T17:26:33.850-0500 [INFO]  provider.terraform-provider-aws_v4.4.0_x5.exe: Instance ID: i-0febe7a22f77a5080: timestamp=2022-03-16T17:26:33.850-0500
2022-03-16T17:26:33.850-0500 [DEBUG] provider.terraform-provider-aws_v4.4.0_x5.exe: Waiting for instance (i-0febe7a22f77a5080) to become running: timestamp=2022-03-16T17:26:33.850-0500
2022-03-16T17:26:33.850-0500 [DEBUG] provider.terraform-provider-aws_v4.4.0_x5.exe: Waiting for state to become: [running]: timestamp=2022-03-16T17:26:33.850-0500
module.instances.aws_instance.instance_terraform[2]: Still creating... [10s elapsed]
module.instances.aws_instance.instance_terraform[1]: Still creating... [10s elapsed]
module.instances.aws_instance.instance_terraform[0]: Still creating... [10s elapsed]
2022-03-16T17:26:43.489-0500 [DEBUG] provider.terraform-provider-aws_v4.4.0_x5.exe: [aws-sdk-go] DEBUG: Request ec2/DescribeInstances Details:
---[ REQUEST POST-SIGN ]-----------------------------
POST / HTTP/1.1
Host: ec2.us-west-1.amazonaws.com
User-Agent: APN/1.0 HashiCorp/1.0 Terraform/1.1.7 (+https://www.terraform.io) terraform-provider-aws/4.4.0 (+https://registry.terraform.io/providers/hashicorp/aws) aws-sdk-go/1.43.9 (go1.17.6; windows; amd64)
Content-Length: 76
Authorization: AWS4-HMAC-SHA256 Credential=AKIA57XXQ6GYZQPYSK4X/20220316/us-west-1/ec2/aws4_request, SignedHeaders=content-length;content-type;host;x-amz-date, Signature=86d7ea90c170fab52a22085217c8418c41469a1aee30a42ebd789b8fb05f754f
Content-Type: application/x-www-form-urlencoded; charset=utf-8
X-Amz-Date: 20220316T222643Z
Accept-Encoding: gzip

Action=DescribeInstances&InstanceId.1=i-062c73843ebac7629&Version=2016-11-15
-----------------------------------------------------: timestamp=2022-03-16T17:26:43.489-0500
2022-03-16T17:26:43.779-0500 [DEBUG] provider.terraform-provider-aws_v4.4.0_x5.exe: [aws-sdk-go] DEBUG: Response ec2/DescribeInstances Details:
---[ RESPONSE ]--------------------------------------
HTTP/1.1 200 OK
Transfer-Encoding: chunked
Cache-Control: no-cache, no-store
Content-Type: text/xml;charset=UTF-8
Date: Wed, 16 Mar 2022 22:26:47 GMT
Server: AmazonEC2
Strict-Transport-Security: max-age=31536000; includeSubDomains
Vary: accept-encoding
X-Amzn-Requestid: b6eb920f-41b6-4b1a-8226-3a33ff2f0304


-----------------------------------------------------: timestamp=2022-03-16T17:26:43.779-0500
2022-03-16T17:26:43.779-0500 [DEBUG] provider.terraform-provider-aws_v4.4.0_x5.exe: [aws-sdk-go] <?xml version="1.0" encoding="UTF-8"?>
<DescribeInstancesResponse xmlns="http://ec2.amazonaws.com/doc/2016-11-15/">
    <requestId>b6eb920f-41b6-4b1a-8226-3a33ff2f0304</requestId>
    <reservationSet>
        <item>
            <reservationId>r-07fdf57eaeb757123</reservationId>
            <ownerId>961518039473</ownerId>
            <groupSet/>
            <instancesSet>
                <item>
                    <instanceId>i-062c73843ebac7629</instanceId>
                    <imageId>ami-0a8a24772b8f01294</imageId>
                    <instanceState>
                        <code>0</code>
                        <name>pending</name>
                    </instanceState>
                    <privateDnsName>ip-10-1-15-15.us-west-1.compute.internal</privateDnsName>
                    <dnsName>ec2-52-53-160-167.us-west-1.compute.amazonaws.com</dnsName>
                    <reason/>
                    <amiLaunchIndex>0</amiLaunchIndex>
                    <productCodes/>
                    <instanceType>t2.micro</instanceType>
                    <launchTime>2022-03-16T22:26:37.000Z</launchTime>
                    <placement>
                        <availabilityZone>us-west-1c</availabilityZone>
                        <groupName/>
                        <groupId/>
                        <tenancy>default</tenancy>
                    </placement>
                    <monitoring>
                        <state>disabled</state>
                    </monitoring>
                    <subnetId>subnet-055c41fce697f9cca</subnetId>
                    <vpcId>vpc-0d2831659ef89870c</vpcId>
                    <privateIpAddress>10.1.15.15</privateIpAddress>
                    <ipAddress>52.53.160.167</ipAddress>
                    <sourceDestCheck>true</sourceDestCheck>
                    <groupSet>
                        <item>
                            <groupId>sg-0895ed0b2b96698f6</groupId>
                            <groupName>default</groupName>
                        </item>
                    </groupSet>
                    <architecture>x86_64</architecture>
                    <rootDeviceType>ebs</rootDeviceType>
                    <rootDeviceName>/dev/xvda</rootDeviceName>
                    <blockDeviceMapping>
                        <item>
                            <deviceName>/dev/xvda</deviceName>
                            <ebs>
                                <volumeId>vol-0e756124015cedbed</volumeId>
                                <status>attaching</status>
                                <attachTime>2022-03-16T22:26:38.000Z</attachTime>
                                <deleteOnTermination>true</deleteOnTermination>
                            </ebs>
                        </item>
                    </blockDeviceMapping>
                    <virtualizationType>hvm</virtualizationType>
                    <clientToken>328512C2-3E4D-4D2B-9B8E-2AD384D83470</clientToken>
                    <tagSet>
                        <item>
                            <key>project</key>
                            <value>ramp-up-devops</value>
                        </item>
                        <item>
                            <key>Name</key>
                            <value>julian.montoyag.ui.terraform</value>
                        </item>
                        <item>
                            <key>responsible</key>
                            <value>julian.montoyag</value>
                        </item>
                    </tagSet>
                    <hypervisor>xen</hypervisor>
                    <networkInterfaceSet>
                        <item>
                            <networkInterfaceId>eni-0e117dbeb0cae1904</networkInterfaceId>
                            <subnetId>subnet-055c41fce697f9cca</subnetId>
                            <vpcId>vpc-0d2831659ef89870c</vpcId>
                            <description/>
                            <ownerId>961518039473</ownerId>
                            <status>in-use</status>
                            <macAddress>06:3c:b6:b9:07:9f</macAddress>
                            <privateIpAddress>10.1.15.15</privateIpAddress>
                            <privateDnsName>ip-10-1-15-15.us-west-1.compute.internal</privateDnsName>
                            <sourceDestCheck>true</sourceDestCheck>
                            <groupSet>
                                <item>
                                    <groupId>sg-0895ed0b2b96698f6</groupId>
                                    <groupName>default</groupName>
                                </item>
                            </groupSet>
                            <attachment>
                                <attachmentId>eni-attach-037194ded83596fd8</attachmentId>
                                <deviceIndex>0</deviceIndex>
                                <status>attaching</status>
                                <attachTime>2022-03-16T22:26:37.000Z</attachTime>
                                <deleteOnTermination>true</deleteOnTermination>
                                <networkCardIndex>0</networkCardIndex>
                            </attachment>
                            <association>
                                <publicIp>52.53.160.167</publicIp>
                                <publicDnsName>ec2-52-53-160-167.us-west-1.compute.amazonaws.com</publicDnsName>
                                <ipOwnerId>amazon</ipOwnerId>
                            </association>
                            <privateIpAddressesSet>
                                <item>
                                    <privateIpAddress>10.1.15.15</privateIpAddress>
                                    <privateDnsName>ip-10-1-15-15.us-west-1.compute.internal</privateDnsName>
                                    <primary>true</primary>
                                    <association>
                                    <publicIp>52.53.160.167</publicIp>
                                    <publicDnsName>ec2-52-53-160-167.us-west-1.compute.amazonaws.com</publicDnsName>
                                    <ipOwnerId>amazon</ipOwnerId>
                                    </association>
                                </item>
                            </privateIpAddressesSet>
                            <ipv6AddressesSet/>
                            <interfaceType>interface</interfaceType>
                        </item>
                    </networkInterfaceSet>
                    <ebsOptimized>false</ebsOptimized>
                    <enaSupport>true</enaSupport>
                    <cpuOptions>
                        <coreCount>1</coreCount>
                        <threadsPerCore>1</threadsPerCore>
                    </cpuOptions>
                    <capacityReservationSpecification>
                        <capacityReservationPreference>open</capacityReservationPreference>
                    </capacityReservationSpecification>
                    <hibernationOptions>
                        <configured>false</configured>
                    </hibernationOptions>
                    <enclaveOptions>
                        <enabled>false</enabled>
                    </enclaveOptions>
                    <metadataOptions>
                        <state>pending</state>
                        <httpTokens>optional</httpTokens>
                        <httpPutResponseHopLimit>1</httpPutResponseHopLimit>
                        <httpEndpoint>enabled</httpEndpoint>
                        <httpProtocolIpv4>enabled</httpProtocolIpv4>
                        <httpProtocolIpv6>disabled</httpProtocolIpv6>
                        <instanceMetadataTags>disabled</instanceMetadataTags>
                    </metadataOptions>
                    <platformDetails>Linux/UNIX</platformDetails>
                    <usageOperation>RunInstances</usageOperation>
                    <usageOperationUpdateTime>2022-03-16T22:26:37.000Z</usageOperationUpdateTime>
                    <privateDnsNameOptions>
                        <hostnameType>ip-name</hostnameType>
                        <enableResourceNameDnsARecord>false</enableResourceNameDnsARecord>
                        <enableResourceNameDnsAAAARecord>false</enableResourceNameDnsAAAARecord>
                    </privateDnsNameOptions>
                </item>
            </instancesSet>
        </item>
    </reservationSet>
</DescribeInstancesResponse>: timestamp=2022-03-16T17:26:43.779-0500
2022-03-16T17:26:43.860-0500 [DEBUG] provider.terraform-provider-aws_v4.4.0_x5.exe: [aws-sdk-go] DEBUG: Request ec2/DescribeInstances Details:
---[ REQUEST POST-SIGN ]-----------------------------
POST / HTTP/1.1
Host: ec2.us-west-1.amazonaws.com
User-Agent: APN/1.0 HashiCorp/1.0 Terraform/1.1.7 (+https://www.terraform.io) terraform-provider-aws/4.4.0 (+https://registry.terraform.io/providers/hashicorp/aws) aws-sdk-go/1.43.9 (go1.17.6; windows; amd64)
Content-Length: 76
Authorization: AWS4-HMAC-SHA256 Credential=AKIA57XXQ6GYZQPYSK4X/20220316/us-west-1/ec2/aws4_request, SignedHeaders=content-length;content-type;host;x-amz-date, Signature=4a5ea4661b5d86bf5404894f0d7062df4a3ecf0b8f884055fa3583d7eadf6f65
Content-Type: application/x-www-form-urlencoded; charset=utf-8
X-Amz-Date: 20220316T222643Z
Accept-Encoding: gzip

Action=DescribeInstances&InstanceId.1=i-0c9bd8e7e027c4788&Version=2016-11-15
-----------------------------------------------------: timestamp=2022-03-16T17:26:43.860-0500
2022-03-16T17:26:43.860-0500 [DEBUG] provider.terraform-provider-aws_v4.4.0_x5.exe: [aws-sdk-go] DEBUG: Request ec2/DescribeInstances Details:
---[ REQUEST POST-SIGN ]-----------------------------
POST / HTTP/1.1
Host: ec2.us-west-1.amazonaws.com
User-Agent: APN/1.0 HashiCorp/1.0 Terraform/1.1.7 (+https://www.terraform.io) terraform-provider-aws/4.4.0 (+https://registry.terraform.io/providers/hashicorp/aws) aws-sdk-go/1.43.9 (go1.17.6; windows; amd64)
Content-Length: 76
Authorization: AWS4-HMAC-SHA256 Credential=AKIA57XXQ6GYZQPYSK4X/20220316/us-west-1/ec2/aws4_request, SignedHeaders=content-length;content-type;host;x-amz-date, Signature=8063df9638de03ebaba9452c39ffdef9174b62832b6de2273c5e76a39bf7807d
Content-Type: application/x-www-form-urlencoded; charset=utf-8
X-Amz-Date: 20220316T222643Z
Accept-Encoding: gzip

Action=DescribeInstances&InstanceId.1=i-0febe7a22f77a5080&Version=2016-11-15
-----------------------------------------------------: timestamp=2022-03-16T17:26:43.860-0500
2022-03-16T17:26:44.108-0500 [DEBUG] provider.terraform-provider-aws_v4.4.0_x5.exe: [aws-sdk-go] DEBUG: Response ec2/DescribeInstances Details:
---[ RESPONSE ]--------------------------------------
HTTP/1.1 200 OK
Transfer-Encoding: chunked
Cache-Control: no-cache, no-store
Content-Type: text/xml;charset=UTF-8
Date: Wed, 16 Mar 2022 22:26:47 GMT
Server: AmazonEC2
Strict-Transport-Security: max-age=31536000; includeSubDomains
Vary: accept-encoding
X-Amzn-Requestid: 1be8372a-13b4-4887-a1eb-f5155b91b452


-----------------------------------------------------: timestamp=2022-03-16T17:26:44.108-0500
2022-03-16T17:26:44.108-0500 [DEBUG] provider.terraform-provider-aws_v4.4.0_x5.exe: [aws-sdk-go] <?xml version="1.0" encoding="UTF-8"?>
<DescribeInstancesResponse xmlns="http://ec2.amazonaws.com/doc/2016-11-15/">
    <requestId>1be8372a-13b4-4887-a1eb-f5155b91b452</requestId>
    <reservationSet>
        <item>
            <reservationId>r-095972d063f6746f2</reservationId>
            <ownerId>961518039473</ownerId>
            <groupSet/>
            <instancesSet>
                <item>
                    <instanceId>i-0febe7a22f77a5080</instanceId>
                    <imageId>ami-0a8a24772b8f01294</imageId>
                    <instanceState>
                        <code>0</code>
                        <name>pending</name>
                    </instanceState>
                    <privateDnsName>ip-10-1-9-102.us-west-1.compute.internal</privateDnsName>
                    <dnsName>ec2-54-176-37-249.us-west-1.compute.amazonaws.com</dnsName>
                    <reason/>
                    <amiLaunchIndex>0</amiLaunchIndex>
                    <productCodes/>
                    <instanceType>t2.micro</instanceType>
                    <launchTime>2022-03-16T22:26:37.000Z</launchTime>
                    <placement>
                        <availabilityZone>us-west-1c</availabilityZone>
                        <groupName/>
                        <groupId/>
                        <tenancy>default</tenancy>
                    </placement>
                    <monitoring>
                        <state>disabled</state>
                    </monitoring>
                    <subnetId>subnet-055c41fce697f9cca</subnetId>
                    <vpcId>vpc-0d2831659ef89870c</vpcId>
                    <privateIpAddress>10.1.9.102</privateIpAddress>
                    <ipAddress>54.176.37.249</ipAddress>
                    <sourceDestCheck>true</sourceDestCheck>
                    <groupSet>
                        <item>
                            <groupId>sg-0895ed0b2b96698f6</groupId>
                            <groupName>default</groupName>
                        </item>
                    </groupSet>
                    <architecture>x86_64</architecture>
                    <rootDeviceType>ebs</rootDeviceType>
                    <rootDeviceName>/dev/xvda</rootDeviceName>
                    <blockDeviceMapping>
                        <item>
                            <deviceName>/dev/xvda</deviceName>
                            <ebs>
                                <volumeId>vol-0b692774675e6c8fe</volumeId>
                                <status>attaching</status>
                                <attachTime>2022-03-16T22:26:38.000Z</attachTime>
                                <deleteOnTermination>true</deleteOnTermination>
                            </ebs>
                        </item>
                    </blockDeviceMapping>
                    <virtualizationType>hvm</virtualizationType>
                    <clientToken>60E443ED-F08F-48E2-B268-72D62BDA31EF</clientToken>
                    <tagSet>
                        <item>
                            <key>Name</key>
                            <value>julian.montoyag.db.terraform</value>
                        </item>
                        <item>
                            <key>responsible</key>
                            <value>julian.montoyag</value>
                        </item>
                        <item>
                            <key>project</key>
                            <value>ramp-up-devops</value>
                        </item>
                    </tagSet>
                    <hypervisor>xen</hypervisor>
                    <networkInterfaceSet>
                        <item>
                            <networkInterfaceId>eni-0df9076e0c3ff234f</networkInterfaceId>
                            <subnetId>subnet-055c41fce697f9cca</subnetId>
                            <vpcId>vpc-0d2831659ef89870c</vpcId>
                            <description/>
                            <ownerId>961518039473</ownerId>
                            <status>in-use</status>
                            <macAddress>06:53:50:9f:33:af</macAddress>
                            <privateIpAddress>10.1.9.102</privateIpAddress>
                            <privateDnsName>ip-10-1-9-102.us-west-1.compute.internal</privateDnsName>
                            <sourceDestCheck>true</sourceDestCheck>
                            <groupSet>
                                <item>
                                    <groupId>sg-0895ed0b2b96698f6</groupId>
                                    <groupName>default</groupName>
                                </item>
                            </groupSet>
                            <attachment>
                                <attachmentId>eni-attach-01a873c3af780b3e7</attachmentId>
                                <deviceIndex>0</deviceIndex>
                                <status>attaching</status>
                                <attachTime>2022-03-16T22:26:37.000Z</attachTime>
                                <deleteOnTermination>true</deleteOnTermination>
                                <networkCardIndex>0</networkCardIndex>
                            </attachment>
                            <association>
                                <publicIp>54.176.37.249</publicIp>
                                <publicDnsName>ec2-54-176-37-249.us-west-1.compute.amazonaws.com</publicDnsName>
                                <ipOwnerId>amazon</ipOwnerId>
                            </association>
                            <privateIpAddressesSet>
                                <item>
                                    <privateIpAddress>10.1.9.102</privateIpAddress>
                                    <privateDnsName>ip-10-1-9-102.us-west-1.compute.internal</privateDnsName>
                                    <primary>true</primary>
                                    <association>
                                    <publicIp>54.176.37.249</publicIp>
                                    <publicDnsName>ec2-54-176-37-249.us-west-1.compute.amazonaws.com</publicDnsName>
                                    <ipOwnerId>amazon</ipOwnerId>
                                    </association>
                                </item>
                            </privateIpAddressesSet>
                            <ipv6AddressesSet/>
                            <interfaceType>interface</interfaceType>
                        </item>
                    </networkInterfaceSet>
                    <ebsOptimized>false</ebsOptimized>
                    <enaSupport>true</enaSupport>
                    <cpuOptions>
                        <coreCount>1</coreCount>
                        <threadsPerCore>1</threadsPerCore>
                    </cpuOptions>
                    <capacityReservationSpecification>
                        <capacityReservationPreference>open</capacityReservationPreference>
                    </capacityReservationSpecification>
                    <hibernationOptions>
                        <configured>false</configured>
                    </hibernationOptions>
                    <enclaveOptions>
                        <enabled>false</enabled>
                    </enclaveOptions>
                    <metadataOptions>
                        <state>pending</state>
                        <httpTokens>optional</httpTokens>
                        <httpPutResponseHopLimit>1</httpPutResponseHopLimit>
                        <httpEndpoint>enabled</httpEndpoint>
                        <httpProtocolIpv4>enabled</httpProtocolIpv4>
                        <httpProtocolIpv6>disabled</httpProtocolIpv6>
                        <instanceMetadataTags>disabled</instanceMetadataTags>
                    </metadataOptions>
                    <platformDetails>Linux/UNIX</platformDetails>
                    <usageOperation>RunInstances</usageOperation>
                    <usageOperationUpdateTime>2022-03-16T22:26:37.000Z</usageOperationUpdateTime>
                    <privateDnsNameOptions>
                        <hostnameType>ip-name</hostnameType>
                        <enableResourceNameDnsARecord>false</enableResourceNameDnsARecord>
                        <enableResourceNameDnsAAAARecord>false</enableResourceNameDnsAAAARecord>
                    </privateDnsNameOptions>
                </item>
            </instancesSet>
        </item>
    </reservationSet>
</DescribeInstancesResponse>: timestamp=2022-03-16T17:26:44.108-0500
2022-03-16T17:26:44.424-0500 [DEBUG] provider.terraform-provider-aws_v4.4.0_x5.exe: [aws-sdk-go] DEBUG: Response ec2/DescribeInstances Details:
---[ RESPONSE ]--------------------------------------
HTTP/1.1 200 OK
Transfer-Encoding: chunked
Cache-Control: no-cache, no-store
Content-Type: text/xml;charset=UTF-8
Date: Wed, 16 Mar 2022 22:26:47 GMT
Server: AmazonEC2
Strict-Transport-Security: max-age=31536000; includeSubDomains
Vary: accept-encoding
X-Amzn-Requestid: 5474e71b-91bd-4490-86e2-5f9b5552094c


-----------------------------------------------------: timestamp=2022-03-16T17:26:44.424-0500
2022-03-16T17:26:44.425-0500 [DEBUG] provider.terraform-provider-aws_v4.4.0_x5.exe: [aws-sdk-go] <?xml version="1.0" encoding="UTF-8"?>
<DescribeInstancesResponse xmlns="http://ec2.amazonaws.com/doc/2016-11-15/">
    <requestId>5474e71b-91bd-4490-86e2-5f9b5552094c</requestId>
    <reservationSet>
        <item>
            <reservationId>r-021c345f08c6230b2</reservationId>
            <ownerId>961518039473</ownerId>
            <groupSet/>
            <instancesSet>
                <item>
                    <instanceId>i-0c9bd8e7e027c4788</instanceId>
                    <imageId>ami-0a8a24772b8f01294</imageId>
                    <instanceState>
                        <code>0</code>
                        <name>pending</name>
                    </instanceState>
                    <privateDnsName>ip-10-1-12-108.us-west-1.compute.internal</privateDnsName>
                    <dnsName>ec2-18-144-154-217.us-west-1.compute.amazonaws.com</dnsName>
                    <reason/>
                    <amiLaunchIndex>0</amiLaunchIndex>
                    <productCodes/>
                    <instanceType>t2.micro</instanceType>
                    <launchTime>2022-03-16T22:26:37.000Z</launchTime>
                    <placement>
                        <availabilityZone>us-west-1c</availabilityZone>
                        <groupName/>
                        <groupId/>
                        <tenancy>default</tenancy>
                    </placement>
                    <monitoring>
                        <state>disabled</state>
                    </monitoring>
                    <subnetId>subnet-055c41fce697f9cca</subnetId>
                    <vpcId>vpc-0d2831659ef89870c</vpcId>
                    <privateIpAddress>10.1.12.108</privateIpAddress>
                    <ipAddress>18.144.154.217</ipAddress>
                    <sourceDestCheck>true</sourceDestCheck>
                    <groupSet>
                        <item>
                            <groupId>sg-0895ed0b2b96698f6</groupId>
                            <groupName>default</groupName>
                        </item>
                    </groupSet>
                    <architecture>x86_64</architecture>
                    <rootDeviceType>ebs</rootDeviceType>
                    <rootDeviceName>/dev/xvda</rootDeviceName>
                    <blockDeviceMapping>
                        <item>
                            <deviceName>/dev/xvda</deviceName>
                            <ebs>
                                <volumeId>vol-0b447cb093314b8f7</volumeId>
                                <status>attaching</status>
                                <attachTime>2022-03-16T22:26:38.000Z</attachTime>
                                <deleteOnTermination>true</deleteOnTermination>
                            </ebs>
                        </item>
                    </blockDeviceMapping>
                    <virtualizationType>hvm</virtualizationType>
                    <clientToken>1DF3D773-9F87-4D60-835E-A419B0D32470</clientToken>
                    <tagSet>
                        <item>
                            <key>Name</key>
                            <value>julian.montoyag.api.terraform</value>
                        </item>
                        <item>
                            <key>responsible</key>
                            <value>julian.montoyag</value>
                        </item>
                        <item>
                            <key>project</key>
                            <value>ramp-up-devops</value>
                        </item>
                    </tagSet>
                    <hypervisor>xen</hypervisor>
                    <networkInterfaceSet>
                        <item>
                            <networkInterfaceId>eni-051a11fcb30501cb9</networkInterfaceId>
                            <subnetId>subnet-055c41fce697f9cca</subnetId>
                            <vpcId>vpc-0d2831659ef89870c</vpcId>
                            <description/>
                            <ownerId>961518039473</ownerId>
                            <status>in-use</status>
                            <macAddress>06:a6:a5:d7:d2:83</macAddress>
                            <privateIpAddress>10.1.12.108</privateIpAddress>
                            <privateDnsName>ip-10-1-12-108.us-west-1.compute.internal</privateDnsName>
                            <sourceDestCheck>true</sourceDestCheck>
                            <groupSet>
                                <item>
                                    <groupId>sg-0895ed0b2b96698f6</groupId>
                                    <groupName>default</groupName>
                                </item>
                            </groupSet>
                            <attachment>
                                <attachmentId>eni-attach-03e5029218b18c610</attachmentId>
                                <deviceIndex>0</deviceIndex>
                                <status>attaching</status>
                                <attachTime>2022-03-16T22:26:37.000Z</attachTime>
                                <deleteOnTermination>true</deleteOnTermination>
                                <networkCardIndex>0</networkCardIndex>
                            </attachment>
                            <association>
                                <publicIp>18.144.154.217</publicIp>
                                <publicDnsName>ec2-18-144-154-217.us-west-1.compute.amazonaws.com</publicDnsName>
                                <ipOwnerId>amazon</ipOwnerId>
                            </association>
                            <privateIpAddressesSet>
                                <item>
                                    <privateIpAddress>10.1.12.108</privateIpAddress>
                                    <privateDnsName>ip-10-1-12-108.us-west-1.compute.internal</privateDnsName>
                                    <primary>true</primary>
                                    <association>
                                    <publicIp>18.144.154.217</publicIp>
                                    <publicDnsName>ec2-18-144-154-217.us-west-1.compute.amazonaws.com</publicDnsName>
                                    <ipOwnerId>amazon</ipOwnerId>
                                    </association>
                                </item>
                            </privateIpAddressesSet>
                            <ipv6AddressesSet/>
                            <interfaceType>interface</interfaceType>
                        </item>
                    </networkInterfaceSet>
                    <ebsOptimized>false</ebsOptimized>
                    <enaSupport>true</enaSupport>
                    <cpuOptions>
                        <coreCount>1</coreCount>
                        <threadsPerCore>1</threadsPerCore>
                    </cpuOptions>
                    <capacityReservationSpecification>
                        <capacityReservationPreference>open</capacityReservationPreference>
                    </capacityReservationSpecification>
                    <hibernationOptions>
                        <configured>false</configured>
                    </hibernationOptions>
                    <enclaveOptions>
                        <enabled>false</enabled>
                    </enclaveOptions>
                    <metadataOptions>
                        <state>pending</state>
                        <httpTokens>optional</httpTokens>
                        <httpPutResponseHopLimit>1</httpPutResponseHopLimit>
                        <httpEndpoint>enabled</httpEndpoint>
                        <httpProtocolIpv4>enabled</httpProtocolIpv4>
                        <httpProtocolIpv6>disabled</httpProtocolIpv6>
                        <instanceMetadataTags>disabled</instanceMetadataTags>
                    </metadataOptions>
                    <platformDetails>Linux/UNIX</platformDetails>
                    <usageOperation>RunInstances</usageOperation>
                    <usageOperationUpdateTime>2022-03-16T22:26:37.000Z</usageOperationUpdateTime>
                    <privateDnsNameOptions>
                        <hostnameType>ip-name</hostnameType>
                        <enableResourceNameDnsARecord>false</enableResourceNameDnsARecord>
                        <enableResourceNameDnsAAAARecord>false</enableResourceNameDnsAAAARecord>
                    </privateDnsNameOptions>
                </item>
            </instancesSet>
        </item>
    </reservationSet>
</DescribeInstancesResponse>: timestamp=2022-03-16T17:26:44.424-0500
2022-03-16T17:26:46.786-0500 [DEBUG] provider.terraform-provider-aws_v4.4.0_x5.exe: [aws-sdk-go] DEBUG: Request ec2/DescribeInstances Details:
---[ REQUEST POST-SIGN ]-----------------------------
POST / HTTP/1.1
Host: ec2.us-west-1.amazonaws.com
User-Agent: APN/1.0 HashiCorp/1.0 Terraform/1.1.7 (+https://www.terraform.io) terraform-provider-aws/4.4.0 (+https://registry.terraform.io/providers/hashicorp/aws) aws-sdk-go/1.43.9 (go1.17.6; windows; amd64)
Content-Length: 76
Authorization: AWS4-HMAC-SHA256 Credential=AKIA57XXQ6GYZQPYSK4X/20220316/us-west-1/ec2/aws4_request, SignedHeaders=content-length;content-type;host;x-amz-date, Signature=3e2db9621ceff3858e0685ad7900cf1210722ea03c07355e033365042c8e9097
Content-Type: application/x-www-form-urlencoded; charset=utf-8
X-Amz-Date: 20220316T222646Z
Accept-Encoding: gzip

Action=DescribeInstances&InstanceId.1=i-062c73843ebac7629&Version=2016-11-15
-----------------------------------------------------: timestamp=2022-03-16T17:26:46.786-0500
2022-03-16T17:26:46.963-0500 [DEBUG] provider.terraform-provider-aws_v4.4.0_x5.exe: [aws-sdk-go] DEBUG: Response ec2/DescribeInstances Details:
---[ RESPONSE ]--------------------------------------
HTTP/1.1 200 OK
Transfer-Encoding: chunked
Cache-Control: no-cache, no-store
Content-Type: text/xml;charset=UTF-8
Date: Wed, 16 Mar 2022 22:26:50 GMT
Server: AmazonEC2
Strict-Transport-Security: max-age=31536000; includeSubDomains
Vary: accept-encoding
X-Amzn-Requestid: 8f409e2f-7acf-4346-8e9b-4ebccd8495f4


-----------------------------------------------------: timestamp=2022-03-16T17:26:46.963-0500
2022-03-16T17:26:46.963-0500 [DEBUG] provider.terraform-provider-aws_v4.4.0_x5.exe: [aws-sdk-go] <?xml version="1.0" encoding="UTF-8"?>
<DescribeInstancesResponse xmlns="http://ec2.amazonaws.com/doc/2016-11-15/">
    <requestId>8f409e2f-7acf-4346-8e9b-4ebccd8495f4</requestId>
    <reservationSet>
        <item>
            <reservationId>r-07fdf57eaeb757123</reservationId>
            <ownerId>961518039473</ownerId>
            <groupSet/>
            <instancesSet>
                <item>
                    <instanceId>i-062c73843ebac7629</instanceId>
                    <imageId>ami-0a8a24772b8f01294</imageId>
                    <instanceState>
                        <code>0</code>
                        <name>pending</name>
                    </instanceState>
                    <privateDnsName>ip-10-1-15-15.us-west-1.compute.internal</privateDnsName>
                    <dnsName>ec2-52-53-160-167.us-west-1.compute.amazonaws.com</dnsName>
                    <reason/>
                    <amiLaunchIndex>0</amiLaunchIndex>
                    <productCodes/>
                    <instanceType>t2.micro</instanceType>
                    <launchTime>2022-03-16T22:26:37.000Z</launchTime>
                    <placement>
                        <availabilityZone>us-west-1c</availabilityZone>
                        <groupName/>
                        <groupId/>
                        <tenancy>default</tenancy>
                    </placement>
                    <monitoring>
                        <state>disabled</state>
                    </monitoring>
                    <subnetId>subnet-055c41fce697f9cca</subnetId>
                    <vpcId>vpc-0d2831659ef89870c</vpcId>
                    <privateIpAddress>10.1.15.15</privateIpAddress>
                    <ipAddress>52.53.160.167</ipAddress>
                    <sourceDestCheck>true</sourceDestCheck>
                    <groupSet>
                        <item>
                            <groupId>sg-0895ed0b2b96698f6</groupId>
                            <groupName>default</groupName>
                        </item>
                    </groupSet>
                    <architecture>x86_64</architecture>
                    <rootDeviceType>ebs</rootDeviceType>
                    <rootDeviceName>/dev/xvda</rootDeviceName>
                    <blockDeviceMapping>
                        <item>
                            <deviceName>/dev/xvda</deviceName>
                            <ebs>
                                <volumeId>vol-0e756124015cedbed</volumeId>
                                <status>attaching</status>
                                <attachTime>2022-03-16T22:26:38.000Z</attachTime>
                                <deleteOnTermination>true</deleteOnTermination>
                            </ebs>
                        </item>
                    </blockDeviceMapping>
                    <virtualizationType>hvm</virtualizationType>
                    <clientToken>328512C2-3E4D-4D2B-9B8E-2AD384D83470</clientToken>
                    <tagSet>
                        <item>
                            <key>project</key>
                            <value>ramp-up-devops</value>
                        </item>
                        <item>
                            <key>Name</key>
                            <value>julian.montoyag.ui.terraform</value>
                        </item>
                        <item>
                            <key>responsible</key>
                            <value>julian.montoyag</value>
                        </item>
                    </tagSet>
                    <hypervisor>xen</hypervisor>
                    <networkInterfaceSet>
                        <item>
                            <networkInterfaceId>eni-0e117dbeb0cae1904</networkInterfaceId>
                            <subnetId>subnet-055c41fce697f9cca</subnetId>
                            <vpcId>vpc-0d2831659ef89870c</vpcId>
                            <description/>
                            <ownerId>961518039473</ownerId>
                            <status>in-use</status>
                            <macAddress>06:3c:b6:b9:07:9f</macAddress>
                            <privateIpAddress>10.1.15.15</privateIpAddress>
                            <privateDnsName>ip-10-1-15-15.us-west-1.compute.internal</privateDnsName>
                            <sourceDestCheck>true</sourceDestCheck>
                            <groupSet>
                                <item>
                                    <groupId>sg-0895ed0b2b96698f6</groupId>
                                    <groupName>default</groupName>
                                </item>
                            </groupSet>
                            <attachment>
                                <attachmentId>eni-attach-037194ded83596fd8</attachmentId>
                                <deviceIndex>0</deviceIndex>
                                <status>attaching</status>
                                <attachTime>2022-03-16T22:26:37.000Z</attachTime>
                                <deleteOnTermination>true</deleteOnTermination>
                                <networkCardIndex>0</networkCardIndex>
                            </attachment>
                            <association>
                                <publicIp>52.53.160.167</publicIp>
                                <publicDnsName>ec2-52-53-160-167.us-west-1.compute.amazonaws.com</publicDnsName>
                                <ipOwnerId>amazon</ipOwnerId>
                            </association>
                            <privateIpAddressesSet>
                                <item>
                                    <privateIpAddress>10.1.15.15</privateIpAddress>
                                    <privateDnsName>ip-10-1-15-15.us-west-1.compute.internal</privateDnsName>
                                    <primary>true</primary>
                                    <association>
                                    <publicIp>52.53.160.167</publicIp>
                                    <publicDnsName>ec2-52-53-160-167.us-west-1.compute.amazonaws.com</publicDnsName>
                                    <ipOwnerId>amazon</ipOwnerId>
                                    </association>
                                </item>
                            </privateIpAddressesSet>
                            <ipv6AddressesSet/>
                            <interfaceType>interface</interfaceType>
                        </item>
                    </networkInterfaceSet>
                    <ebsOptimized>false</ebsOptimized>
                    <enaSupport>true</enaSupport>
                    <cpuOptions>
                        <coreCount>1</coreCount>
                        <threadsPerCore>1</threadsPerCore>
                    </cpuOptions>
                    <capacityReservationSpecification>
                        <capacityReservationPreference>open</capacityReservationPreference>
                    </capacityReservationSpecification>
                    <hibernationOptions>
                        <configured>false</configured>
                    </hibernationOptions>
                    <enclaveOptions>
                        <enabled>false</enabled>
                    </enclaveOptions>
                    <metadataOptions>
                        <state>pending</state>
                        <httpTokens>optional</httpTokens>
                        <httpPutResponseHopLimit>1</httpPutResponseHopLimit>
                        <httpEndpoint>enabled</httpEndpoint>
                        <httpProtocolIpv4>enabled</httpProtocolIpv4>
                        <httpProtocolIpv6>disabled</httpProtocolIpv6>
                        <instanceMetadataTags>disabled</instanceMetadataTags>
                    </metadataOptions>
                    <platformDetails>Linux/UNIX</platformDetails>
                    <usageOperation>RunInstances</usageOperation>
                    <usageOperationUpdateTime>2022-03-16T22:26:37.000Z</usageOperationUpdateTime>
                    <privateDnsNameOptions>
                        <hostnameType>ip-name</hostnameType>
                        <enableResourceNameDnsARecord>false</enableResourceNameDnsARecord>
                        <enableResourceNameDnsAAAARecord>false</enableResourceNameDnsAAAARecord>
                    </privateDnsNameOptions>
                </item>
            </instancesSet>
        </item>
    </reservationSet>
</DescribeInstancesResponse>: timestamp=2022-03-16T17:26:46.963-0500
2022-03-16T17:26:47.115-0500 [DEBUG] provider.terraform-provider-aws_v4.4.0_x5.exe: [aws-sdk-go] DEBUG: Request ec2/DescribeInstances Details:
---[ REQUEST POST-SIGN ]-----------------------------
POST / HTTP/1.1
Host: ec2.us-west-1.amazonaws.com
User-Agent: APN/1.0 HashiCorp/1.0 Terraform/1.1.7 (+https://www.terraform.io) terraform-provider-aws/4.4.0 (+https://registry.terraform.io/providers/hashicorp/aws) aws-sdk-go/1.43.9 (go1.17.6; windows; amd64)
Content-Length: 76
Authorization: AWS4-HMAC-SHA256 Credential=AKIA57XXQ6GYZQPYSK4X/20220316/us-west-1/ec2/aws4_request, SignedHeaders=content-length;content-type;host;x-amz-date, Signature=fd9ed51883098a9d579c979e030d2661c14e407a9810bb8005da49d592182292
Content-Type: application/x-www-form-urlencoded; charset=utf-8
X-Amz-Date: 20220316T222647Z
Accept-Encoding: gzip

Action=DescribeInstances&InstanceId.1=i-0febe7a22f77a5080&Version=2016-11-15
-----------------------------------------------------: timestamp=2022-03-16T17:26:47.115-0500
2022-03-16T17:26:47.297-0500 [DEBUG] provider.terraform-provider-aws_v4.4.0_x5.exe: [aws-sdk-go] DEBUG: Response ec2/DescribeInstances Details:
---[ RESPONSE ]--------------------------------------
HTTP/1.1 200 OK
Transfer-Encoding: chunked
Cache-Control: no-cache, no-store
Content-Type: text/xml;charset=UTF-8
Date: Wed, 16 Mar 2022 22:26:50 GMT
Server: AmazonEC2
Strict-Transport-Security: max-age=31536000; includeSubDomains
Vary: accept-encoding
X-Amzn-Requestid: 4e6521ae-0b16-48e9-a905-5f73438eb9b9


-----------------------------------------------------: timestamp=2022-03-16T17:26:47.297-0500
2022-03-16T17:26:47.297-0500 [DEBUG] provider.terraform-provider-aws_v4.4.0_x5.exe: [aws-sdk-go] <?xml version="1.0" encoding="UTF-8"?>
<DescribeInstancesResponse xmlns="http://ec2.amazonaws.com/doc/2016-11-15/">
    <requestId>4e6521ae-0b16-48e9-a905-5f73438eb9b9</requestId>
    <reservationSet>
        <item>
            <reservationId>r-095972d063f6746f2</reservationId>
            <ownerId>961518039473</ownerId>
            <groupSet/>
            <instancesSet>
                <item>
                    <instanceId>i-0febe7a22f77a5080</instanceId>
                    <imageId>ami-0a8a24772b8f01294</imageId>
                    <instanceState>
                        <code>0</code>
                        <name>pending</name>
                    </instanceState>
                    <privateDnsName>ip-10-1-9-102.us-west-1.compute.internal</privateDnsName>
                    <dnsName>ec2-54-176-37-249.us-west-1.compute.amazonaws.com</dnsName>
                    <reason/>
                    <amiLaunchIndex>0</amiLaunchIndex>
                    <productCodes/>
                    <instanceType>t2.micro</instanceType>
                    <launchTime>2022-03-16T22:26:37.000Z</launchTime>
                    <placement>
                        <availabilityZone>us-west-1c</availabilityZone>
                        <groupName/>
                        <groupId/>
                        <tenancy>default</tenancy>
                    </placement>
                    <monitoring>
                        <state>disabled</state>
                    </monitoring>
                    <subnetId>subnet-055c41fce697f9cca</subnetId>
                    <vpcId>vpc-0d2831659ef89870c</vpcId>
                    <privateIpAddress>10.1.9.102</privateIpAddress>
                    <ipAddress>54.176.37.249</ipAddress>
                    <sourceDestCheck>true</sourceDestCheck>
                    <groupSet>
                        <item>
                            <groupId>sg-0895ed0b2b96698f6</groupId>
                            <groupName>default</groupName>
                        </item>
                    </groupSet>
                    <architecture>x86_64</architecture>
                    <rootDeviceType>ebs</rootDeviceType>
                    <rootDeviceName>/dev/xvda</rootDeviceName>
                    <blockDeviceMapping>
                        <item>
                            <deviceName>/dev/xvda</deviceName>
                            <ebs>
                                <volumeId>vol-0b692774675e6c8fe</volumeId>
                                <status>attaching</status>
                                <attachTime>2022-03-16T22:26:38.000Z</attachTime>
                                <deleteOnTermination>true</deleteOnTermination>
                            </ebs>
                        </item>
                    </blockDeviceMapping>
                    <virtualizationType>hvm</virtualizationType>
                    <clientToken>60E443ED-F08F-48E2-B268-72D62BDA31EF</clientToken>
                    <tagSet>
                        <item>
                            <key>Name</key>
                            <value>julian.montoyag.db.terraform</value>
                        </item>
                        <item>
                            <key>responsible</key>
                            <value>julian.montoyag</value>
                        </item>
                        <item>
                            <key>project</key>
                            <value>ramp-up-devops</value>
                        </item>
                    </tagSet>
                    <hypervisor>xen</hypervisor>
                    <networkInterfaceSet>
                        <item>
                            <networkInterfaceId>eni-0df9076e0c3ff234f</networkInterfaceId>
                            <subnetId>subnet-055c41fce697f9cca</subnetId>
                            <vpcId>vpc-0d2831659ef89870c</vpcId>
                            <description/>
                            <ownerId>961518039473</ownerId>
                            <status>in-use</status>
                            <macAddress>06:53:50:9f:33:af</macAddress>
                            <privateIpAddress>10.1.9.102</privateIpAddress>
                            <privateDnsName>ip-10-1-9-102.us-west-1.compute.internal</privateDnsName>
                            <sourceDestCheck>true</sourceDestCheck>
                            <groupSet>
                                <item>
                                    <groupId>sg-0895ed0b2b96698f6</groupId>
                                    <groupName>default</groupName>
                                </item>
                            </groupSet>
                            <attachment>
                                <attachmentId>eni-attach-01a873c3af780b3e7</attachmentId>
                                <deviceIndex>0</deviceIndex>
                                <status>attaching</status>
                                <attachTime>2022-03-16T22:26:37.000Z</attachTime>
                                <deleteOnTermination>true</deleteOnTermination>
                                <networkCardIndex>0</networkCardIndex>
                            </attachment>
                            <association>
                                <publicIp>54.176.37.249</publicIp>
                                <publicDnsName>ec2-54-176-37-249.us-west-1.compute.amazonaws.com</publicDnsName>
                                <ipOwnerId>amazon</ipOwnerId>
                            </association>
                            <privateIpAddressesSet>
                                <item>
                                    <privateIpAddress>10.1.9.102</privateIpAddress>
                                    <privateDnsName>ip-10-1-9-102.us-west-1.compute.internal</privateDnsName>
                                    <primary>true</primary>
                                    <association>
                                    <publicIp>54.176.37.249</publicIp>
                                    <publicDnsName>ec2-54-176-37-249.us-west-1.compute.amazonaws.com</publicDnsName>
                                    <ipOwnerId>amazon</ipOwnerId>
                                    </association>
                                </item>
                            </privateIpAddressesSet>
                            <ipv6AddressesSet/>
                            <interfaceType>interface</interfaceType>
                        </item>
                    </networkInterfaceSet>
                    <ebsOptimized>false</ebsOptimized>
                    <enaSupport>true</enaSupport>
                    <cpuOptions>
                        <coreCount>1</coreCount>
                        <threadsPerCore>1</threadsPerCore>
                    </cpuOptions>
                    <capacityReservationSpecification>
                        <capacityReservationPreference>open</capacityReservationPreference>
                    </capacityReservationSpecification>
                    <hibernationOptions>
                        <configured>false</configured>
                    </hibernationOptions>
                    <enclaveOptions>
                        <enabled>false</enabled>
                    </enclaveOptions>
                    <metadataOptions>
                        <state>pending</state>
                        <httpTokens>optional</httpTokens>
                        <httpPutResponseHopLimit>1</httpPutResponseHopLimit>
                        <httpEndpoint>enabled</httpEndpoint>
                        <httpProtocolIpv4>enabled</httpProtocolIpv4>
                        <httpProtocolIpv6>disabled</httpProtocolIpv6>
                        <instanceMetadataTags>disabled</instanceMetadataTags>
                    </metadataOptions>
                    <platformDetails>Linux/UNIX</platformDetails>
                    <usageOperation>RunInstances</usageOperation>
                    <usageOperationUpdateTime>2022-03-16T22:26:37.000Z</usageOperationUpdateTime>
                    <privateDnsNameOptions>
                        <hostnameType>ip-name</hostnameType>
                        <enableResourceNameDnsARecord>false</enableResourceNameDnsARecord>
                        <enableResourceNameDnsAAAARecord>false</enableResourceNameDnsAAAARecord>
                    </privateDnsNameOptions>
                </item>
            </instancesSet>
        </item>
    </reservationSet>
</DescribeInstancesResponse>: timestamp=2022-03-16T17:26:47.297-0500
2022-03-16T17:26:47.437-0500 [DEBUG] provider.terraform-provider-aws_v4.4.0_x5.exe: [aws-sdk-go] DEBUG: Request ec2/DescribeInstances Details:
---[ REQUEST POST-SIGN ]-----------------------------
POST / HTTP/1.1
Host: ec2.us-west-1.amazonaws.com
User-Agent: APN/1.0 HashiCorp/1.0 Terraform/1.1.7 (+https://www.terraform.io) terraform-provider-aws/4.4.0 (+https://registry.terraform.io/providers/hashicorp/aws) aws-sdk-go/1.43.9 (go1.17.6; windows; amd64)
Content-Length: 76
Authorization: AWS4-HMAC-SHA256 Credential=AKIA57XXQ6GYZQPYSK4X/20220316/us-west-1/ec2/aws4_request, SignedHeaders=content-length;content-type;host;x-amz-date, Signature=7091d0af3642117bd8b30ff031b32fd9095ba90d18790b5134d2e6025942f06e
Content-Type: application/x-www-form-urlencoded; charset=utf-8
X-Amz-Date: 20220316T222647Z
Accept-Encoding: gzip

Action=DescribeInstances&InstanceId.1=i-0c9bd8e7e027c4788&Version=2016-11-15
-----------------------------------------------------: timestamp=2022-03-16T17:26:47.437-0500
2022-03-16T17:26:47.611-0500 [DEBUG] provider.terraform-provider-aws_v4.4.0_x5.exe: [aws-sdk-go] DEBUG: Response ec2/DescribeInstances Details:
---[ RESPONSE ]--------------------------------------
HTTP/1.1 200 OK
Transfer-Encoding: chunked
Cache-Control: no-cache, no-store
Content-Type: text/xml;charset=UTF-8
Date: Wed, 16 Mar 2022 22:26:50 GMT
Server: AmazonEC2
Strict-Transport-Security: max-age=31536000; includeSubDomains
Vary: accept-encoding
X-Amzn-Requestid: 9ad8ba2d-8ce5-4c92-961d-56fd5210d938


-----------------------------------------------------: timestamp=2022-03-16T17:26:47.611-0500
2022-03-16T17:26:47.611-0500 [DEBUG] provider.terraform-provider-aws_v4.4.0_x5.exe: [aws-sdk-go] <?xml version="1.0" encoding="UTF-8"?>
<DescribeInstancesResponse xmlns="http://ec2.amazonaws.com/doc/2016-11-15/">
    <requestId>9ad8ba2d-8ce5-4c92-961d-56fd5210d938</requestId>
    <reservationSet>
        <item>
            <reservationId>r-021c345f08c6230b2</reservationId>
            <ownerId>961518039473</ownerId>
            <groupSet/>
            <instancesSet>
                <item>
                    <instanceId>i-0c9bd8e7e027c4788</instanceId>
                    <imageId>ami-0a8a24772b8f01294</imageId>
                    <instanceState>
                        <code>0</code>
                        <name>pending</name>
                    </instanceState>
                    <privateDnsName>ip-10-1-12-108.us-west-1.compute.internal</privateDnsName>
                    <dnsName>ec2-18-144-154-217.us-west-1.compute.amazonaws.com</dnsName>
                    <reason/>
                    <amiLaunchIndex>0</amiLaunchIndex>
                    <productCodes/>
                    <instanceType>t2.micro</instanceType>
                    <launchTime>2022-03-16T22:26:37.000Z</launchTime>
                    <placement>
                        <availabilityZone>us-west-1c</availabilityZone>
                        <groupName/>
                        <groupId/>
                        <tenancy>default</tenancy>
                    </placement>
                    <monitoring>
                        <state>disabled</state>
                    </monitoring>
                    <subnetId>subnet-055c41fce697f9cca</subnetId>
                    <vpcId>vpc-0d2831659ef89870c</vpcId>
                    <privateIpAddress>10.1.12.108</privateIpAddress>
                    <ipAddress>18.144.154.217</ipAddress>
                    <sourceDestCheck>true</sourceDestCheck>
                    <groupSet>
                        <item>
                            <groupId>sg-0895ed0b2b96698f6</groupId>
                            <groupName>default</groupName>
                        </item>
                    </groupSet>
                    <architecture>x86_64</architecture>
                    <rootDeviceType>ebs</rootDeviceType>
                    <rootDeviceName>/dev/xvda</rootDeviceName>
                    <blockDeviceMapping>
                        <item>
                            <deviceName>/dev/xvda</deviceName>
                            <ebs>
                                <volumeId>vol-0b447cb093314b8f7</volumeId>
                                <status>attaching</status>
                                <attachTime>2022-03-16T22:26:38.000Z</attachTime>
                                <deleteOnTermination>true</deleteOnTermination>
                            </ebs>
                        </item>
                    </blockDeviceMapping>
                    <virtualizationType>hvm</virtualizationType>
                    <clientToken>1DF3D773-9F87-4D60-835E-A419B0D32470</clientToken>
                    <tagSet>
                        <item>
                            <key>Name</key>
                            <value>julian.montoyag.api.terraform</value>
                        </item>
                        <item>
                            <key>responsible</key>
                            <value>julian.montoyag</value>
                        </item>
                        <item>
                            <key>project</key>
                            <value>ramp-up-devops</value>
                        </item>
                    </tagSet>
                    <hypervisor>xen</hypervisor>
                    <networkInterfaceSet>
                        <item>
                            <networkInterfaceId>eni-051a11fcb30501cb9</networkInterfaceId>
                            <subnetId>subnet-055c41fce697f9cca</subnetId>
                            <vpcId>vpc-0d2831659ef89870c</vpcId>
                            <description/>
                            <ownerId>961518039473</ownerId>
                            <status>in-use</status>
                            <macAddress>06:a6:a5:d7:d2:83</macAddress>
                            <privateIpAddress>10.1.12.108</privateIpAddress>
                            <privateDnsName>ip-10-1-12-108.us-west-1.compute.internal</privateDnsName>
                            <sourceDestCheck>true</sourceDestCheck>
                            <groupSet>
                                <item>
                                    <groupId>sg-0895ed0b2b96698f6</groupId>
                                    <groupName>default</groupName>
                                </item>
                            </groupSet>
                            <attachment>
                                <attachmentId>eni-attach-03e5029218b18c610</attachmentId>
                                <deviceIndex>0</deviceIndex>
                                <status>attaching</status>
                                <attachTime>2022-03-16T22:26:37.000Z</attachTime>
                                <deleteOnTermination>true</deleteOnTermination>
                                <networkCardIndex>0</networkCardIndex>
                            </attachment>
                            <association>
                                <publicIp>18.144.154.217</publicIp>
                                <publicDnsName>ec2-18-144-154-217.us-west-1.compute.amazonaws.com</publicDnsName>
                                <ipOwnerId>amazon</ipOwnerId>
                            </association>
                            <privateIpAddressesSet>
                                <item>
                                    <privateIpAddress>10.1.12.108</privateIpAddress>
                                    <privateDnsName>ip-10-1-12-108.us-west-1.compute.internal</privateDnsName>
                                    <primary>true</primary>
                                    <association>
                                    <publicIp>18.144.154.217</publicIp>
                                    <publicDnsName>ec2-18-144-154-217.us-west-1.compute.amazonaws.com</publicDnsName>
                                    <ipOwnerId>amazon</ipOwnerId>
                                    </association>
                                </item>
                            </privateIpAddressesSet>
                            <ipv6AddressesSet/>
                            <interfaceType>interface</interfaceType>
                        </item>
                    </networkInterfaceSet>
                    <ebsOptimized>false</ebsOptimized>
                    <enaSupport>true</enaSupport>
                    <cpuOptions>
                        <coreCount>1</coreCount>
                        <threadsPerCore>1</threadsPerCore>
                    </cpuOptions>
                    <capacityReservationSpecification>
                        <capacityReservationPreference>open</capacityReservationPreference>
                    </capacityReservationSpecification>
                    <hibernationOptions>
                        <configured>false</configured>
                    </hibernationOptions>
                    <enclaveOptions>
                        <enabled>false</enabled>
                    </enclaveOptions>
                    <metadataOptions>
                        <state>pending</state>
                        <httpTokens>optional</httpTokens>
                        <httpPutResponseHopLimit>1</httpPutResponseHopLimit>
                        <httpEndpoint>enabled</httpEndpoint>
                        <httpProtocolIpv4>enabled</httpProtocolIpv4>
                        <httpProtocolIpv6>disabled</httpProtocolIpv6>
                        <instanceMetadataTags>disabled</instanceMetadataTags>
                    </metadataOptions>
                    <platformDetails>Linux/UNIX</platformDetails>
                    <usageOperation>RunInstances</usageOperation>
                    <usageOperationUpdateTime>2022-03-16T22:26:37.000Z</usageOperationUpdateTime>
                    <privateDnsNameOptions>
                        <hostnameType>ip-name</hostnameType>
                        <enableResourceNameDnsARecord>false</enableResourceNameDnsARecord>
                        <enableResourceNameDnsAAAARecord>false</enableResourceNameDnsAAAARecord>
                    </privateDnsNameOptions>
                </item>
            </instancesSet>
        </item>
    </reservationSet>
</DescribeInstancesResponse>: timestamp=2022-03-16T17:26:47.611-0500
module.instances.aws_instance.instance_terraform[1]: Still creating... [20s elapsed]
module.instances.aws_instance.instance_terraform[2]: Still creating... [20s elapsed]
module.instances.aws_instance.instance_terraform[0]: Still creating... [20s elapsed]
2022-03-16T17:26:52.966-0500 [DEBUG] provider.terraform-provider-aws_v4.4.0_x5.exe: [aws-sdk-go] DEBUG: Request ec2/DescribeInstances Details:
---[ REQUEST POST-SIGN ]-----------------------------
POST / HTTP/1.1
Host: ec2.us-west-1.amazonaws.com
User-Agent: APN/1.0 HashiCorp/1.0 Terraform/1.1.7 (+https://www.terraform.io) terraform-provider-aws/4.4.0 (+https://registry.terraform.io/providers/hashicorp/aws) aws-sdk-go/1.43.9 (go1.17.6; windows; amd64)
Content-Length: 76
Authorization: AWS4-HMAC-SHA256 Credential=AKIA57XXQ6GYZQPYSK4X/20220316/us-west-1/ec2/aws4_request, SignedHeaders=content-length;content-type;host;x-amz-date, Signature=c4bb6a475cf04b1feb521352d863938b025c8f1371590c3d7adaeee534864ab0
Content-Type: application/x-www-form-urlencoded; charset=utf-8
X-Amz-Date: 20220316T222652Z
Accept-Encoding: gzip

Action=DescribeInstances&InstanceId.1=i-062c73843ebac7629&Version=2016-11-15
-----------------------------------------------------: timestamp=2022-03-16T17:26:52.966-0500
2022-03-16T17:26:53.162-0500 [DEBUG] provider.terraform-provider-aws_v4.4.0_x5.exe: [aws-sdk-go] DEBUG: Response ec2/DescribeInstances Details:
---[ RESPONSE ]--------------------------------------
HTTP/1.1 200 OK
Transfer-Encoding: chunked
Cache-Control: no-cache, no-store
Content-Type: text/xml;charset=UTF-8
Date: Wed, 16 Mar 2022 22:26:56 GMT
Server: AmazonEC2
Strict-Transport-Security: max-age=31536000; includeSubDomains
Vary: accept-encoding
X-Amzn-Requestid: 506080d6-6b8c-44a9-8016-8ddb0840bdf9


-----------------------------------------------------: timestamp=2022-03-16T17:26:53.162-0500
2022-03-16T17:26:53.163-0500 [DEBUG] provider.terraform-provider-aws_v4.4.0_x5.exe: [aws-sdk-go] <?xml version="1.0" encoding="UTF-8"?>
<DescribeInstancesResponse xmlns="http://ec2.amazonaws.com/doc/2016-11-15/">
    <requestId>506080d6-6b8c-44a9-8016-8ddb0840bdf9</requestId>
    <reservationSet>
        <item>
            <reservationId>r-07fdf57eaeb757123</reservationId>
            <ownerId>961518039473</ownerId>
            <groupSet/>
            <instancesSet>
                <item>
                    <instanceId>i-062c73843ebac7629</instanceId>
                    <imageId>ami-0a8a24772b8f01294</imageId>
                    <instanceState>
                        <code>0</code>
                        <name>pending</name>
                    </instanceState>
                    <privateDnsName>ip-10-1-15-15.us-west-1.compute.internal</privateDnsName>
                    <dnsName>ec2-52-53-160-167.us-west-1.compute.amazonaws.com</dnsName>
                    <reason/>
                    <amiLaunchIndex>0</amiLaunchIndex>
                    <productCodes/>
                    <instanceType>t2.micro</instanceType>
                    <launchTime>2022-03-16T22:26:37.000Z</launchTime>
                    <placement>
                        <availabilityZone>us-west-1c</availabilityZone>
                        <groupName/>
                        <groupId/>
                        <tenancy>default</tenancy>
                    </placement>
                    <monitoring>
                        <state>disabled</state>
                    </monitoring>
                    <subnetId>subnet-055c41fce697f9cca</subnetId>
                    <vpcId>vpc-0d2831659ef89870c</vpcId>
                    <privateIpAddress>10.1.15.15</privateIpAddress>
                    <ipAddress>52.53.160.167</ipAddress>
                    <sourceDestCheck>true</sourceDestCheck>
                    <groupSet>
                        <item>
                            <groupId>sg-0895ed0b2b96698f6</groupId>
                            <groupName>default</groupName>
                        </item>
                    </groupSet>
                    <architecture>x86_64</architecture>
                    <rootDeviceType>ebs</rootDeviceType>
                    <rootDeviceName>/dev/xvda</rootDeviceName>
                    <blockDeviceMapping>
                        <item>
                            <deviceName>/dev/xvda</deviceName>
                            <ebs>
                                <volumeId>vol-0e756124015cedbed</volumeId>
                                <status>attaching</status>
                                <attachTime>2022-03-16T22:26:38.000Z</attachTime>
                                <deleteOnTermination>true</deleteOnTermination>
                            </ebs>
                        </item>
                    </blockDeviceMapping>
                    <virtualizationType>hvm</virtualizationType>
                    <clientToken>328512C2-3E4D-4D2B-9B8E-2AD384D83470</clientToken>
                    <tagSet>
                        <item>
                            <key>project</key>
                            <value>ramp-up-devops</value>
                        </item>
                        <item>
                            <key>Name</key>
                            <value>julian.montoyag.ui.terraform</value>
                        </item>
                        <item>
                            <key>responsible</key>
                            <value>julian.montoyag</value>
                        </item>
                    </tagSet>
                    <hypervisor>xen</hypervisor>
                    <networkInterfaceSet>
                        <item>
                            <networkInterfaceId>eni-0e117dbeb0cae1904</networkInterfaceId>
                            <subnetId>subnet-055c41fce697f9cca</subnetId>
                            <vpcId>vpc-0d2831659ef89870c</vpcId>
                            <description/>
                            <ownerId>961518039473</ownerId>
                            <status>in-use</status>
                            <macAddress>06:3c:b6:b9:07:9f</macAddress>
                            <privateIpAddress>10.1.15.15</privateIpAddress>
                            <privateDnsName>ip-10-1-15-15.us-west-1.compute.internal</privateDnsName>
                            <sourceDestCheck>true</sourceDestCheck>
                            <groupSet>
                                <item>
                                    <groupId>sg-0895ed0b2b96698f6</groupId>
                                    <groupName>default</groupName>
                                </item>
                            </groupSet>
                            <attachment>
                                <attachmentId>eni-attach-037194ded83596fd8</attachmentId>
                                <deviceIndex>0</deviceIndex>
                                <status>attaching</status>
                                <attachTime>2022-03-16T22:26:37.000Z</attachTime>
                                <deleteOnTermination>true</deleteOnTermination>
                                <networkCardIndex>0</networkCardIndex>
                            </attachment>
                            <association>
                                <publicIp>52.53.160.167</publicIp>
                                <publicDnsName>ec2-52-53-160-167.us-west-1.compute.amazonaws.com</publicDnsName>
                                <ipOwnerId>amazon</ipOwnerId>
                            </association>
                            <privateIpAddressesSet>
                                <item>
                                    <privateIpAddress>10.1.15.15</privateIpAddress>
                                    <privateDnsName>ip-10-1-15-15.us-west-1.compute.internal</privateDnsName>
                                    <primary>true</primary>
                                    <association>
                                    <publicIp>52.53.160.167</publicIp>
                                    <publicDnsName>ec2-52-53-160-167.us-west-1.compute.amazonaws.com</publicDnsName>
                                    <ipOwnerId>amazon</ipOwnerId>
                                    </association>
                                </item>
                            </privateIpAddressesSet>
                            <ipv6AddressesSet/>
                            <interfaceType>interface</interfaceType>
                        </item>
                    </networkInterfaceSet>
                    <ebsOptimized>false</ebsOptimized>
                    <enaSupport>true</enaSupport>
                    <cpuOptions>
                        <coreCount>1</coreCount>
                        <threadsPerCore>1</threadsPerCore>
                    </cpuOptions>
                    <capacityReservationSpecification>
                        <capacityReservationPreference>open</capacityReservationPreference>
                    </capacityReservationSpecification>
                    <hibernationOptions>
                        <configured>false</configured>
                    </hibernationOptions>
                    <enclaveOptions>
                        <enabled>false</enabled>
                    </enclaveOptions>
                    <metadataOptions>
                        <state>pending</state>
                        <httpTokens>optional</httpTokens>
                        <httpPutResponseHopLimit>1</httpPutResponseHopLimit>
                        <httpEndpoint>enabled</httpEndpoint>
                        <httpProtocolIpv4>enabled</httpProtocolIpv4>
                        <httpProtocolIpv6>disabled</httpProtocolIpv6>
                        <instanceMetadataTags>disabled</instanceMetadataTags>
                    </metadataOptions>
                    <platformDetails>Linux/UNIX</platformDetails>
                    <usageOperation>RunInstances</usageOperation>
                    <usageOperationUpdateTime>2022-03-16T22:26:37.000Z</usageOperationUpdateTime>
                    <privateDnsNameOptions>
                        <hostnameType>ip-name</hostnameType>
                        <enableResourceNameDnsARecord>false</enableResourceNameDnsARecord>
                        <enableResourceNameDnsAAAARecord>false</enableResourceNameDnsAAAARecord>
                    </privateDnsNameOptions>
                </item>
            </instancesSet>
        </item>
    </reservationSet>
</DescribeInstancesResponse>: timestamp=2022-03-16T17:26:53.162-0500
2022-03-16T17:26:53.309-0500 [DEBUG] provider.terraform-provider-aws_v4.4.0_x5.exe: [aws-sdk-go] DEBUG: Request ec2/DescribeInstances Details:
---[ REQUEST POST-SIGN ]-----------------------------
POST / HTTP/1.1
Host: ec2.us-west-1.amazonaws.com
User-Agent: APN/1.0 HashiCorp/1.0 Terraform/1.1.7 (+https://www.terraform.io) terraform-provider-aws/4.4.0 (+https://registry.terraform.io/providers/hashicorp/aws) aws-sdk-go/1.43.9 (go1.17.6; windows; amd64)
Content-Length: 76
Authorization: AWS4-HMAC-SHA256 Credential=AKIA57XXQ6GYZQPYSK4X/20220316/us-west-1/ec2/aws4_request, SignedHeaders=content-length;content-type;host;x-amz-date, Signature=78a7d4258c8751415f5077044233ae13e9b11b13b4e843e4e1f582689e8b29fa
Content-Type: application/x-www-form-urlencoded; charset=utf-8
X-Amz-Date: 20220316T222653Z
Accept-Encoding: gzip

Action=DescribeInstances&InstanceId.1=i-0febe7a22f77a5080&Version=2016-11-15
-----------------------------------------------------: timestamp=2022-03-16T17:26:53.309-0500
2022-03-16T17:26:53.530-0500 [DEBUG] provider.terraform-provider-aws_v4.4.0_x5.exe: [aws-sdk-go] DEBUG: Response ec2/DescribeInstances Details:
---[ RESPONSE ]--------------------------------------
HTTP/1.1 200 OK
Transfer-Encoding: chunked
Cache-Control: no-cache, no-store
Content-Type: text/xml;charset=UTF-8
Date: Wed, 16 Mar 2022 22:26:56 GMT
Server: AmazonEC2
Strict-Transport-Security: max-age=31536000; includeSubDomains
Vary: accept-encoding
X-Amzn-Requestid: 18cee267-40da-4999-887a-c8bd3abb94b9


-----------------------------------------------------: timestamp=2022-03-16T17:26:53.530-0500
2022-03-16T17:26:53.530-0500 [DEBUG] provider.terraform-provider-aws_v4.4.0_x5.exe: [aws-sdk-go] <?xml version="1.0" encoding="UTF-8"?>
<DescribeInstancesResponse xmlns="http://ec2.amazonaws.com/doc/2016-11-15/">
    <requestId>18cee267-40da-4999-887a-c8bd3abb94b9</requestId>
    <reservationSet>
        <item>
            <reservationId>r-095972d063f6746f2</reservationId>
            <ownerId>961518039473</ownerId>
            <groupSet/>
            <instancesSet>
                <item>
                    <instanceId>i-0febe7a22f77a5080</instanceId>
                    <imageId>ami-0a8a24772b8f01294</imageId>
                    <instanceState>
                        <code>0</code>
                        <name>pending</name>
                    </instanceState>
                    <privateDnsName>ip-10-1-9-102.us-west-1.compute.internal</privateDnsName>
                    <dnsName>ec2-54-176-37-249.us-west-1.compute.amazonaws.com</dnsName>
                    <reason/>
                    <amiLaunchIndex>0</amiLaunchIndex>
                    <productCodes/>
                    <instanceType>t2.micro</instanceType>
                    <launchTime>2022-03-16T22:26:37.000Z</launchTime>
                    <placement>
                        <availabilityZone>us-west-1c</availabilityZone>
                        <groupName/>
                        <groupId/>
                        <tenancy>default</tenancy>
                    </placement>
                    <monitoring>
                        <state>disabled</state>
                    </monitoring>
                    <subnetId>subnet-055c41fce697f9cca</subnetId>
                    <vpcId>vpc-0d2831659ef89870c</vpcId>
                    <privateIpAddress>10.1.9.102</privateIpAddress>
                    <ipAddress>54.176.37.249</ipAddress>
                    <sourceDestCheck>true</sourceDestCheck>
                    <groupSet>
                        <item>
                            <groupId>sg-0895ed0b2b96698f6</groupId>
                            <groupName>default</groupName>
                        </item>
                    </groupSet>
                    <architecture>x86_64</architecture>
                    <rootDeviceType>ebs</rootDeviceType>
                    <rootDeviceName>/dev/xvda</rootDeviceName>
                    <blockDeviceMapping>
                        <item>
                            <deviceName>/dev/xvda</deviceName>
                            <ebs>
                                <volumeId>vol-0b692774675e6c8fe</volumeId>
                                <status>attaching</status>
                                <attachTime>2022-03-16T22:26:38.000Z</attachTime>
                                <deleteOnTermination>true</deleteOnTermination>
                            </ebs>
                        </item>
                    </blockDeviceMapping>
                    <virtualizationType>hvm</virtualizationType>
                    <clientToken>60E443ED-F08F-48E2-B268-72D62BDA31EF</clientToken>
                    <tagSet>
                        <item>
                            <key>Name</key>
                            <value>julian.montoyag.db.terraform</value>
                        </item>
                        <item>
                            <key>responsible</key>
                            <value>julian.montoyag</value>
                        </item>
                        <item>
                            <key>project</key>
                            <value>ramp-up-devops</value>
                        </item>
                    </tagSet>
                    <hypervisor>xen</hypervisor>
                    <networkInterfaceSet>
                        <item>
                            <networkInterfaceId>eni-0df9076e0c3ff234f</networkInterfaceId>
                            <subnetId>subnet-055c41fce697f9cca</subnetId>
                            <vpcId>vpc-0d2831659ef89870c</vpcId>
                            <description/>
                            <ownerId>961518039473</ownerId>
                            <status>in-use</status>
                            <macAddress>06:53:50:9f:33:af</macAddress>
                            <privateIpAddress>10.1.9.102</privateIpAddress>
                            <privateDnsName>ip-10-1-9-102.us-west-1.compute.internal</privateDnsName>
                            <sourceDestCheck>true</sourceDestCheck>
                            <groupSet>
                                <item>
                                    <groupId>sg-0895ed0b2b96698f6</groupId>
                                    <groupName>default</groupName>
                                </item>
                            </groupSet>
                            <attachment>
                                <attachmentId>eni-attach-01a873c3af780b3e7</attachmentId>
                                <deviceIndex>0</deviceIndex>
                                <status>attaching</status>
                                <attachTime>2022-03-16T22:26:37.000Z</attachTime>
                                <deleteOnTermination>true</deleteOnTermination>
                                <networkCardIndex>0</networkCardIndex>
                            </attachment>
                            <association>
                                <publicIp>54.176.37.249</publicIp>
                                <publicDnsName>ec2-54-176-37-249.us-west-1.compute.amazonaws.com</publicDnsName>
                                <ipOwnerId>amazon</ipOwnerId>
                            </association>
                            <privateIpAddressesSet>
                                <item>
                                    <privateIpAddress>10.1.9.102</privateIpAddress>
                                    <privateDnsName>ip-10-1-9-102.us-west-1.compute.internal</privateDnsName>
                                    <primary>true</primary>
                                    <association>
                                    <publicIp>54.176.37.249</publicIp>
                                    <publicDnsName>ec2-54-176-37-249.us-west-1.compute.amazonaws.com</publicDnsName>
                                    <ipOwnerId>amazon</ipOwnerId>
                                    </association>
                                </item>
                            </privateIpAddressesSet>
                            <ipv6AddressesSet/>
                            <interfaceType>interface</interfaceType>
                        </item>
                    </networkInterfaceSet>
                    <ebsOptimized>false</ebsOptimized>
                    <enaSupport>true</enaSupport>
                    <cpuOptions>
                        <coreCount>1</coreCount>
                        <threadsPerCore>1</threadsPerCore>
                    </cpuOptions>
                    <capacityReservationSpecification>
                        <capacityReservationPreference>open</capacityReservationPreference>
                    </capacityReservationSpecification>
                    <hibernationOptions>
                        <configured>false</configured>
                    </hibernationOptions>
                    <enclaveOptions>
                        <enabled>false</enabled>
                    </enclaveOptions>
                    <metadataOptions>
                        <state>pending</state>
                        <httpTokens>optional</httpTokens>
                        <httpPutResponseHopLimit>1</httpPutResponseHopLimit>
                        <httpEndpoint>enabled</httpEndpoint>
                        <httpProtocolIpv4>enabled</httpProtocolIpv4>
                        <httpProtocolIpv6>disabled</httpProtocolIpv6>
                        <instanceMetadataTags>disabled</instanceMetadataTags>
                    </metadataOptions>
                    <platformDetails>Linux/UNIX</platformDetails>
                    <usageOperation>RunInstances</usageOperation>
                    <usageOperationUpdateTime>2022-03-16T22:26:37.000Z</usageOperationUpdateTime>
                    <privateDnsNameOptions>
                        <hostnameType>ip-name</hostnameType>
                        <enableResourceNameDnsARecord>false</enableResourceNameDnsARecord>
                        <enableResourceNameDnsAAAARecord>false</enableResourceNameDnsAAAARecord>
                    </privateDnsNameOptions>
                </item>
            </instancesSet>
        </item>
    </reservationSet>
</DescribeInstancesResponse>: timestamp=2022-03-16T17:26:53.530-0500
2022-03-16T17:26:53.624-0500 [DEBUG] provider.terraform-provider-aws_v4.4.0_x5.exe: [aws-sdk-go] DEBUG: Request ec2/DescribeInstances Details:
---[ REQUEST POST-SIGN ]-----------------------------
POST / HTTP/1.1
Host: ec2.us-west-1.amazonaws.com
User-Agent: APN/1.0 HashiCorp/1.0 Terraform/1.1.7 (+https://www.terraform.io) terraform-provider-aws/4.4.0 (+https://registry.terraform.io/providers/hashicorp/aws) aws-sdk-go/1.43.9 (go1.17.6; windows; amd64)
Content-Length: 76
Authorization: AWS4-HMAC-SHA256 Credential=AKIA57XXQ6GYZQPYSK4X/20220316/us-west-1/ec2/aws4_request, SignedHeaders=content-length;content-type;host;x-amz-date, Signature=7b789642152e2c8fbe3c41001833080c6c9eed23d6c0022a9ce96d783b0b5a33
Content-Type: application/x-www-form-urlencoded; charset=utf-8
X-Amz-Date: 20220316T222653Z
Accept-Encoding: gzip

Action=DescribeInstances&InstanceId.1=i-0c9bd8e7e027c4788&Version=2016-11-15
-----------------------------------------------------: timestamp=2022-03-16T17:26:53.624-0500
2022-03-16T17:26:53.804-0500 [DEBUG] provider.terraform-provider-aws_v4.4.0_x5.exe: [aws-sdk-go] DEBUG: Response ec2/DescribeInstances Details:
---[ RESPONSE ]--------------------------------------
HTTP/1.1 200 OK
Transfer-Encoding: chunked
Cache-Control: no-cache, no-store
Content-Type: text/xml;charset=UTF-8
Date: Wed, 16 Mar 2022 22:26:57 GMT
Server: AmazonEC2
Strict-Transport-Security: max-age=31536000; includeSubDomains
Vary: accept-encoding
X-Amzn-Requestid: 8b6898ee-0c61-4ccb-888a-ce0b6a45936f


-----------------------------------------------------: timestamp=2022-03-16T17:26:53.804-0500
2022-03-16T17:26:53.804-0500 [DEBUG] provider.terraform-provider-aws_v4.4.0_x5.exe: [aws-sdk-go] <?xml version="1.0" encoding="UTF-8"?>
<DescribeInstancesResponse xmlns="http://ec2.amazonaws.com/doc/2016-11-15/">
    <requestId>8b6898ee-0c61-4ccb-888a-ce0b6a45936f</requestId>
    <reservationSet>
        <item>
            <reservationId>r-021c345f08c6230b2</reservationId>
            <ownerId>961518039473</ownerId>
            <groupSet/>
            <instancesSet>
                <item>
                    <instanceId>i-0c9bd8e7e027c4788</instanceId>
                    <imageId>ami-0a8a24772b8f01294</imageId>
                    <instanceState>
                        <code>0</code>
                        <name>pending</name>
                    </instanceState>
                    <privateDnsName>ip-10-1-12-108.us-west-1.compute.internal</privateDnsName>
                    <dnsName>ec2-18-144-154-217.us-west-1.compute.amazonaws.com</dnsName>
                    <reason/>
                    <amiLaunchIndex>0</amiLaunchIndex>
                    <productCodes/>
                    <instanceType>t2.micro</instanceType>
                    <launchTime>2022-03-16T22:26:37.000Z</launchTime>
                    <placement>
                        <availabilityZone>us-west-1c</availabilityZone>
                        <groupName/>
                        <groupId/>
                        <tenancy>default</tenancy>
                    </placement>
                    <monitoring>
                        <state>disabled</state>
                    </monitoring>
                    <subnetId>subnet-055c41fce697f9cca</subnetId>
                    <vpcId>vpc-0d2831659ef89870c</vpcId>
                    <privateIpAddress>10.1.12.108</privateIpAddress>
                    <ipAddress>18.144.154.217</ipAddress>
                    <sourceDestCheck>true</sourceDestCheck>
                    <groupSet>
                        <item>
                            <groupId>sg-0895ed0b2b96698f6</groupId>
                            <groupName>default</groupName>
                        </item>
                    </groupSet>
                    <architecture>x86_64</architecture>
                    <rootDeviceType>ebs</rootDeviceType>
                    <rootDeviceName>/dev/xvda</rootDeviceName>
                    <blockDeviceMapping>
                        <item>
                            <deviceName>/dev/xvda</deviceName>
                            <ebs>
                                <volumeId>vol-0b447cb093314b8f7</volumeId>
                                <status>attaching</status>
                                <attachTime>2022-03-16T22:26:38.000Z</attachTime>
                                <deleteOnTermination>true</deleteOnTermination>
                            </ebs>
                        </item>
                    </blockDeviceMapping>
                    <virtualizationType>hvm</virtualizationType>
                    <clientToken>1DF3D773-9F87-4D60-835E-A419B0D32470</clientToken>
                    <tagSet>
                        <item>
                            <key>Name</key>
                            <value>julian.montoyag.api.terraform</value>
                        </item>
                        <item>
                            <key>responsible</key>
                            <value>julian.montoyag</value>
                        </item>
                        <item>
                            <key>project</key>
                            <value>ramp-up-devops</value>
                        </item>
                    </tagSet>
                    <hypervisor>xen</hypervisor>
                    <networkInterfaceSet>
                        <item>
                            <networkInterfaceId>eni-051a11fcb30501cb9</networkInterfaceId>
                            <subnetId>subnet-055c41fce697f9cca</subnetId>
                            <vpcId>vpc-0d2831659ef89870c</vpcId>
                            <description/>
                            <ownerId>961518039473</ownerId>
                            <status>in-use</status>
                            <macAddress>06:a6:a5:d7:d2:83</macAddress>
                            <privateIpAddress>10.1.12.108</privateIpAddress>
                            <privateDnsName>ip-10-1-12-108.us-west-1.compute.internal</privateDnsName>
                            <sourceDestCheck>true</sourceDestCheck>
                            <groupSet>
                                <item>
                                    <groupId>sg-0895ed0b2b96698f6</groupId>
                                    <groupName>default</groupName>
                                </item>
                            </groupSet>
                            <attachment>
                                <attachmentId>eni-attach-03e5029218b18c610</attachmentId>
                                <deviceIndex>0</deviceIndex>
                                <status>attaching</status>
                                <attachTime>2022-03-16T22:26:37.000Z</attachTime>
                                <deleteOnTermination>true</deleteOnTermination>
                                <networkCardIndex>0</networkCardIndex>
                            </attachment>
                            <association>
                                <publicIp>18.144.154.217</publicIp>
                                <publicDnsName>ec2-18-144-154-217.us-west-1.compute.amazonaws.com</publicDnsName>
                                <ipOwnerId>amazon</ipOwnerId>
                            </association>
                            <privateIpAddressesSet>
                                <item>
                                    <privateIpAddress>10.1.12.108</privateIpAddress>
                                    <privateDnsName>ip-10-1-12-108.us-west-1.compute.internal</privateDnsName>
                                    <primary>true</primary>
                                    <association>
                                    <publicIp>18.144.154.217</publicIp>
                                    <publicDnsName>ec2-18-144-154-217.us-west-1.compute.amazonaws.com</publicDnsName>
                                    <ipOwnerId>amazon</ipOwnerId>
                                    </association>
                                </item>
                            </privateIpAddressesSet>
                            <ipv6AddressesSet/>
                            <interfaceType>interface</interfaceType>
                        </item>
                    </networkInterfaceSet>
                    <ebsOptimized>false</ebsOptimized>
                    <enaSupport>true</enaSupport>
                    <cpuOptions>
                        <coreCount>1</coreCount>
                        <threadsPerCore>1</threadsPerCore>
                    </cpuOptions>
                    <capacityReservationSpecification>
                        <capacityReservationPreference>open</capacityReservationPreference>
                    </capacityReservationSpecification>
                    <hibernationOptions>
                        <configured>false</configured>
                    </hibernationOptions>
                    <enclaveOptions>
                        <enabled>false</enabled>
                    </enclaveOptions>
                    <metadataOptions>
                        <state>pending</state>
                        <httpTokens>optional</httpTokens>
                        <httpPutResponseHopLimit>1</httpPutResponseHopLimit>
                        <httpEndpoint>enabled</httpEndpoint>
                        <httpProtocolIpv4>enabled</httpProtocolIpv4>
                        <httpProtocolIpv6>disabled</httpProtocolIpv6>
                        <instanceMetadataTags>disabled</instanceMetadataTags>
                    </metadataOptions>
                    <platformDetails>Linux/UNIX</platformDetails>
                    <usageOperation>RunInstances</usageOperation>
                    <usageOperationUpdateTime>2022-03-16T22:26:37.000Z</usageOperationUpdateTime>
                    <privateDnsNameOptions>
                        <hostnameType>ip-name</hostnameType>
                        <enableResourceNameDnsARecord>false</enableResourceNameDnsARecord>
                        <enableResourceNameDnsAAAARecord>false</enableResourceNameDnsAAAARecord>
                    </privateDnsNameOptions>
                </item>
            </instancesSet>
        </item>
    </reservationSet>
</DescribeInstancesResponse>: timestamp=2022-03-16T17:26:53.804-0500
module.instances.aws_instance.instance_terraform[0]: Still creating... [30s elapsed]
module.instances.aws_instance.instance_terraform[2]: Still creating... [30s elapsed]
module.instances.aws_instance.instance_terraform[1]: Still creating... [30s elapsed]
2022-03-16T17:27:03.163-0500 [DEBUG] provider.terraform-provider-aws_v4.4.0_x5.exe: [aws-sdk-go] DEBUG: Request ec2/DescribeInstances Details:
---[ REQUEST POST-SIGN ]-----------------------------
POST / HTTP/1.1
Host: ec2.us-west-1.amazonaws.com
User-Agent: APN/1.0 HashiCorp/1.0 Terraform/1.1.7 (+https://www.terraform.io) terraform-provider-aws/4.4.0 (+https://registry.terraform.io/providers/hashicorp/aws) aws-sdk-go/1.43.9 (go1.17.6; windows; amd64)
Content-Length: 76
Authorization: AWS4-HMAC-SHA256 Credential=AKIA57XXQ6GYZQPYSK4X/20220316/us-west-1/ec2/aws4_request, SignedHeaders=content-length;content-type;host;x-amz-date, Signature=ac462021d20325c218c168db4707b54598d1e1065d129bec9a30a2e12c9059b2
Content-Type: application/x-www-form-urlencoded; charset=utf-8
X-Amz-Date: 20220316T222703Z
Accept-Encoding: gzip

Action=DescribeInstances&InstanceId.1=i-062c73843ebac7629&Version=2016-11-15
-----------------------------------------------------: timestamp=2022-03-16T17:27:03.163-0500
2022-03-16T17:27:03.411-0500 [DEBUG] provider.terraform-provider-aws_v4.4.0_x5.exe: [aws-sdk-go] DEBUG: Response ec2/DescribeInstances Details:
---[ RESPONSE ]--------------------------------------
HTTP/1.1 200 OK
Transfer-Encoding: chunked
Cache-Control: no-cache, no-store
Content-Type: text/xml;charset=UTF-8
Date: Wed, 16 Mar 2022 22:27:06 GMT
Server: AmazonEC2
Strict-Transport-Security: max-age=31536000; includeSubDomains
Vary: accept-encoding
X-Amzn-Requestid: 5be18bdf-e7d9-4693-aec6-51d60762fadc


-----------------------------------------------------: timestamp=2022-03-16T17:27:03.411-0500
2022-03-16T17:27:03.411-0500 [DEBUG] provider.terraform-provider-aws_v4.4.0_x5.exe: [aws-sdk-go] <?xml version="1.0" encoding="UTF-8"?>
<DescribeInstancesResponse xmlns="http://ec2.amazonaws.com/doc/2016-11-15/">
    <requestId>5be18bdf-e7d9-4693-aec6-51d60762fadc</requestId>
    <reservationSet>
        <item>
            <reservationId>r-07fdf57eaeb757123</reservationId>
            <ownerId>961518039473</ownerId>
            <groupSet/>
            <instancesSet>
                <item>
                    <instanceId>i-062c73843ebac7629</instanceId>
                    <imageId>ami-0a8a24772b8f01294</imageId>
                    <instanceState>
                        <code>16</code>
                        <name>running</name>
                    </instanceState>
                    <privateDnsName>ip-10-1-15-15.us-west-1.compute.internal</privateDnsName>
                    <dnsName>ec2-52-53-160-167.us-west-1.compute.amazonaws.com</dnsName>
                    <reason/>
                    <amiLaunchIndex>0</amiLaunchIndex>
                    <productCodes/>
                    <instanceType>t2.micro</instanceType>
                    <launchTime>2022-03-16T22:26:37.000Z</launchTime>
                    <placement>
                        <availabilityZone>us-west-1c</availabilityZone>
                        <groupName/>
                        <groupId/>
                        <tenancy>default</tenancy>
                    </placement>
                    <monitoring>
                        <state>disabled</state>
                    </monitoring>
                    <subnetId>subnet-055c41fce697f9cca</subnetId>
                    <vpcId>vpc-0d2831659ef89870c</vpcId>
                    <privateIpAddress>10.1.15.15</privateIpAddress>
                    <ipAddress>52.53.160.167</ipAddress>
                    <sourceDestCheck>true</sourceDestCheck>
                    <groupSet>
                        <item>
                            <groupId>sg-0895ed0b2b96698f6</groupId>
                            <groupName>default</groupName>
                        </item>
                    </groupSet>
                    <architecture>x86_64</architecture>
                    <rootDeviceType>ebs</rootDeviceType>
                    <rootDeviceName>/dev/xvda</rootDeviceName>
                    <blockDeviceMapping>
                        <item>
                            <deviceName>/dev/xvda</deviceName>
                            <ebs>
                                <volumeId>vol-0e756124015cedbed</volumeId>
                                <status>attached</status>
                                <attachTime>2022-03-16T22:26:38.000Z</attachTime>
                                <deleteOnTermination>true</deleteOnTermination>
                            </ebs>
                        </item>
                    </blockDeviceMapping>
                    <virtualizationType>hvm</virtualizationType>
                    <clientToken>328512C2-3E4D-4D2B-9B8E-2AD384D83470</clientToken>
                    <tagSet>
                        <item>
                            <key>project</key>
                            <value>ramp-up-devops</value>
                        </item>
                        <item>
                            <key>Name</key>
                            <value>julian.montoyag.ui.terraform</value>
                        </item>
                        <item>
                            <key>responsible</key>
                            <value>julian.montoyag</value>
                        </item>
                    </tagSet>
                    <hypervisor>xen</hypervisor>
                    <networkInterfaceSet>
                        <item>
                            <networkInterfaceId>eni-0e117dbeb0cae1904</networkInterfaceId>
                            <subnetId>subnet-055c41fce697f9cca</subnetId>
                            <vpcId>vpc-0d2831659ef89870c</vpcId>
                            <description/>
                            <ownerId>961518039473</ownerId>
                            <status>in-use</status>
                            <macAddress>06:3c:b6:b9:07:9f</macAddress>
                            <privateIpAddress>10.1.15.15</privateIpAddress>
                            <privateDnsName>ip-10-1-15-15.us-west-1.compute.internal</privateDnsName>
                            <sourceDestCheck>true</sourceDestCheck>
                            <groupSet>
                                <item>
                                    <groupId>sg-0895ed0b2b96698f6</groupId>
                                    <groupName>default</groupName>
                                </item>
                            </groupSet>
                            <attachment>
                                <attachmentId>eni-attach-037194ded83596fd8</attachmentId>
                                <deviceIndex>0</deviceIndex>
                                <status>attached</status>
                                <attachTime>2022-03-16T22:26:37.000Z</attachTime>
                                <deleteOnTermination>true</deleteOnTermination>
                                <networkCardIndex>0</networkCardIndex>
                            </attachment>
                            <association>
                                <publicIp>52.53.160.167</publicIp>
                                <publicDnsName>ec2-52-53-160-167.us-west-1.compute.amazonaws.com</publicDnsName>
                                <ipOwnerId>amazon</ipOwnerId>
                            </association>
                            <privateIpAddressesSet>
                                <item>
                                    <privateIpAddress>10.1.15.15</privateIpAddress>
                                    <privateDnsName>ip-10-1-15-15.us-west-1.compute.internal</privateDnsName>
                                    <primary>true</primary>
                                    <association>
                                    <publicIp>52.53.160.167</publicIp>
                                    <publicDnsName>ec2-52-53-160-167.us-west-1.compute.amazonaws.com</publicDnsName>
                                    <ipOwnerId>amazon</ipOwnerId>
                                    </association>
                                </item>
                            </privateIpAddressesSet>
                            <ipv6AddressesSet/>
                            <interfaceType>interface</interfaceType>
                        </item>
                    </networkInterfaceSet>
                    <ebsOptimized>false</ebsOptimized>
                    <enaSupport>true</enaSupport>
                    <cpuOptions>
                        <coreCount>1</coreCount>
                        <threadsPerCore>1</threadsPerCore>
                    </cpuOptions>
                    <capacityReservationSpecification>
                        <capacityReservationPreference>open</capacityReservationPreference>
                    </capacityReservationSpecification>
                    <hibernationOptions>
                        <configured>false</configured>
                    </hibernationOptions>
                    <enclaveOptions>
                        <enabled>false</enabled>
                    </enclaveOptions>
                    <metadataOptions>
                        <state>applied</state>
                        <httpTokens>optional</httpTokens>
                        <httpPutResponseHopLimit>1</httpPutResponseHopLimit>
                        <httpEndpoint>enabled</httpEndpoint>
                        <httpProtocolIpv4>enabled</httpProtocolIpv4>
                        <httpProtocolIpv6>disabled</httpProtocolIpv6>
                        <instanceMetadataTags>disabled</instanceMetadataTags>
                    </metadataOptions>
                    <platformDetails>Linux/UNIX</platformDetails>
                    <usageOperation>RunInstances</usageOperation>
                    <usageOperationUpdateTime>2022-03-16T22:26:37.000Z</usageOperationUpdateTime>
                    <privateDnsNameOptions>
                        <hostnameType>ip-name</hostnameType>
                        <enableResourceNameDnsARecord>false</enableResourceNameDnsARecord>
                        <enableResourceNameDnsAAAARecord>false</enableResourceNameDnsAAAARecord>
                    </privateDnsNameOptions>
                </item>
            </instancesSet>
        </item>
    </reservationSet>
</DescribeInstancesResponse>: timestamp=2022-03-16T17:27:03.411-0500
2022-03-16T17:27:03.411-0500 [DEBUG] provider.terraform-provider-aws_v4.4.0_x5.exe: [aws-sdk-go] DEBUG: Request ec2/DescribeInstances Details:
---[ REQUEST POST-SIGN ]-----------------------------
POST / HTTP/1.1
Host: ec2.us-west-1.amazonaws.com
User-Agent: APN/1.0 HashiCorp/1.0 Terraform/1.1.7 (+https://www.terraform.io) terraform-provider-aws/4.4.0 (+https://registry.terraform.io/providers/hashicorp/aws) aws-sdk-go/1.43.9 (go1.17.6; windows; amd64)
Content-Length: 76
Authorization: AWS4-HMAC-SHA256 Credential=AKIA57XXQ6GYZQPYSK4X/20220316/us-west-1/ec2/aws4_request, SignedHeaders=content-length;content-type;host;x-amz-date, Signature=ac462021d20325c218c168db4707b54598d1e1065d129bec9a30a2e12c9059b2
Content-Type: application/x-www-form-urlencoded; charset=utf-8
X-Amz-Date: 20220316T222703Z
Accept-Encoding: gzip

Action=DescribeInstances&InstanceId.1=i-062c73843ebac7629&Version=2016-11-15
-----------------------------------------------------: timestamp=2022-03-16T17:27:03.411-0500
2022-03-16T17:27:03.540-0500 [DEBUG] provider.terraform-provider-aws_v4.4.0_x5.exe: [aws-sdk-go] DEBUG: Request ec2/DescribeInstances Details:
---[ REQUEST POST-SIGN ]-----------------------------
POST / HTTP/1.1
Host: ec2.us-west-1.amazonaws.com
User-Agent: APN/1.0 HashiCorp/1.0 Terraform/1.1.7 (+https://www.terraform.io) terraform-provider-aws/4.4.0 (+https://registry.terraform.io/providers/hashicorp/aws) aws-sdk-go/1.43.9 (go1.17.6; windows; amd64)
Content-Length: 76
Authorization: AWS4-HMAC-SHA256 Credential=AKIA57XXQ6GYZQPYSK4X/20220316/us-west-1/ec2/aws4_request, SignedHeaders=content-length;content-type;host;x-amz-date, Signature=3d0e8d2a148d81bd6c06bf3f36bf31209e71b9ac1d75f044cece79e9a5aedcaa
Content-Type: application/x-www-form-urlencoded; charset=utf-8
X-Amz-Date: 20220316T222703Z
Accept-Encoding: gzip

Action=DescribeInstances&InstanceId.1=i-0febe7a22f77a5080&Version=2016-11-15
-----------------------------------------------------: timestamp=2022-03-16T17:27:03.540-0500
2022-03-16T17:27:03.628-0500 [DEBUG] provider.terraform-provider-aws_v4.4.0_x5.exe: [aws-sdk-go] DEBUG: Response ec2/DescribeInstances Details:
---[ RESPONSE ]--------------------------------------
HTTP/1.1 200 OK
Transfer-Encoding: chunked
Cache-Control: no-cache, no-store
Content-Type: text/xml;charset=UTF-8
Date: Wed, 16 Mar 2022 22:27:06 GMT
Server: AmazonEC2
Strict-Transport-Security: max-age=31536000; includeSubDomains
Vary: accept-encoding
X-Amzn-Requestid: 6516f21f-86e8-48aa-abcc-90e04f0a345b


-----------------------------------------------------: timestamp=2022-03-16T17:27:03.628-0500
2022-03-16T17:27:03.628-0500 [DEBUG] provider.terraform-provider-aws_v4.4.0_x5.exe: [aws-sdk-go] <?xml version="1.0" encoding="UTF-8"?>
<DescribeInstancesResponse xmlns="http://ec2.amazonaws.com/doc/2016-11-15/">
    <requestId>6516f21f-86e8-48aa-abcc-90e04f0a345b</requestId>
    <reservationSet>
        <item>
            <reservationId>r-07fdf57eaeb757123</reservationId>
            <ownerId>961518039473</ownerId>
            <groupSet/>
            <instancesSet>
                <item>
                    <instanceId>i-062c73843ebac7629</instanceId>
                    <imageId>ami-0a8a24772b8f01294</imageId>
                    <instanceState>
                        <code>16</code>
                        <name>running</name>
                    </instanceState>
                    <privateDnsName>ip-10-1-15-15.us-west-1.compute.internal</privateDnsName>
                    <dnsName>ec2-52-53-160-167.us-west-1.compute.amazonaws.com</dnsName>
                    <reason/>
                    <amiLaunchIndex>0</amiLaunchIndex>
                    <productCodes/>
                    <instanceType>t2.micro</instanceType>
                    <launchTime>2022-03-16T22:26:37.000Z</launchTime>
                    <placement>
                        <availabilityZone>us-west-1c</availabilityZone>
                        <groupName/>
                        <groupId/>
                        <tenancy>default</tenancy>
                    </placement>
                    <monitoring>
                        <state>disabled</state>
                    </monitoring>
                    <subnetId>subnet-055c41fce697f9cca</subnetId>
                    <vpcId>vpc-0d2831659ef89870c</vpcId>
                    <privateIpAddress>10.1.15.15</privateIpAddress>
                    <ipAddress>52.53.160.167</ipAddress>
                    <sourceDestCheck>true</sourceDestCheck>
                    <groupSet>
                        <item>
                            <groupId>sg-0895ed0b2b96698f6</groupId>
                            <groupName>default</groupName>
                        </item>
                    </groupSet>
                    <architecture>x86_64</architecture>
                    <rootDeviceType>ebs</rootDeviceType>
                    <rootDeviceName>/dev/xvda</rootDeviceName>
                    <blockDeviceMapping>
                        <item>
                            <deviceName>/dev/xvda</deviceName>
                            <ebs>
                                <volumeId>vol-0e756124015cedbed</volumeId>
                                <status>attached</status>
                                <attachTime>2022-03-16T22:26:38.000Z</attachTime>
                                <deleteOnTermination>true</deleteOnTermination>
                            </ebs>
                        </item>
                    </blockDeviceMapping>
                    <virtualizationType>hvm</virtualizationType>
                    <clientToken>328512C2-3E4D-4D2B-9B8E-2AD384D83470</clientToken>
                    <tagSet>
                        <item>
                            <key>project</key>
                            <value>ramp-up-devops</value>
                        </item>
                        <item>
                            <key>Name</key>
                            <value>julian.montoyag.ui.terraform</value>
                        </item>
                        <item>
                            <key>responsible</key>
                            <value>julian.montoyag</value>
                        </item>
                    </tagSet>
                    <hypervisor>xen</hypervisor>
                    <networkInterfaceSet>
                        <item>
                            <networkInterfaceId>eni-0e117dbeb0cae1904</networkInterfaceId>
                            <subnetId>subnet-055c41fce697f9cca</subnetId>
                            <vpcId>vpc-0d2831659ef89870c</vpcId>
                            <description/>
                            <ownerId>961518039473</ownerId>
                            <status>in-use</status>
                            <macAddress>06:3c:b6:b9:07:9f</macAddress>
                            <privateIpAddress>10.1.15.15</privateIpAddress>
                            <privateDnsName>ip-10-1-15-15.us-west-1.compute.internal</privateDnsName>
                            <sourceDestCheck>true</sourceDestCheck>
                            <groupSet>
                                <item>
                                    <groupId>sg-0895ed0b2b96698f6</groupId>
                                    <groupName>default</groupName>
                                </item>
                            </groupSet>
                            <attachment>
                                <attachmentId>eni-attach-037194ded83596fd8</attachmentId>
                                <deviceIndex>0</deviceIndex>
                                <status>attached</status>
                                <attachTime>2022-03-16T22:26:37.000Z</attachTime>
                                <deleteOnTermination>true</deleteOnTermination>
                                <networkCardIndex>0</networkCardIndex>
                            </attachment>
                            <association>
                                <publicIp>52.53.160.167</publicIp>
                                <publicDnsName>ec2-52-53-160-167.us-west-1.compute.amazonaws.com</publicDnsName>
                                <ipOwnerId>amazon</ipOwnerId>
                            </association>
                            <privateIpAddressesSet>
                                <item>
                                    <privateIpAddress>10.1.15.15</privateIpAddress>
                                    <privateDnsName>ip-10-1-15-15.us-west-1.compute.internal</privateDnsName>
                                    <primary>true</primary>
                                    <association>
                                    <publicIp>52.53.160.167</publicIp>
                                    <publicDnsName>ec2-52-53-160-167.us-west-1.compute.amazonaws.com</publicDnsName>
                                    <ipOwnerId>amazon</ipOwnerId>
                                    </association>
                                </item>
                            </privateIpAddressesSet>
                            <ipv6AddressesSet/>
                            <interfaceType>interface</interfaceType>
                        </item>
                    </networkInterfaceSet>
                    <ebsOptimized>false</ebsOptimized>
                    <enaSupport>true</enaSupport>
                    <cpuOptions>
                        <coreCount>1</coreCount>
                        <threadsPerCore>1</threadsPerCore>
                    </cpuOptions>
                    <capacityReservationSpecification>
                        <capacityReservationPreference>open</capacityReservationPreference>
                    </capacityReservationSpecification>
                    <hibernationOptions>
                        <configured>false</configured>
                    </hibernationOptions>
                    <enclaveOptions>
                        <enabled>false</enabled>
                    </enclaveOptions>
                    <metadataOptions>
                        <state>applied</state>
                        <httpTokens>optional</httpTokens>
                        <httpPutResponseHopLimit>1</httpPutResponseHopLimit>
                        <httpEndpoint>enabled</httpEndpoint>
                        <httpProtocolIpv4>enabled</httpProtocolIpv4>
                        <httpProtocolIpv6>disabled</httpProtocolIpv6>
                        <instanceMetadataTags>disabled</instanceMetadataTags>
                    </metadataOptions>
                    <platformDetails>Linux/UNIX</platformDetails>
                    <usageOperation>RunInstances</usageOperation>
                    <usageOperationUpdateTime>2022-03-16T22:26:37.000Z</usageOperationUpdateTime>
                    <privateDnsNameOptions>
                        <hostnameType>ip-name</hostnameType>
                        <enableResourceNameDnsARecord>false</enableResourceNameDnsARecord>
                        <enableResourceNameDnsAAAARecord>false</enableResourceNameDnsAAAARecord>
                    </privateDnsNameOptions>
                </item>
            </instancesSet>
        </item>
    </reservationSet>
</DescribeInstancesResponse>: timestamp=2022-03-16T17:27:03.628-0500
2022-03-16T17:27:03.628-0500 [DEBUG] provider.terraform-provider-aws_v4.4.0_x5.exe: [aws-sdk-go] DEBUG: Request ec2/DescribeTags Details:
---[ REQUEST POST-SIGN ]-----------------------------
POST / HTTP/1.1
Host: ec2.us-west-1.amazonaws.com
User-Agent: APN/1.0 HashiCorp/1.0 Terraform/1.1.7 (+https://www.terraform.io) terraform-provider-aws/4.4.0 (+https://registry.terraform.io/providers/hashicorp/aws) aws-sdk-go/1.43.9 (go1.17.6; windows; amd64)
Content-Length: 165
Authorization: AWS4-HMAC-SHA256 Credential=AKIA57XXQ6GYZQPYSK4X/20220316/us-west-1/ec2/aws4_request, SignedHeaders=content-length;content-type;host;x-amz-date, Signature=0b6157a4f40f85dff524657d38ab29fae9880934b7fba3aff914ffebcf5ad925
Content-Type: application/x-www-form-urlencoded; charset=utf-8
X-Amz-Date: 20220316T222703Z
Accept-Encoding: gzip

Action=DescribeTags&Filter.1.Name=resource-id&Filter.1.Value.1=i-062c73843ebac7629&Filter.2.Name=key&Filter.2.Value.1=aws%3Aec2launchtemplate%3Aid&Version=2016-11-15
-----------------------------------------------------: timestamp=2022-03-16T17:27:03.628-0500
2022-03-16T17:27:03.781-0500 [DEBUG] provider.terraform-provider-aws_v4.4.0_x5.exe: [aws-sdk-go] DEBUG: Response ec2/DescribeInstances Details:
---[ RESPONSE ]--------------------------------------
HTTP/1.1 200 OK
Transfer-Encoding: chunked
Cache-Control: no-cache, no-store
Content-Type: text/xml;charset=UTF-8
Date: Wed, 16 Mar 2022 22:27:07 GMT
Server: AmazonEC2
Strict-Transport-Security: max-age=31536000; includeSubDomains
Vary: accept-encoding
X-Amzn-Requestid: 9bc13f91-9fbf-4df2-942f-4ba33c567cdc


-----------------------------------------------------: timestamp=2022-03-16T17:27:03.781-0500
2022-03-16T17:27:03.781-0500 [DEBUG] provider.terraform-provider-aws_v4.4.0_x5.exe: [aws-sdk-go] <?xml version="1.0" encoding="UTF-8"?>
<DescribeInstancesResponse xmlns="http://ec2.amazonaws.com/doc/2016-11-15/">
    <requestId>9bc13f91-9fbf-4df2-942f-4ba33c567cdc</requestId>
    <reservationSet>
        <item>
            <reservationId>r-095972d063f6746f2</reservationId>
            <ownerId>961518039473</ownerId>
            <groupSet/>
            <instancesSet>
                <item>
                    <instanceId>i-0febe7a22f77a5080</instanceId>
                    <imageId>ami-0a8a24772b8f01294</imageId>
                    <instanceState>
                        <code>16</code>
                        <name>running</name>
                    </instanceState>
                    <privateDnsName>ip-10-1-9-102.us-west-1.compute.internal</privateDnsName>
                    <dnsName>ec2-54-176-37-249.us-west-1.compute.amazonaws.com</dnsName>
                    <reason/>
                    <amiLaunchIndex>0</amiLaunchIndex>
                    <productCodes/>
                    <instanceType>t2.micro</instanceType>
                    <launchTime>2022-03-16T22:26:37.000Z</launchTime>
                    <placement>
                        <availabilityZone>us-west-1c</availabilityZone>
                        <groupName/>
                        <groupId/>
                        <tenancy>default</tenancy>
                    </placement>
                    <monitoring>
                        <state>disabled</state>
                    </monitoring>
                    <subnetId>subnet-055c41fce697f9cca</subnetId>
                    <vpcId>vpc-0d2831659ef89870c</vpcId>
                    <privateIpAddress>10.1.9.102</privateIpAddress>
                    <ipAddress>54.176.37.249</ipAddress>
                    <sourceDestCheck>true</sourceDestCheck>
                    <groupSet>
                        <item>
                            <groupId>sg-0895ed0b2b96698f6</groupId>
                            <groupName>default</groupName>
                        </item>
                    </groupSet>
                    <architecture>x86_64</architecture>
                    <rootDeviceType>ebs</rootDeviceType>
                    <rootDeviceName>/dev/xvda</rootDeviceName>
                    <blockDeviceMapping>
                        <item>
                            <deviceName>/dev/xvda</deviceName>
                            <ebs>
                                <volumeId>vol-0b692774675e6c8fe</volumeId>
                                <status>attached</status>
                                <attachTime>2022-03-16T22:26:38.000Z</attachTime>
                                <deleteOnTermination>true</deleteOnTermination>
                            </ebs>
                        </item>
                    </blockDeviceMapping>
                    <virtualizationType>hvm</virtualizationType>
                    <clientToken>60E443ED-F08F-48E2-B268-72D62BDA31EF</clientToken>
                    <tagSet>
                        <item>
                            <key>Name</key>
                            <value>julian.montoyag.db.terraform</value>
                        </item>
                        <item>
                            <key>responsible</key>
                            <value>julian.montoyag</value>
                        </item>
                        <item>
                            <key>project</key>
                            <value>ramp-up-devops</value>
                        </item>
                    </tagSet>
                    <hypervisor>xen</hypervisor>
                    <networkInterfaceSet>
                        <item>
                            <networkInterfaceId>eni-0df9076e0c3ff234f</networkInterfaceId>
                            <subnetId>subnet-055c41fce697f9cca</subnetId>
                            <vpcId>vpc-0d2831659ef89870c</vpcId>
                            <description/>
                            <ownerId>961518039473</ownerId>
                            <status>in-use</status>
                            <macAddress>06:53:50:9f:33:af</macAddress>
                            <privateIpAddress>10.1.9.102</privateIpAddress>
                            <privateDnsName>ip-10-1-9-102.us-west-1.compute.internal</privateDnsName>
                            <sourceDestCheck>true</sourceDestCheck>
                            <groupSet>
                                <item>
                                    <groupId>sg-0895ed0b2b96698f6</groupId>
                                    <groupName>default</groupName>
                                </item>
                            </groupSet>
                            <attachment>
                                <attachmentId>eni-attach-01a873c3af780b3e7</attachmentId>
                                <deviceIndex>0</deviceIndex>
                                <status>attached</status>
                                <attachTime>2022-03-16T22:26:37.000Z</attachTime>
                                <deleteOnTermination>true</deleteOnTermination>
                                <networkCardIndex>0</networkCardIndex>
                            </attachment>
                            <association>
                                <publicIp>54.176.37.249</publicIp>
                                <publicDnsName>ec2-54-176-37-249.us-west-1.compute.amazonaws.com</publicDnsName>
                                <ipOwnerId>amazon</ipOwnerId>
                            </association>
                            <privateIpAddressesSet>
                                <item>
                                    <privateIpAddress>10.1.9.102</privateIpAddress>
                                    <privateDnsName>ip-10-1-9-102.us-west-1.compute.internal</privateDnsName>
                                    <primary>true</primary>
                                    <association>
                                    <publicIp>54.176.37.249</publicIp>
                                    <publicDnsName>ec2-54-176-37-249.us-west-1.compute.amazonaws.com</publicDnsName>
                                    <ipOwnerId>amazon</ipOwnerId>
                                    </association>
                                </item>
                            </privateIpAddressesSet>
                            <ipv6AddressesSet/>
                            <interfaceType>interface</interfaceType>
                        </item>
                    </networkInterfaceSet>
                    <ebsOptimized>false</ebsOptimized>
                    <enaSupport>true</enaSupport>
                    <cpuOptions>
                        <coreCount>1</coreCount>
                        <threadsPerCore>1</threadsPerCore>
                    </cpuOptions>
                    <capacityReservationSpecification>
                        <capacityReservationPreference>open</capacityReservationPreference>
                    </capacityReservationSpecification>
                    <hibernationOptions>
                        <configured>false</configured>
                    </hibernationOptions>
                    <enclaveOptions>
                        <enabled>false</enabled>
                    </enclaveOptions>
                    <metadataOptions>
                        <state>applied</state>
                        <httpTokens>optional</httpTokens>
                        <httpPutResponseHopLimit>1</httpPutResponseHopLimit>
                        <httpEndpoint>enabled</httpEndpoint>
                        <httpProtocolIpv4>enabled</httpProtocolIpv4>
                        <httpProtocolIpv6>disabled</httpProtocolIpv6>
                        <instanceMetadataTags>disabled</instanceMetadataTags>
                    </metadataOptions>
                    <platformDetails>Linux/UNIX</platformDetails>
                    <usageOperation>RunInstances</usageOperation>
                    <usageOperationUpdateTime>2022-03-16T22:26:37.000Z</usageOperationUpdateTime>
                    <privateDnsNameOptions>
                        <hostnameType>ip-name</hostnameType>
                        <enableResourceNameDnsARecord>false</enableResourceNameDnsARecord>
                        <enableResourceNameDnsAAAARecord>false</enableResourceNameDnsAAAARecord>
                    </privateDnsNameOptions>
                </item>
            </instancesSet>
        </item>
    </reservationSet>
</DescribeInstancesResponse>: timestamp=2022-03-16T17:27:03.781-0500
2022-03-16T17:27:03.781-0500 [DEBUG] provider.terraform-provider-aws_v4.4.0_x5.exe: [aws-sdk-go] DEBUG: Request ec2/DescribeInstances Details:
---[ REQUEST POST-SIGN ]-----------------------------
POST / HTTP/1.1
Host: ec2.us-west-1.amazonaws.com
User-Agent: APN/1.0 HashiCorp/1.0 Terraform/1.1.7 (+https://www.terraform.io) terraform-provider-aws/4.4.0 (+https://registry.terraform.io/providers/hashicorp/aws) aws-sdk-go/1.43.9 (go1.17.6; windows; amd64)
Content-Length: 76
Authorization: AWS4-HMAC-SHA256 Credential=AKIA57XXQ6GYZQPYSK4X/20220316/us-west-1/ec2/aws4_request, SignedHeaders=content-length;content-type;host;x-amz-date, Signature=3d0e8d2a148d81bd6c06bf3f36bf31209e71b9ac1d75f044cece79e9a5aedcaa
Content-Type: application/x-www-form-urlencoded; charset=utf-8
X-Amz-Date: 20220316T222703Z
Accept-Encoding: gzip

Action=DescribeInstances&InstanceId.1=i-0febe7a22f77a5080&Version=2016-11-15
-----------------------------------------------------: timestamp=2022-03-16T17:27:03.781-0500
2022-03-16T17:27:03.807-0500 [DEBUG] provider.terraform-provider-aws_v4.4.0_x5.exe: [aws-sdk-go] DEBUG: Request ec2/DescribeInstances Details:
---[ REQUEST POST-SIGN ]-----------------------------
POST / HTTP/1.1
Host: ec2.us-west-1.amazonaws.com
User-Agent: APN/1.0 HashiCorp/1.0 Terraform/1.1.7 (+https://www.terraform.io) terraform-provider-aws/4.4.0 (+https://registry.terraform.io/providers/hashicorp/aws) aws-sdk-go/1.43.9 (go1.17.6; windows; amd64)
Content-Length: 76
Authorization: AWS4-HMAC-SHA256 Credential=AKIA57XXQ6GYZQPYSK4X/20220316/us-west-1/ec2/aws4_request, SignedHeaders=content-length;content-type;host;x-amz-date, Signature=e63baedb885158087abb52c000b758a05fd2ac5d0866d70e208950f339672ad7
Content-Type: application/x-www-form-urlencoded; charset=utf-8
X-Amz-Date: 20220316T222703Z
Accept-Encoding: gzip

Action=DescribeInstances&InstanceId.1=i-0c9bd8e7e027c4788&Version=2016-11-15
-----------------------------------------------------: timestamp=2022-03-16T17:27:03.806-0500
2022-03-16T17:27:03.830-0500 [DEBUG] provider.terraform-provider-aws_v4.4.0_x5.exe: [aws-sdk-go] DEBUG: Response ec2/DescribeTags Details:
---[ RESPONSE ]--------------------------------------
HTTP/1.1 200 OK
Content-Length: 212
Cache-Control: no-cache, no-store
Content-Type: text/xml;charset=UTF-8
Date: Wed, 16 Mar 2022 22:27:07 GMT
Server: AmazonEC2
Strict-Transport-Security: max-age=31536000; includeSubDomains
X-Amzn-Requestid: 30a3dda1-f4c2-4263-8a18-d1a9554bc181


-----------------------------------------------------: timestamp=2022-03-16T17:27:03.830-0500
2022-03-16T17:27:03.830-0500 [DEBUG] provider.terraform-provider-aws_v4.4.0_x5.exe: [aws-sdk-go] <?xml version="1.0" encoding="UTF-8"?>
<DescribeTagsResponse xmlns="http://ec2.amazonaws.com/doc/2016-11-15/">
    <requestId>30a3dda1-f4c2-4263-8a18-d1a9554bc181</requestId>
    <tagSet/>
</DescribeTagsResponse>: timestamp=2022-03-16T17:27:03.830-0500
2022-03-16T17:27:03.830-0500 [DEBUG] provider.terraform-provider-aws_v4.4.0_x5.exe: [aws-sdk-go] DEBUG: Request ec2/DescribeVolumes Details:
---[ REQUEST POST-SIGN ]-----------------------------
POST / HTTP/1.1
Host: ec2.us-west-1.amazonaws.com
User-Agent: APN/1.0 HashiCorp/1.0 Terraform/1.1.7 (+https://www.terraform.io) terraform-provider-aws/4.4.0 (+https://registry.terraform.io/providers/hashicorp/aws) aws-sdk-go/1.43.9 (go1.17.6; windows; amd64)
Content-Length: 115
Authorization: AWS4-HMAC-SHA256 Credential=AKIA57XXQ6GYZQPYSK4X/20220316/us-west-1/ec2/aws4_request, SignedHeaders=content-length;content-type;host;x-amz-date, Signature=6626ecfd2caffb73e25d6671d7926d633a11088b0a7706d714afb1f633122aa2
Content-Type: application/x-www-form-urlencoded; charset=utf-8
X-Amz-Date: 20220316T222703Z
Accept-Encoding: gzip

Action=DescribeVolumes&Filter.1.Name=attachment.instance-id&Filter.1.Value.1=i-062c73843ebac7629&Version=2016-11-15
-----------------------------------------------------: timestamp=2022-03-16T17:27:03.830-0500
2022-03-16T17:27:03.964-0500 [DEBUG] provider.terraform-provider-aws_v4.4.0_x5.exe: [aws-sdk-go] DEBUG: Response ec2/DescribeInstances Details:
---[ RESPONSE ]--------------------------------------
HTTP/1.1 200 OK
Transfer-Encoding: chunked
Cache-Control: no-cache, no-store
Content-Type: text/xml;charset=UTF-8
Date: Wed, 16 Mar 2022 22:27:07 GMT
Server: AmazonEC2
Strict-Transport-Security: max-age=31536000; includeSubDomains
Vary: accept-encoding
X-Amzn-Requestid: 7a553b6c-c8e5-4c83-ad3b-33dbff7f5eea


-----------------------------------------------------: timestamp=2022-03-16T17:27:03.964-0500
2022-03-16T17:27:03.964-0500 [DEBUG] provider.terraform-provider-aws_v4.4.0_x5.exe: [aws-sdk-go] <?xml version="1.0" encoding="UTF-8"?>
<DescribeInstancesResponse xmlns="http://ec2.amazonaws.com/doc/2016-11-15/">
    <requestId>7a553b6c-c8e5-4c83-ad3b-33dbff7f5eea</requestId>
    <reservationSet>
        <item>
            <reservationId>r-095972d063f6746f2</reservationId>
            <ownerId>961518039473</ownerId>
            <groupSet/>
            <instancesSet>
                <item>
                    <instanceId>i-0febe7a22f77a5080</instanceId>
                    <imageId>ami-0a8a24772b8f01294</imageId>
                    <instanceState>
                        <code>16</code>
                        <name>running</name>
                    </instanceState>
                    <privateDnsName>ip-10-1-9-102.us-west-1.compute.internal</privateDnsName>
                    <dnsName>ec2-54-176-37-249.us-west-1.compute.amazonaws.com</dnsName>
                    <reason/>
                    <amiLaunchIndex>0</amiLaunchIndex>
                    <productCodes/>
                    <instanceType>t2.micro</instanceType>
                    <launchTime>2022-03-16T22:26:37.000Z</launchTime>
                    <placement>
                        <availabilityZone>us-west-1c</availabilityZone>
                        <groupName/>
                        <groupId/>
                        <tenancy>default</tenancy>
                    </placement>
                    <monitoring>
                        <state>disabled</state>
                    </monitoring>
                    <subnetId>subnet-055c41fce697f9cca</subnetId>
                    <vpcId>vpc-0d2831659ef89870c</vpcId>
                    <privateIpAddress>10.1.9.102</privateIpAddress>
                    <ipAddress>54.176.37.249</ipAddress>
                    <sourceDestCheck>true</sourceDestCheck>
                    <groupSet>
                        <item>
                            <groupId>sg-0895ed0b2b96698f6</groupId>
                            <groupName>default</groupName>
                        </item>
                    </groupSet>
                    <architecture>x86_64</architecture>
                    <rootDeviceType>ebs</rootDeviceType>
                    <rootDeviceName>/dev/xvda</rootDeviceName>
                    <blockDeviceMapping>
                        <item>
                            <deviceName>/dev/xvda</deviceName>
                            <ebs>
                                <volumeId>vol-0b692774675e6c8fe</volumeId>
                                <status>attached</status>
                                <attachTime>2022-03-16T22:26:38.000Z</attachTime>
                                <deleteOnTermination>true</deleteOnTermination>
                            </ebs>
                        </item>
                    </blockDeviceMapping>
                    <virtualizationType>hvm</virtualizationType>
                    <clientToken>60E443ED-F08F-48E2-B268-72D62BDA31EF</clientToken>
                    <tagSet>
                        <item>
                            <key>Name</key>
                            <value>julian.montoyag.db.terraform</value>
                        </item>
                        <item>
                            <key>responsible</key>
                            <value>julian.montoyag</value>
                        </item>
                        <item>
                            <key>project</key>
                            <value>ramp-up-devops</value>
                        </item>
                    </tagSet>
                    <hypervisor>xen</hypervisor>
                    <networkInterfaceSet>
                        <item>
                            <networkInterfaceId>eni-0df9076e0c3ff234f</networkInterfaceId>
                            <subnetId>subnet-055c41fce697f9cca</subnetId>
                            <vpcId>vpc-0d2831659ef89870c</vpcId>
                            <description/>
                            <ownerId>961518039473</ownerId>
                            <status>in-use</status>
                            <macAddress>06:53:50:9f:33:af</macAddress>
                            <privateIpAddress>10.1.9.102</privateIpAddress>
                            <privateDnsName>ip-10-1-9-102.us-west-1.compute.internal</privateDnsName>
                            <sourceDestCheck>true</sourceDestCheck>
                            <groupSet>
                                <item>
                                    <groupId>sg-0895ed0b2b96698f6</groupId>
                                    <groupName>default</groupName>
                                </item>
                            </groupSet>
                            <attachment>
                                <attachmentId>eni-attach-01a873c3af780b3e7</attachmentId>
                                <deviceIndex>0</deviceIndex>
                                <status>attached</status>
                                <attachTime>2022-03-16T22:26:37.000Z</attachTime>
                                <deleteOnTermination>true</deleteOnTermination>
                                <networkCardIndex>0</networkCardIndex>
                            </attachment>
                            <association>
                                <publicIp>54.176.37.249</publicIp>
                                <publicDnsName>ec2-54-176-37-249.us-west-1.compute.amazonaws.com</publicDnsName>
                                <ipOwnerId>amazon</ipOwnerId>
                            </association>
                            <privateIpAddressesSet>
                                <item>
                                    <privateIpAddress>10.1.9.102</privateIpAddress>
                                    <privateDnsName>ip-10-1-9-102.us-west-1.compute.internal</privateDnsName>
                                    <primary>true</primary>
                                    <association>
                                    <publicIp>54.176.37.249</publicIp>
                                    <publicDnsName>ec2-54-176-37-249.us-west-1.compute.amazonaws.com</publicDnsName>
                                    <ipOwnerId>amazon</ipOwnerId>
                                    </association>
                                </item>
                            </privateIpAddressesSet>
                            <ipv6AddressesSet/>
                            <interfaceType>interface</interfaceType>
                        </item>
                    </networkInterfaceSet>
                    <ebsOptimized>false</ebsOptimized>
                    <enaSupport>true</enaSupport>
                    <cpuOptions>
                        <coreCount>1</coreCount>
                        <threadsPerCore>1</threadsPerCore>
                    </cpuOptions>
                    <capacityReservationSpecification>
                        <capacityReservationPreference>open</capacityReservationPreference>
                    </capacityReservationSpecification>
                    <hibernationOptions>
                        <configured>false</configured>
                    </hibernationOptions>
                    <enclaveOptions>
                        <enabled>false</enabled>
                    </enclaveOptions>
                    <metadataOptions>
                        <state>applied</state>
                        <httpTokens>optional</httpTokens>
                        <httpPutResponseHopLimit>1</httpPutResponseHopLimit>
                        <httpEndpoint>enabled</httpEndpoint>
                        <httpProtocolIpv4>enabled</httpProtocolIpv4>
                        <httpProtocolIpv6>disabled</httpProtocolIpv6>
                        <instanceMetadataTags>disabled</instanceMetadataTags>
                    </metadataOptions>
                    <platformDetails>Linux/UNIX</platformDetails>
                    <usageOperation>RunInstances</usageOperation>
                    <usageOperationUpdateTime>2022-03-16T22:26:37.000Z</usageOperationUpdateTime>
                    <privateDnsNameOptions>
                        <hostnameType>ip-name</hostnameType>
                        <enableResourceNameDnsARecord>false</enableResourceNameDnsARecord>
                        <enableResourceNameDnsAAAARecord>false</enableResourceNameDnsAAAARecord>
                    </privateDnsNameOptions>
                </item>
            </instancesSet>
        </item>
    </reservationSet>
</DescribeInstancesResponse>: timestamp=2022-03-16T17:27:03.964-0500
2022-03-16T17:27:03.965-0500 [DEBUG] provider.terraform-provider-aws_v4.4.0_x5.exe: [aws-sdk-go] DEBUG: Request ec2/DescribeTags Details:
---[ REQUEST POST-SIGN ]-----------------------------
POST / HTTP/1.1
Host: ec2.us-west-1.amazonaws.com
User-Agent: APN/1.0 HashiCorp/1.0 Terraform/1.1.7 (+https://www.terraform.io) terraform-provider-aws/4.4.0 (+https://registry.terraform.io/providers/hashicorp/aws) aws-sdk-go/1.43.9 (go1.17.6; windows; amd64)
Content-Length: 165
Authorization: AWS4-HMAC-SHA256 Credential=AKIA57XXQ6GYZQPYSK4X/20220316/us-west-1/ec2/aws4_request, SignedHeaders=content-length;content-type;host;x-amz-date, Signature=3ac50f9571a267a9cecc0489fb66ebf1006b06bb810aa3dc190e4e34e6b2ddfe
Content-Type: application/x-www-form-urlencoded; charset=utf-8
X-Amz-Date: 20220316T222703Z
Accept-Encoding: gzip

Action=DescribeTags&Filter.1.Name=resource-id&Filter.1.Value.1=i-0febe7a22f77a5080&Filter.2.Name=key&Filter.2.Value.1=aws%3Aec2launchtemplate%3Aid&Version=2016-11-15
-----------------------------------------------------: timestamp=2022-03-16T17:27:03.965-0500
2022-03-16T17:27:04.029-0500 [DEBUG] provider.terraform-provider-aws_v4.4.0_x5.exe: [aws-sdk-go] DEBUG: Response ec2/DescribeInstances Details:
---[ RESPONSE ]--------------------------------------
HTTP/1.1 200 OK
Transfer-Encoding: chunked
Cache-Control: no-cache, no-store
Content-Type: text/xml;charset=UTF-8
Date: Wed, 16 Mar 2022 22:27:07 GMT
Server: AmazonEC2
Strict-Transport-Security: max-age=31536000; includeSubDomains
Vary: accept-encoding
X-Amzn-Requestid: c378b1df-be5e-4e3b-b29b-917e54431ce2


-----------------------------------------------------: timestamp=2022-03-16T17:27:04.029-0500
2022-03-16T17:27:04.029-0500 [DEBUG] provider.terraform-provider-aws_v4.4.0_x5.exe: [aws-sdk-go] <?xml version="1.0" encoding="UTF-8"?>
<DescribeInstancesResponse xmlns="http://ec2.amazonaws.com/doc/2016-11-15/">
    <requestId>c378b1df-be5e-4e3b-b29b-917e54431ce2</requestId>
    <reservationSet>
        <item>
            <reservationId>r-021c345f08c6230b2</reservationId>
            <ownerId>961518039473</ownerId>
            <groupSet/>
            <instancesSet>
                <item>
                    <instanceId>i-0c9bd8e7e027c4788</instanceId>
                    <imageId>ami-0a8a24772b8f01294</imageId>
                    <instanceState>
                        <code>16</code>
                        <name>running</name>
                    </instanceState>
                    <privateDnsName>ip-10-1-12-108.us-west-1.compute.internal</privateDnsName>
                    <dnsName>ec2-18-144-154-217.us-west-1.compute.amazonaws.com</dnsName>
                    <reason/>
                    <amiLaunchIndex>0</amiLaunchIndex>
                    <productCodes/>
                    <instanceType>t2.micro</instanceType>
                    <launchTime>2022-03-16T22:26:37.000Z</launchTime>
                    <placement>
                        <availabilityZone>us-west-1c</availabilityZone>
                        <groupName/>
                        <groupId/>
                        <tenancy>default</tenancy>
                    </placement>
                    <monitoring>
                        <state>disabled</state>
                    </monitoring>
                    <subnetId>subnet-055c41fce697f9cca</subnetId>
                    <vpcId>vpc-0d2831659ef89870c</vpcId>
                    <privateIpAddress>10.1.12.108</privateIpAddress>
                    <ipAddress>18.144.154.217</ipAddress>
                    <sourceDestCheck>true</sourceDestCheck>
                    <groupSet>
                        <item>
                            <groupId>sg-0895ed0b2b96698f6</groupId>
                            <groupName>default</groupName>
                        </item>
                    </groupSet>
                    <architecture>x86_64</architecture>
                    <rootDeviceType>ebs</rootDeviceType>
                    <rootDeviceName>/dev/xvda</rootDeviceName>
                    <blockDeviceMapping>
                        <item>
                            <deviceName>/dev/xvda</deviceName>
                            <ebs>
                                <volumeId>vol-0b447cb093314b8f7</volumeId>
                                <status>attached</status>
                                <attachTime>2022-03-16T22:26:38.000Z</attachTime>
                                <deleteOnTermination>true</deleteOnTermination>
                            </ebs>
                        </item>
                    </blockDeviceMapping>
                    <virtualizationType>hvm</virtualizationType>
                    <clientToken>1DF3D773-9F87-4D60-835E-A419B0D32470</clientToken>
                    <tagSet>
                        <item>
                            <key>Name</key>
                            <value>julian.montoyag.api.terraform</value>
                        </item>
                        <item>
                            <key>responsible</key>
                            <value>julian.montoyag</value>
                        </item>
                        <item>
                            <key>project</key>
                            <value>ramp-up-devops</value>
                        </item>
                    </tagSet>
                    <hypervisor>xen</hypervisor>
                    <networkInterfaceSet>
                        <item>
                            <networkInterfaceId>eni-051a11fcb30501cb9</networkInterfaceId>
                            <subnetId>subnet-055c41fce697f9cca</subnetId>
                            <vpcId>vpc-0d2831659ef89870c</vpcId>
                            <description/>
                            <ownerId>961518039473</ownerId>
                            <status>in-use</status>
                            <macAddress>06:a6:a5:d7:d2:83</macAddress>
                            <privateIpAddress>10.1.12.108</privateIpAddress>
                            <privateDnsName>ip-10-1-12-108.us-west-1.compute.internal</privateDnsName>
                            <sourceDestCheck>true</sourceDestCheck>
                            <groupSet>
                                <item>
                                    <groupId>sg-0895ed0b2b96698f6</groupId>
                                    <groupName>default</groupName>
                                </item>
                            </groupSet>
                            <attachment>
                                <attachmentId>eni-attach-03e5029218b18c610</attachmentId>
                                <deviceIndex>0</deviceIndex>
                                <status>attached</status>
                                <attachTime>2022-03-16T22:26:37.000Z</attachTime>
                                <deleteOnTermination>true</deleteOnTermination>
                                <networkCardIndex>0</networkCardIndex>
                            </attachment>
                            <association>
                                <publicIp>18.144.154.217</publicIp>
                                <publicDnsName>ec2-18-144-154-217.us-west-1.compute.amazonaws.com</publicDnsName>
                                <ipOwnerId>amazon</ipOwnerId>
                            </association>
                            <privateIpAddressesSet>
                                <item>
                                    <privateIpAddress>10.1.12.108</privateIpAddress>
                                    <privateDnsName>ip-10-1-12-108.us-west-1.compute.internal</privateDnsName>
                                    <primary>true</primary>
                                    <association>
                                    <publicIp>18.144.154.217</publicIp>
                                    <publicDnsName>ec2-18-144-154-217.us-west-1.compute.amazonaws.com</publicDnsName>
                                    <ipOwnerId>amazon</ipOwnerId>
                                    </association>
                                </item>
                            </privateIpAddressesSet>
                            <ipv6AddressesSet/>
                            <interfaceType>interface</interfaceType>
                        </item>
                    </networkInterfaceSet>
                    <ebsOptimized>false</ebsOptimized>
                    <enaSupport>true</enaSupport>
                    <cpuOptions>
                        <coreCount>1</coreCount>
                        <threadsPerCore>1</threadsPerCore>
                    </cpuOptions>
                    <capacityReservationSpecification>
                        <capacityReservationPreference>open</capacityReservationPreference>
                    </capacityReservationSpecification>
                    <hibernationOptions>
                        <configured>false</configured>
                    </hibernationOptions>
                    <enclaveOptions>
                        <enabled>false</enabled>
                    </enclaveOptions>
                    <metadataOptions>
                        <state>applied</state>
                        <httpTokens>optional</httpTokens>
                        <httpPutResponseHopLimit>1</httpPutResponseHopLimit>
                        <httpEndpoint>enabled</httpEndpoint>
                        <httpProtocolIpv4>enabled</httpProtocolIpv4>
                        <httpProtocolIpv6>disabled</httpProtocolIpv6>
                        <instanceMetadataTags>disabled</instanceMetadataTags>
                    </metadataOptions>
                    <platformDetails>Linux/UNIX</platformDetails>
                    <usageOperation>RunInstances</usageOperation>
                    <usageOperationUpdateTime>2022-03-16T22:26:37.000Z</usageOperationUpdateTime>
                    <privateDnsNameOptions>
                        <hostnameType>ip-name</hostnameType>
                        <enableResourceNameDnsARecord>false</enableResourceNameDnsARecord>
                        <enableResourceNameDnsAAAARecord>false</enableResourceNameDnsAAAARecord>
                    </privateDnsNameOptions>
                </item>
            </instancesSet>
        </item>
    </reservationSet>
</DescribeInstancesResponse>: timestamp=2022-03-16T17:27:04.029-0500
2022-03-16T17:27:04.029-0500 [DEBUG] provider.terraform-provider-aws_v4.4.0_x5.exe: [aws-sdk-go] DEBUG: Request ec2/DescribeInstances Details:
---[ REQUEST POST-SIGN ]-----------------------------
POST / HTTP/1.1
Host: ec2.us-west-1.amazonaws.com
User-Agent: APN/1.0 HashiCorp/1.0 Terraform/1.1.7 (+https://www.terraform.io) terraform-provider-aws/4.4.0 (+https://registry.terraform.io/providers/hashicorp/aws) aws-sdk-go/1.43.9 (go1.17.6; windows; amd64)
Content-Length: 76
Authorization: AWS4-HMAC-SHA256 Credential=AKIA57XXQ6GYZQPYSK4X/20220316/us-west-1/ec2/aws4_request, SignedHeaders=content-length;content-type;host;x-amz-date, Signature=1dc884f58f7006cea39e8bf6889a66f30cbd1bc299aea17a87a9bb98689da018
Content-Type: application/x-www-form-urlencoded; charset=utf-8
X-Amz-Date: 20220316T222704Z
Accept-Encoding: gzip

Action=DescribeInstances&InstanceId.1=i-0c9bd8e7e027c4788&Version=2016-11-15
-----------------------------------------------------: timestamp=2022-03-16T17:27:04.029-0500
2022-03-16T17:27:04.057-0500 [DEBUG] provider.terraform-provider-aws_v4.4.0_x5.exe: [aws-sdk-go] DEBUG: Response ec2/DescribeVolumes Details:
---[ RESPONSE ]--------------------------------------
HTTP/1.1 200 OK
Content-Length: 1521
Cache-Control: no-cache, no-store
Content-Type: text/xml;charset=UTF-8
Date: Wed, 16 Mar 2022 22:27:07 GMT
Server: AmazonEC2
Strict-Transport-Security: max-age=31536000; includeSubDomains
X-Amzn-Requestid: 7ca4a9cd-ba57-477d-a52e-5661e9142fa2


-----------------------------------------------------: timestamp=2022-03-16T17:27:04.056-0500
2022-03-16T17:27:04.057-0500 [DEBUG] provider.terraform-provider-aws_v4.4.0_x5.exe: [aws-sdk-go] <?xml version="1.0" encoding="UTF-8"?>
<DescribeVolumesResponse xmlns="http://ec2.amazonaws.com/doc/2016-11-15/">
    <requestId>7ca4a9cd-ba57-477d-a52e-5661e9142fa2</requestId>
    <volumeSet>
        <item>
            <volumeId>vol-0e756124015cedbed</volumeId>
            <size>8</size>
            <snapshotId>snap-0fa0155ba5ded00ab</snapshotId>
            <availabilityZone>us-west-1c</availabilityZone>
            <status>in-use</status>
            <createTime>2022-03-16T22:26:38.129Z</createTime>
            <attachmentSet>
                <item>
                    <volumeId>vol-0e756124015cedbed</volumeId>
                    <instanceId>i-062c73843ebac7629</instanceId>
                    <device>/dev/xvda</device>
                    <status>attached</status>
                    <attachTime>2022-03-16T22:26:38.000Z</attachTime>
                    <deleteOnTermination>true</deleteOnTermination>
                </item>
            </attachmentSet>
            <tagSet>
                <item>
                    <key>responsible</key>
                    <value>julian.montoyag</value>
                </item>
                <item>
                    <key>project</key>
                    <value>ramp-up-devops</value>
                </item>
            </tagSet>
            <volumeType>gp2</volumeType>
            <iops>100</iops>
            <encrypted>false</encrypted>
            <multiAttachEnabled>false</multiAttachEnabled>
        </item>
    </volumeSet>
</DescribeVolumesResponse>: timestamp=2022-03-16T17:27:04.056-0500
2022-03-16T17:27:04.057-0500 [DEBUG] provider.terraform-provider-aws_v4.4.0_x5.exe: [aws-sdk-go] DEBUG: Request ec2/DescribeTags Details:
---[ REQUEST POST-SIGN ]-----------------------------
POST / HTTP/1.1
Host: ec2.us-west-1.amazonaws.com
User-Agent: APN/1.0 HashiCorp/1.0 Terraform/1.1.7 (+https://www.terraform.io) terraform-provider-aws/4.4.0 (+https://registry.terraform.io/providers/hashicorp/aws) aws-sdk-go/1.43.9 (go1.17.6; windows; amd64)
Content-Length: 103
Authorization: AWS4-HMAC-SHA256 Credential=AKIA57XXQ6GYZQPYSK4X/20220316/us-west-1/ec2/aws4_request, SignedHeaders=content-length;content-type;host;x-amz-date, Signature=74b479aae9db5aba6b2f2dba2755906e621b65f782124ad1621343b03e5533c9
Content-Type: application/x-www-form-urlencoded; charset=utf-8
X-Amz-Date: 20220316T222704Z
Accept-Encoding: gzip

Action=DescribeTags&Filter.1.Name=resource-id&Filter.1.Value.1=vol-0e756124015cedbed&Version=2016-11-15
-----------------------------------------------------: timestamp=2022-03-16T17:27:04.057-0500
2022-03-16T17:27:04.150-0500 [DEBUG] provider.terraform-provider-aws_v4.4.0_x5.exe: [aws-sdk-go] DEBUG: Response ec2/DescribeTags Details:
---[ RESPONSE ]--------------------------------------
HTTP/1.1 200 OK
Content-Length: 212
Cache-Control: no-cache, no-store
Content-Type: text/xml;charset=UTF-8
Date: Wed, 16 Mar 2022 22:27:08 GMT
Server: AmazonEC2
Strict-Transport-Security: max-age=31536000; includeSubDomains
X-Amzn-Requestid: b3d4c789-2101-4b0f-91f9-1100e11c3690


-----------------------------------------------------: timestamp=2022-03-16T17:27:04.150-0500
2022-03-16T17:27:04.150-0500 [DEBUG] provider.terraform-provider-aws_v4.4.0_x5.exe: [aws-sdk-go] <?xml version="1.0" encoding="UTF-8"?>
<DescribeTagsResponse xmlns="http://ec2.amazonaws.com/doc/2016-11-15/">
    <requestId>b3d4c789-2101-4b0f-91f9-1100e11c3690</requestId>
    <tagSet/>
</DescribeTagsResponse>: timestamp=2022-03-16T17:27:04.150-0500
2022-03-16T17:27:04.150-0500 [DEBUG] provider.terraform-provider-aws_v4.4.0_x5.exe: [aws-sdk-go] DEBUG: Request ec2/DescribeVolumes Details:
---[ REQUEST POST-SIGN ]-----------------------------
POST / HTTP/1.1
Host: ec2.us-west-1.amazonaws.com
User-Agent: APN/1.0 HashiCorp/1.0 Terraform/1.1.7 (+https://www.terraform.io) terraform-provider-aws/4.4.0 (+https://registry.terraform.io/providers/hashicorp/aws) aws-sdk-go/1.43.9 (go1.17.6; windows; amd64)
Content-Length: 115
Authorization: AWS4-HMAC-SHA256 Credential=AKIA57XXQ6GYZQPYSK4X/20220316/us-west-1/ec2/aws4_request, SignedHeaders=content-length;content-type;host;x-amz-date, Signature=7ebfb4068565cd8ff9b8f8142da9a0cdad04f0666d8de848a2f944991026b26d
Content-Type: application/x-www-form-urlencoded; charset=utf-8
X-Amz-Date: 20220316T222704Z
Accept-Encoding: gzip

Action=DescribeVolumes&Filter.1.Name=attachment.instance-id&Filter.1.Value.1=i-0febe7a22f77a5080&Version=2016-11-15
-----------------------------------------------------: timestamp=2022-03-16T17:27:04.150-0500
2022-03-16T17:27:04.207-0500 [DEBUG] provider.terraform-provider-aws_v4.4.0_x5.exe: [aws-sdk-go] DEBUG: Response ec2/DescribeInstances Details:
---[ RESPONSE ]--------------------------------------
HTTP/1.1 200 OK
Transfer-Encoding: chunked
Cache-Control: no-cache, no-store
Content-Type: text/xml;charset=UTF-8
Date: Wed, 16 Mar 2022 22:27:07 GMT
Server: AmazonEC2
Strict-Transport-Security: max-age=31536000; includeSubDomains
Vary: accept-encoding
X-Amzn-Requestid: 6314c1f0-d49a-4103-9314-5d54409d85b1


-----------------------------------------------------: timestamp=2022-03-16T17:27:04.207-0500
2022-03-16T17:27:04.207-0500 [DEBUG] provider.terraform-provider-aws_v4.4.0_x5.exe: [aws-sdk-go] <?xml version="1.0" encoding="UTF-8"?>
<DescribeInstancesResponse xmlns="http://ec2.amazonaws.com/doc/2016-11-15/">
    <requestId>6314c1f0-d49a-4103-9314-5d54409d85b1</requestId>
    <reservationSet>
        <item>
            <reservationId>r-021c345f08c6230b2</reservationId>
            <ownerId>961518039473</ownerId>
            <groupSet/>
            <instancesSet>
                <item>
                    <instanceId>i-0c9bd8e7e027c4788</instanceId>
                    <imageId>ami-0a8a24772b8f01294</imageId>
                    <instanceState>
                        <code>16</code>
                        <name>running</name>
                    </instanceState>
                    <privateDnsName>ip-10-1-12-108.us-west-1.compute.internal</privateDnsName>
                    <dnsName>ec2-18-144-154-217.us-west-1.compute.amazonaws.com</dnsName>
                    <reason/>
                    <amiLaunchIndex>0</amiLaunchIndex>
                    <productCodes/>
                    <instanceType>t2.micro</instanceType>
                    <launchTime>2022-03-16T22:26:37.000Z</launchTime>
                    <placement>
                        <availabilityZone>us-west-1c</availabilityZone>
                        <groupName/>
                        <groupId/>
                        <tenancy>default</tenancy>
                    </placement>
                    <monitoring>
                        <state>disabled</state>
                    </monitoring>
                    <subnetId>subnet-055c41fce697f9cca</subnetId>
                    <vpcId>vpc-0d2831659ef89870c</vpcId>
                    <privateIpAddress>10.1.12.108</privateIpAddress>
                    <ipAddress>18.144.154.217</ipAddress>
                    <sourceDestCheck>true</sourceDestCheck>
                    <groupSet>
                        <item>
                            <groupId>sg-0895ed0b2b96698f6</groupId>
                            <groupName>default</groupName>
                        </item>
                    </groupSet>
                    <architecture>x86_64</architecture>
                    <rootDeviceType>ebs</rootDeviceType>
                    <rootDeviceName>/dev/xvda</rootDeviceName>
                    <blockDeviceMapping>
                        <item>
                            <deviceName>/dev/xvda</deviceName>
                            <ebs>
                                <volumeId>vol-0b447cb093314b8f7</volumeId>
                                <status>attached</status>
                                <attachTime>2022-03-16T22:26:38.000Z</attachTime>
                                <deleteOnTermination>true</deleteOnTermination>
                            </ebs>
                        </item>
                    </blockDeviceMapping>
                    <virtualizationType>hvm</virtualizationType>
                    <clientToken>1DF3D773-9F87-4D60-835E-A419B0D32470</clientToken>
                    <tagSet>
                        <item>
                            <key>Name</key>
                            <value>julian.montoyag.api.terraform</value>
                        </item>
                        <item>
                            <key>responsible</key>
                            <value>julian.montoyag</value>
                        </item>
                        <item>
                            <key>project</key>
                            <value>ramp-up-devops</value>
                        </item>
                    </tagSet>
                    <hypervisor>xen</hypervisor>
                    <networkInterfaceSet>
                        <item>
                            <networkInterfaceId>eni-051a11fcb30501cb9</networkInterfaceId>
                            <subnetId>subnet-055c41fce697f9cca</subnetId>
                            <vpcId>vpc-0d2831659ef89870c</vpcId>
                            <description/>
                            <ownerId>961518039473</ownerId>
                            <status>in-use</status>
                            <macAddress>06:a6:a5:d7:d2:83</macAddress>
                            <privateIpAddress>10.1.12.108</privateIpAddress>
                            <privateDnsName>ip-10-1-12-108.us-west-1.compute.internal</privateDnsName>
                            <sourceDestCheck>true</sourceDestCheck>
                            <groupSet>
                                <item>
                                    <groupId>sg-0895ed0b2b96698f6</groupId>
                                    <groupName>default</groupName>
                                </item>
                            </groupSet>
                            <attachment>
                                <attachmentId>eni-attach-03e5029218b18c610</attachmentId>
                                <deviceIndex>0</deviceIndex>
                                <status>attached</status>
                                <attachTime>2022-03-16T22:26:37.000Z</attachTime>
                                <deleteOnTermination>true</deleteOnTermination>
                                <networkCardIndex>0</networkCardIndex>
                            </attachment>
                            <association>
                                <publicIp>18.144.154.217</publicIp>
                                <publicDnsName>ec2-18-144-154-217.us-west-1.compute.amazonaws.com</publicDnsName>
                                <ipOwnerId>amazon</ipOwnerId>
                            </association>
                            <privateIpAddressesSet>
                                <item>
                                    <privateIpAddress>10.1.12.108</privateIpAddress>
                                    <privateDnsName>ip-10-1-12-108.us-west-1.compute.internal</privateDnsName>
                                    <primary>true</primary>
                                    <association>
                                    <publicIp>18.144.154.217</publicIp>
                                    <publicDnsName>ec2-18-144-154-217.us-west-1.compute.amazonaws.com</publicDnsName>
                                    <ipOwnerId>amazon</ipOwnerId>
                                    </association>
                                </item>
                            </privateIpAddressesSet>
                            <ipv6AddressesSet/>
                            <interfaceType>interface</interfaceType>
                        </item>
                    </networkInterfaceSet>
                    <ebsOptimized>false</ebsOptimized>
                    <enaSupport>true</enaSupport>
                    <cpuOptions>
                        <coreCount>1</coreCount>
                        <threadsPerCore>1</threadsPerCore>
                    </cpuOptions>
                    <capacityReservationSpecification>
                        <capacityReservationPreference>open</capacityReservationPreference>
                    </capacityReservationSpecification>
                    <hibernationOptions>
                        <configured>false</configured>
                    </hibernationOptions>
                    <enclaveOptions>
                        <enabled>false</enabled>
                    </enclaveOptions>
                    <metadataOptions>
                        <state>applied</state>
                        <httpTokens>optional</httpTokens>
                        <httpPutResponseHopLimit>1</httpPutResponseHopLimit>
                        <httpEndpoint>enabled</httpEndpoint>
                        <httpProtocolIpv4>enabled</httpProtocolIpv4>
                        <httpProtocolIpv6>disabled</httpProtocolIpv6>
                        <instanceMetadataTags>disabled</instanceMetadataTags>
                    </metadataOptions>
                    <platformDetails>Linux/UNIX</platformDetails>
                    <usageOperation>RunInstances</usageOperation>
                    <usageOperationUpdateTime>2022-03-16T22:26:37.000Z</usageOperationUpdateTime>
                    <privateDnsNameOptions>
                        <hostnameType>ip-name</hostnameType>
                        <enableResourceNameDnsARecord>false</enableResourceNameDnsARecord>
                        <enableResourceNameDnsAAAARecord>false</enableResourceNameDnsAAAARecord>
                    </privateDnsNameOptions>
                </item>
            </instancesSet>
        </item>
    </reservationSet>
</DescribeInstancesResponse>: timestamp=2022-03-16T17:27:04.207-0500
2022-03-16T17:27:04.207-0500 [DEBUG] provider.terraform-provider-aws_v4.4.0_x5.exe: [aws-sdk-go] DEBUG: Request ec2/DescribeTags Details:
---[ REQUEST POST-SIGN ]-----------------------------
POST / HTTP/1.1
Host: ec2.us-west-1.amazonaws.com
User-Agent: APN/1.0 HashiCorp/1.0 Terraform/1.1.7 (+https://www.terraform.io) terraform-provider-aws/4.4.0 (+https://registry.terraform.io/providers/hashicorp/aws) aws-sdk-go/1.43.9 (go1.17.6; windows; amd64)
Content-Length: 165
Authorization: AWS4-HMAC-SHA256 Credential=AKIA57XXQ6GYZQPYSK4X/20220316/us-west-1/ec2/aws4_request, SignedHeaders=content-length;content-type;host;x-amz-date, Signature=3c6524ab24be71d74da56efa0a2a09d2e1d098dc111bee1fd95dae8f8202437e
Content-Type: application/x-www-form-urlencoded; charset=utf-8
X-Amz-Date: 20220316T222704Z
Accept-Encoding: gzip

Action=DescribeTags&Filter.1.Name=resource-id&Filter.1.Value.1=i-0c9bd8e7e027c4788&Filter.2.Name=key&Filter.2.Value.1=aws%3Aec2launchtemplate%3Aid&Version=2016-11-15
-----------------------------------------------------: timestamp=2022-03-16T17:27:04.207-0500
2022-03-16T17:27:04.226-0500 [DEBUG] provider.terraform-provider-aws_v4.4.0_x5.exe: [aws-sdk-go] DEBUG: Response ec2/DescribeTags Details:
---[ RESPONSE ]--------------------------------------
HTTP/1.1 200 OK
Content-Length: 652
Cache-Control: no-cache, no-store
Content-Type: text/xml;charset=UTF-8
Date: Wed, 16 Mar 2022 22:27:07 GMT
Server: AmazonEC2
Strict-Transport-Security: max-age=31536000; includeSubDomains
X-Amzn-Requestid: afa64024-e648-42aa-b8b5-81b9d881b833


-----------------------------------------------------: timestamp=2022-03-16T17:27:04.226-0500
2022-03-16T17:27:04.226-0500 [DEBUG] provider.terraform-provider-aws_v4.4.0_x5.exe: [aws-sdk-go] <?xml version="1.0" encoding="UTF-8"?>
<DescribeTagsResponse xmlns="http://ec2.amazonaws.com/doc/2016-11-15/">
    <requestId>afa64024-e648-42aa-b8b5-81b9d881b833</requestId>
    <tagSet>
        <item>
            <resourceId>vol-0e756124015cedbed</resourceId>
            <resourceType>volume</resourceType>
            <key>project</key>
            <value>ramp-up-devops</value>
        </item>
        <item>
            <resourceId>vol-0e756124015cedbed</resourceId>
            <resourceType>volume</resourceType>
            <key>responsible</key>
            <value>julian.montoyag</value>
        </item>
    </tagSet>
</DescribeTagsResponse>: timestamp=2022-03-16T17:27:04.226-0500
2022-03-16T17:27:04.226-0500 [DEBUG] provider.terraform-provider-aws_v4.4.0_x5.exe: [aws-sdk-go] DEBUG: Request ec2/DescribeVpcs Details:
---[ REQUEST POST-SIGN ]-----------------------------
POST / HTTP/1.1
Host: ec2.us-west-1.amazonaws.com
User-Agent: APN/1.0 HashiCorp/1.0 Terraform/1.1.7 (+https://www.terraform.io) terraform-provider-aws/4.4.0 (+https://registry.terraform.io/providers/hashicorp/aws) aws-sdk-go/1.43.9 (go1.17.6; windows; amd64)
Content-Length: 68
Authorization: AWS4-HMAC-SHA256 Credential=AKIA57XXQ6GYZQPYSK4X/20220316/us-west-1/ec2/aws4_request, SignedHeaders=content-length;content-type;host;x-amz-date, Signature=d43265bb1f72e0ce20f93773612f31c758d573058ccc8b4c1b5393e8bbd8eb2a
Content-Type: application/x-www-form-urlencoded; charset=utf-8
X-Amz-Date: 20220316T222704Z
Accept-Encoding: gzip

Action=DescribeVpcs&Version=2016-11-15&VpcId.1=vpc-0d2831659ef89870c
-----------------------------------------------------: timestamp=2022-03-16T17:27:04.226-0500
2022-03-16T17:27:04.377-0500 [DEBUG] provider.terraform-provider-aws_v4.4.0_x5.exe: [aws-sdk-go] DEBUG: Response ec2/DescribeVolumes Details:
---[ RESPONSE ]--------------------------------------
HTTP/1.1 200 OK
Content-Length: 1521
Cache-Control: no-cache, no-store
Content-Type: text/xml;charset=UTF-8
Date: Wed, 16 Mar 2022 22:27:08 GMT
Server: AmazonEC2
Strict-Transport-Security: max-age=31536000; includeSubDomains
X-Amzn-Requestid: 4bba89c2-3d0b-437c-9dbc-4ed16d19d887


-----------------------------------------------------: timestamp=2022-03-16T17:27:04.377-0500
2022-03-16T17:27:04.377-0500 [DEBUG] provider.terraform-provider-aws_v4.4.0_x5.exe: [aws-sdk-go] <?xml version="1.0" encoding="UTF-8"?>
<DescribeVolumesResponse xmlns="http://ec2.amazonaws.com/doc/2016-11-15/">
    <requestId>4bba89c2-3d0b-437c-9dbc-4ed16d19d887</requestId>
    <volumeSet>
        <item>
            <volumeId>vol-0b692774675e6c8fe</volumeId>
            <size>8</size>
            <snapshotId>snap-0fa0155ba5ded00ab</snapshotId>
            <availabilityZone>us-west-1c</availabilityZone>
            <status>in-use</status>
            <createTime>2022-03-16T22:26:38.589Z</createTime>
            <attachmentSet>
                <item>
                    <volumeId>vol-0b692774675e6c8fe</volumeId>
                    <instanceId>i-0febe7a22f77a5080</instanceId>
                    <device>/dev/xvda</device>
                    <status>attached</status>
                    <attachTime>2022-03-16T22:26:38.000Z</attachTime>
                    <deleteOnTermination>true</deleteOnTermination>
                </item>
            </attachmentSet>
            <tagSet>
                <item>
                    <key>responsible</key>
                    <value>julian.montoyag</value>
                </item>
                <item>
                    <key>project</key>
                    <value>ramp-up-devops</value>
                </item>
            </tagSet>
            <volumeType>gp2</volumeType>
            <iops>100</iops>
            <encrypted>false</encrypted>
            <multiAttachEnabled>false</multiAttachEnabled>
        </item>
    </volumeSet>
</DescribeVolumesResponse>: timestamp=2022-03-16T17:27:04.377-0500
2022-03-16T17:27:04.377-0500 [DEBUG] provider.terraform-provider-aws_v4.4.0_x5.exe: [aws-sdk-go] DEBUG: Request ec2/DescribeTags Details:
---[ REQUEST POST-SIGN ]-----------------------------
POST / HTTP/1.1
Host: ec2.us-west-1.amazonaws.com
User-Agent: APN/1.0 HashiCorp/1.0 Terraform/1.1.7 (+https://www.terraform.io) terraform-provider-aws/4.4.0 (+https://registry.terraform.io/providers/hashicorp/aws) aws-sdk-go/1.43.9 (go1.17.6; windows; amd64)
Content-Length: 103
Authorization: AWS4-HMAC-SHA256 Credential=AKIA57XXQ6GYZQPYSK4X/20220316/us-west-1/ec2/aws4_request, SignedHeaders=content-length;content-type;host;x-amz-date, Signature=803cc6ed3dac26c6a837464afd1026d8af51f567fc1125440ac18c75f53e782e
Content-Type: application/x-www-form-urlencoded; charset=utf-8
X-Amz-Date: 20220316T222704Z
Accept-Encoding: gzip

Action=DescribeTags&Filter.1.Name=resource-id&Filter.1.Value.1=vol-0b692774675e6c8fe&Version=2016-11-15
-----------------------------------------------------: timestamp=2022-03-16T17:27:04.377-0500
2022-03-16T17:27:04.393-0500 [DEBUG] provider.terraform-provider-aws_v4.4.0_x5.exe: [aws-sdk-go] DEBUG: Response ec2/DescribeTags Details:
---[ RESPONSE ]--------------------------------------
HTTP/1.1 200 OK
Content-Length: 212
Cache-Control: no-cache, no-store
Content-Type: text/xml;charset=UTF-8
Date: Wed, 16 Mar 2022 22:27:07 GMT
Server: AmazonEC2
Strict-Transport-Security: max-age=31536000; includeSubDomains
X-Amzn-Requestid: f13e88b3-a69d-444b-8a8c-7d3199b5bff1


-----------------------------------------------------: timestamp=2022-03-16T17:27:04.393-0500
2022-03-16T17:27:04.393-0500 [DEBUG] provider.terraform-provider-aws_v4.4.0_x5.exe: [aws-sdk-go] <?xml version="1.0" encoding="UTF-8"?>
<DescribeTagsResponse xmlns="http://ec2.amazonaws.com/doc/2016-11-15/">
    <requestId>f13e88b3-a69d-444b-8a8c-7d3199b5bff1</requestId>
    <tagSet/>
</DescribeTagsResponse>: timestamp=2022-03-16T17:27:04.393-0500
2022-03-16T17:27:04.393-0500 [DEBUG] provider.terraform-provider-aws_v4.4.0_x5.exe: [aws-sdk-go] DEBUG: Request ec2/DescribeVolumes Details:
---[ REQUEST POST-SIGN ]-----------------------------
POST / HTTP/1.1
Host: ec2.us-west-1.amazonaws.com
User-Agent: APN/1.0 HashiCorp/1.0 Terraform/1.1.7 (+https://www.terraform.io) terraform-provider-aws/4.4.0 (+https://registry.terraform.io/providers/hashicorp/aws) aws-sdk-go/1.43.9 (go1.17.6; windows; amd64)
Content-Length: 115
Authorization: AWS4-HMAC-SHA256 Credential=AKIA57XXQ6GYZQPYSK4X/20220316/us-west-1/ec2/aws4_request, SignedHeaders=content-length;content-type;host;x-amz-date, Signature=adff884c3b5af466900cf235a7ecdcaed85e5de1564f90139b0a3d18ab181cc1
Content-Type: application/x-www-form-urlencoded; charset=utf-8
X-Amz-Date: 20220316T222704Z
Accept-Encoding: gzip

Action=DescribeVolumes&Filter.1.Name=attachment.instance-id&Filter.1.Value.1=i-0c9bd8e7e027c4788&Version=2016-11-15
-----------------------------------------------------: timestamp=2022-03-16T17:27:04.393-0500
2022-03-16T17:27:04.427-0500 [DEBUG] provider.terraform-provider-aws_v4.4.0_x5.exe: [aws-sdk-go] DEBUG: Response ec2/DescribeVpcs Details:
---[ RESPONSE ]--------------------------------------
HTTP/1.1 200 OK
Content-Length: 1152
Cache-Control: no-cache, no-store
Content-Type: text/xml;charset=UTF-8
Date: Wed, 16 Mar 2022 22:27:07 GMT
Server: AmazonEC2
Strict-Transport-Security: max-age=31536000; includeSubDomains
X-Amzn-Requestid: 57397625-7f05-4ebe-8485-51132f5a9a9b


-----------------------------------------------------: timestamp=2022-03-16T17:27:04.427-0500
2022-03-16T17:27:04.427-0500 [DEBUG] provider.terraform-provider-aws_v4.4.0_x5.exe: [aws-sdk-go] <?xml version="1.0" encoding="UTF-8"?>
<DescribeVpcsResponse xmlns="http://ec2.amazonaws.com/doc/2016-11-15/">
    <requestId>57397625-7f05-4ebe-8485-51132f5a9a9b</requestId>
    <vpcSet>
        <item>
            <vpcId>vpc-0d2831659ef89870c</vpcId>
            <ownerId>961518039473</ownerId>
            <state>available</state>
            <cidrBlock>10.1.0.0/16</cidrBlock>
            <cidrBlockAssociationSet>
                <item>
                    <cidrBlock>10.1.0.0/16</cidrBlock>
                    <associationId>vpc-cidr-assoc-01815efd6a5df2a0a</associationId>
                    <cidrBlockState>
                        <state>associated</state>
                    </cidrBlockState>
                </item>
            </cidrBlockAssociationSet>
            <dhcpOptionsId>dopt-553f7230</dhcpOptionsId>
            <tagSet>
                <item>
                    <key>Name</key>
                    <value>ramp_up_training</value>
                </item>
            </tagSet>
            <instanceTenancy>default</instanceTenancy>
            <isDefault>false</isDefault>
        </item>
    </vpcSet>
</DescribeVpcsResponse>: timestamp=2022-03-16T17:27:04.427-0500
2022-03-16T17:27:04.427-0500 [DEBUG] provider.terraform-provider-aws_v4.4.0_x5.exe: Setting Security Group IDs: []string{"sg-0895ed0b2b96698f6"}: timestamp=2022-03-16T17:27:04.427-0500
2022-03-16T17:27:04.428-0500 [DEBUG] provider.terraform-provider-aws_v4.4.0_x5.exe: [aws-sdk-go] DEBUG: Request ec2/DescribeInstanceAttribute Details:
---[ REQUEST POST-SIGN ]-----------------------------
POST / HTTP/1.1
Host: ec2.us-west-1.amazonaws.com
User-Agent: APN/1.0 HashiCorp/1.0 Terraform/1.1.7 (+https://www.terraform.io) terraform-provider-aws/4.4.0 (+https://registry.terraform.io/providers/hashicorp/aws) aws-sdk-go/1.43.9 (go1.17.6; windows; amd64)
Content-Length: 126
Authorization: AWS4-HMAC-SHA256 Credential=AKIA57XXQ6GYZQPYSK4X/20220316/us-west-1/ec2/aws4_request, SignedHeaders=content-length;content-type;host;x-amz-date, Signature=15f8f6ab6d644259e0262559a3794f27687142f95fdcf1653de6999d5ad8dfd2
Content-Type: application/x-www-form-urlencoded; charset=utf-8
X-Amz-Date: 20220316T222704Z
Accept-Encoding: gzip

Action=DescribeInstanceAttribute&Attribute=instanceInitiatedShutdownBehavior&InstanceId=i-062c73843ebac7629&Version=2016-11-15
-----------------------------------------------------: timestamp=2022-03-16T17:27:04.427-0500
2022-03-16T17:27:04.533-0500 [DEBUG] provider.terraform-provider-aws_v4.4.0_x5.exe: [aws-sdk-go] DEBUG: Response ec2/DescribeTags Details:
---[ RESPONSE ]--------------------------------------
HTTP/1.1 200 OK
Content-Length: 652
Cache-Control: no-cache, no-store
Content-Type: text/xml;charset=UTF-8
Date: Wed, 16 Mar 2022 22:27:08 GMT
Server: AmazonEC2
Strict-Transport-Security: max-age=31536000; includeSubDomains
X-Amzn-Requestid: 79ebb981-9730-4e44-9859-3d81d2539ac3


-----------------------------------------------------: timestamp=2022-03-16T17:27:04.532-0500
2022-03-16T17:27:04.533-0500 [DEBUG] provider.terraform-provider-aws_v4.4.0_x5.exe: [aws-sdk-go] <?xml version="1.0" encoding="UTF-8"?>
<DescribeTagsResponse xmlns="http://ec2.amazonaws.com/doc/2016-11-15/">
    <requestId>79ebb981-9730-4e44-9859-3d81d2539ac3</requestId>
    <tagSet>
        <item>
            <resourceId>vol-0b692774675e6c8fe</resourceId>
            <resourceType>volume</resourceType>
            <key>project</key>
            <value>ramp-up-devops</value>
        </item>
        <item>
            <resourceId>vol-0b692774675e6c8fe</resourceId>
            <resourceType>volume</resourceType>
            <key>responsible</key>
            <value>julian.montoyag</value>
        </item>
    </tagSet>
</DescribeTagsResponse>: timestamp=2022-03-16T17:27:04.532-0500
2022-03-16T17:27:04.533-0500 [DEBUG] provider.terraform-provider-aws_v4.4.0_x5.exe: [aws-sdk-go] DEBUG: Request ec2/DescribeVpcs Details:
---[ REQUEST POST-SIGN ]-----------------------------
POST / HTTP/1.1
Host: ec2.us-west-1.amazonaws.com
User-Agent: APN/1.0 HashiCorp/1.0 Terraform/1.1.7 (+https://www.terraform.io) terraform-provider-aws/4.4.0 (+https://registry.terraform.io/providers/hashicorp/aws) aws-sdk-go/1.43.9 (go1.17.6; windows; amd64)
Content-Length: 68
Authorization: AWS4-HMAC-SHA256 Credential=AKIA57XXQ6GYZQPYSK4X/20220316/us-west-1/ec2/aws4_request, SignedHeaders=content-length;content-type;host;x-amz-date, Signature=d43265bb1f72e0ce20f93773612f31c758d573058ccc8b4c1b5393e8bbd8eb2a
Content-Type: application/x-www-form-urlencoded; charset=utf-8
X-Amz-Date: 20220316T222704Z
Accept-Encoding: gzip

Action=DescribeVpcs&Version=2016-11-15&VpcId.1=vpc-0d2831659ef89870c
-----------------------------------------------------: timestamp=2022-03-16T17:27:04.533-0500
2022-03-16T17:27:04.611-0500 [DEBUG] provider.terraform-provider-aws_v4.4.0_x5.exe: [aws-sdk-go] DEBUG: Response ec2/DescribeVolumes Details:
---[ RESPONSE ]--------------------------------------
HTTP/1.1 200 OK
Content-Length: 1521
Cache-Control: no-cache, no-store
Content-Type: text/xml;charset=UTF-8
Date: Wed, 16 Mar 2022 22:27:08 GMT
Server: AmazonEC2
Strict-Transport-Security: max-age=31536000; includeSubDomains
X-Amzn-Requestid: f4ae05f6-6e0e-46cd-8870-8ddfde4d9a87


-----------------------------------------------------: timestamp=2022-03-16T17:27:04.610-0500
2022-03-16T17:27:04.611-0500 [DEBUG] provider.terraform-provider-aws_v4.4.0_x5.exe: [aws-sdk-go] <?xml version="1.0" encoding="UTF-8"?>
<DescribeVolumesResponse xmlns="http://ec2.amazonaws.com/doc/2016-11-15/">
    <requestId>f4ae05f6-6e0e-46cd-8870-8ddfde4d9a87</requestId>
    <volumeSet>
        <item>
            <volumeId>vol-0b447cb093314b8f7</volumeId>
            <size>8</size>
            <snapshotId>snap-0fa0155ba5ded00ab</snapshotId>
            <availabilityZone>us-west-1c</availabilityZone>
            <status>in-use</status>
            <createTime>2022-03-16T22:26:38.591Z</createTime>
            <attachmentSet>
                <item>
                    <volumeId>vol-0b447cb093314b8f7</volumeId>
                    <instanceId>i-0c9bd8e7e027c4788</instanceId>
                    <device>/dev/xvda</device>
                    <status>attached</status>
                    <attachTime>2022-03-16T22:26:38.000Z</attachTime>
                    <deleteOnTermination>true</deleteOnTermination>
                </item>
            </attachmentSet>
            <tagSet>
                <item>
                    <key>responsible</key>
                    <value>julian.montoyag</value>
                </item>
                <item>
                    <key>project</key>
                    <value>ramp-up-devops</value>
                </item>
            </tagSet>
            <volumeType>gp2</volumeType>
            <iops>100</iops>
            <encrypted>false</encrypted>
            <multiAttachEnabled>false</multiAttachEnabled>
        </item>
    </volumeSet>
</DescribeVolumesResponse>: timestamp=2022-03-16T17:27:04.611-0500
2022-03-16T17:27:04.611-0500 [DEBUG] provider.terraform-provider-aws_v4.4.0_x5.exe: [aws-sdk-go] DEBUG: Request ec2/DescribeTags Details:
---[ REQUEST POST-SIGN ]-----------------------------
POST / HTTP/1.1
Host: ec2.us-west-1.amazonaws.com
User-Agent: APN/1.0 HashiCorp/1.0 Terraform/1.1.7 (+https://www.terraform.io) terraform-provider-aws/4.4.0 (+https://registry.terraform.io/providers/hashicorp/aws) aws-sdk-go/1.43.9 (go1.17.6; windows; amd64)
Content-Length: 103
Authorization: AWS4-HMAC-SHA256 Credential=AKIA57XXQ6GYZQPYSK4X/20220316/us-west-1/ec2/aws4_request, SignedHeaders=content-length;content-type;host;x-amz-date, Signature=c86362cd30d5b69d0f82e374ab6c4efe82768adac4869b39b7bac9c13b873db2
Content-Type: application/x-www-form-urlencoded; charset=utf-8
X-Amz-Date: 20220316T222704Z
Accept-Encoding: gzip

Action=DescribeTags&Filter.1.Name=resource-id&Filter.1.Value.1=vol-0b447cb093314b8f7&Version=2016-11-15
-----------------------------------------------------: timestamp=2022-03-16T17:27:04.611-0500
2022-03-16T17:27:04.703-0500 [DEBUG] provider.terraform-provider-aws_v4.4.0_x5.exe: [aws-sdk-go] DEBUG: Response ec2/DescribeVpcs Details:
---[ RESPONSE ]--------------------------------------
HTTP/1.1 200 OK
Content-Length: 1152
Cache-Control: no-cache, no-store
Content-Type: text/xml;charset=UTF-8
Date: Wed, 16 Mar 2022 22:27:08 GMT
Server: AmazonEC2
Strict-Transport-Security: max-age=31536000; includeSubDomains
X-Amzn-Requestid: 8dfd2dd2-85ef-4433-ae3b-cb885635db0c


-----------------------------------------------------: timestamp=2022-03-16T17:27:04.703-0500
2022-03-16T17:27:04.703-0500 [DEBUG] provider.terraform-provider-aws_v4.4.0_x5.exe: [aws-sdk-go] <?xml version="1.0" encoding="UTF-8"?>
<DescribeVpcsResponse xmlns="http://ec2.amazonaws.com/doc/2016-11-15/">
    <requestId>8dfd2dd2-85ef-4433-ae3b-cb885635db0c</requestId>
    <vpcSet>
        <item>
            <vpcId>vpc-0d2831659ef89870c</vpcId>
            <ownerId>961518039473</ownerId>
            <state>available</state>
            <cidrBlock>10.1.0.0/16</cidrBlock>
            <cidrBlockAssociationSet>
                <item>
                    <cidrBlock>10.1.0.0/16</cidrBlock>
                    <associationId>vpc-cidr-assoc-01815efd6a5df2a0a</associationId>
                    <cidrBlockState>
                        <state>associated</state>
                    </cidrBlockState>
                </item>
            </cidrBlockAssociationSet>
            <dhcpOptionsId>dopt-553f7230</dhcpOptionsId>
            <tagSet>
                <item>
                    <key>Name</key>
                    <value>ramp_up_training</value>
                </item>
            </tagSet>
            <instanceTenancy>default</instanceTenancy>
            <isDefault>false</isDefault>
        </item>
    </vpcSet>
</DescribeVpcsResponse>: timestamp=2022-03-16T17:27:04.703-0500
2022-03-16T17:27:04.703-0500 [DEBUG] provider.terraform-provider-aws_v4.4.0_x5.exe: Setting Security Group IDs: []string{"sg-0895ed0b2b96698f6"}: timestamp=2022-03-16T17:27:04.703-0500
2022-03-16T17:27:04.704-0500 [DEBUG] provider.terraform-provider-aws_v4.4.0_x5.exe: [aws-sdk-go] DEBUG: Request ec2/DescribeInstanceAttribute Details:
---[ REQUEST POST-SIGN ]-----------------------------
POST / HTTP/1.1
Host: ec2.us-west-1.amazonaws.com
User-Agent: APN/1.0 HashiCorp/1.0 Terraform/1.1.7 (+https://www.terraform.io) terraform-provider-aws/4.4.0 (+https://registry.terraform.io/providers/hashicorp/aws) aws-sdk-go/1.43.9 (go1.17.6; windows; amd64)
Content-Length: 126
Authorization: AWS4-HMAC-SHA256 Credential=AKIA57XXQ6GYZQPYSK4X/20220316/us-west-1/ec2/aws4_request, SignedHeaders=content-length;content-type;host;x-amz-date, Signature=68ed72d11c1625271c24e5b3826c134c42237b207153a9990e8b901e540ef31b
Content-Type: application/x-www-form-urlencoded; charset=utf-8
X-Amz-Date: 20220316T222704Z
Accept-Encoding: gzip

Action=DescribeInstanceAttribute&Attribute=instanceInitiatedShutdownBehavior&InstanceId=i-0febe7a22f77a5080&Version=2016-11-15
-----------------------------------------------------: timestamp=2022-03-16T17:27:04.703-0500
2022-03-16T17:27:04.707-0500 [DEBUG] provider.terraform-provider-aws_v4.4.0_x5.exe: [aws-sdk-go] DEBUG: Response ec2/DescribeInstanceAttribute Details:
---[ RESPONSE ]--------------------------------------
HTTP/1.1 200 OK
Content-Length: 382
Cache-Control: no-cache, no-store
Content-Type: text/xml;charset=UTF-8
Date: Wed, 16 Mar 2022 22:27:07 GMT
Server: AmazonEC2
Strict-Transport-Security: max-age=31536000; includeSubDomains
X-Amzn-Requestid: 3e33bde0-c238-4bd7-93c1-6af8bf8bcc00


-----------------------------------------------------: timestamp=2022-03-16T17:27:04.707-0500
2022-03-16T17:27:04.707-0500 [DEBUG] provider.terraform-provider-aws_v4.4.0_x5.exe: [aws-sdk-go] <?xml version="1.0" encoding="UTF-8"?>
<DescribeInstanceAttributeResponse xmlns="http://ec2.amazonaws.com/doc/2016-11-15/">
    <requestId>3e33bde0-c238-4bd7-93c1-6af8bf8bcc00</requestId>
    <instanceId>i-062c73843ebac7629</instanceId>
    <instanceInitiatedShutdownBehavior>
        <value>stop</value>
    </instanceInitiatedShutdownBehavior>
</DescribeInstanceAttributeResponse>: timestamp=2022-03-16T17:27:04.707-0500
2022-03-16T17:27:04.707-0500 [DEBUG] provider.terraform-provider-aws_v4.4.0_x5.exe: [aws-sdk-go] DEBUG: Request ec2/DescribeVolumes Details:
---[ REQUEST POST-SIGN ]-----------------------------
POST / HTTP/1.1
Host: ec2.us-west-1.amazonaws.com
User-Agent: APN/1.0 HashiCorp/1.0 Terraform/1.1.7 (+https://www.terraform.io) terraform-provider-aws/4.4.0 (+https://registry.terraform.io/providers/hashicorp/aws) aws-sdk-go/1.43.9 (go1.17.6; windows; amd64)
Content-Length: 74
Authorization: AWS4-HMAC-SHA256 Credential=AKIA57XXQ6GYZQPYSK4X/20220316/us-west-1/ec2/aws4_request, SignedHeaders=content-length;content-type;host;x-amz-date, Signature=2656d2093d78fa0db9794c85aabfee0b970a49ebc9aecc26b37dd0ba6cca00b5
Content-Type: application/x-www-form-urlencoded; charset=utf-8
X-Amz-Date: 20220316T222704Z
Accept-Encoding: gzip

Action=DescribeVolumes&Version=2016-11-15&VolumeId.1=vol-0e756124015cedbed
-----------------------------------------------------: timestamp=2022-03-16T17:27:04.707-0500
2022-03-16T17:27:04.771-0500 [DEBUG] provider.terraform-provider-aws_v4.4.0_x5.exe: [aws-sdk-go] DEBUG: Response ec2/DescribeTags Details:
---[ RESPONSE ]--------------------------------------
HTTP/1.1 200 OK
Content-Length: 652
Cache-Control: no-cache, no-store
Content-Type: text/xml;charset=UTF-8
Date: Wed, 16 Mar 2022 22:27:08 GMT
Server: AmazonEC2
Strict-Transport-Security: max-age=31536000; includeSubDomains
X-Amzn-Requestid: af9f58e4-4adf-4fa0-9a99-b44149819357


-----------------------------------------------------: timestamp=2022-03-16T17:27:04.771-0500
2022-03-16T17:27:04.771-0500 [DEBUG] provider.terraform-provider-aws_v4.4.0_x5.exe: [aws-sdk-go] <?xml version="1.0" encoding="UTF-8"?>
<DescribeTagsResponse xmlns="http://ec2.amazonaws.com/doc/2016-11-15/">
    <requestId>af9f58e4-4adf-4fa0-9a99-b44149819357</requestId>
    <tagSet>
        <item>
            <resourceId>vol-0b447cb093314b8f7</resourceId>
            <resourceType>volume</resourceType>
            <key>project</key>
            <value>ramp-up-devops</value>
        </item>
        <item>
            <resourceId>vol-0b447cb093314b8f7</resourceId>
            <resourceType>volume</resourceType>
            <key>responsible</key>
            <value>julian.montoyag</value>
        </item>
    </tagSet>
</DescribeTagsResponse>: timestamp=2022-03-16T17:27:04.771-0500
2022-03-16T17:27:04.771-0500 [DEBUG] provider.terraform-provider-aws_v4.4.0_x5.exe: [aws-sdk-go] DEBUG: Request ec2/DescribeVpcs Details:
---[ REQUEST POST-SIGN ]-----------------------------
POST / HTTP/1.1
Host: ec2.us-west-1.amazonaws.com
User-Agent: APN/1.0 HashiCorp/1.0 Terraform/1.1.7 (+https://www.terraform.io) terraform-provider-aws/4.4.0 (+https://registry.terraform.io/providers/hashicorp/aws) aws-sdk-go/1.43.9 (go1.17.6; windows; amd64)
Content-Length: 68
Authorization: AWS4-HMAC-SHA256 Credential=AKIA57XXQ6GYZQPYSK4X/20220316/us-west-1/ec2/aws4_request, SignedHeaders=content-length;content-type;host;x-amz-date, Signature=d43265bb1f72e0ce20f93773612f31c758d573058ccc8b4c1b5393e8bbd8eb2a
Content-Type: application/x-www-form-urlencoded; charset=utf-8
X-Amz-Date: 20220316T222704Z
Accept-Encoding: gzip

Action=DescribeVpcs&Version=2016-11-15&VpcId.1=vpc-0d2831659ef89870c
-----------------------------------------------------: timestamp=2022-03-16T17:27:04.771-0500
2022-03-16T17:27:04.897-0500 [DEBUG] provider.terraform-provider-aws_v4.4.0_x5.exe: [aws-sdk-go] DEBUG: Response ec2/DescribeVolumes Details:
---[ RESPONSE ]--------------------------------------
HTTP/1.1 200 OK
Content-Length: 1521
Cache-Control: no-cache, no-store
Content-Type: text/xml;charset=UTF-8
Date: Wed, 16 Mar 2022 22:27:08 GMT
Server: AmazonEC2
Strict-Transport-Security: max-age=31536000; includeSubDomains
X-Amzn-Requestid: 77b27fb3-e0b4-49ee-bc73-179387ba6884


-----------------------------------------------------: timestamp=2022-03-16T17:27:04.897-0500
2022-03-16T17:27:04.898-0500 [DEBUG] provider.terraform-provider-aws_v4.4.0_x5.exe: [aws-sdk-go] <?xml version="1.0" encoding="UTF-8"?>
<DescribeVolumesResponse xmlns="http://ec2.amazonaws.com/doc/2016-11-15/">
    <requestId>77b27fb3-e0b4-49ee-bc73-179387ba6884</requestId>
    <volumeSet>
        <item>
            <volumeId>vol-0e756124015cedbed</volumeId>
            <size>8</size>
            <snapshotId>snap-0fa0155ba5ded00ab</snapshotId>
            <availabilityZone>us-west-1c</availabilityZone>
            <status>in-use</status>
            <createTime>2022-03-16T22:26:38.129Z</createTime>
            <attachmentSet>
                <item>
                    <volumeId>vol-0e756124015cedbed</volumeId>
                    <instanceId>i-062c73843ebac7629</instanceId>
                    <device>/dev/xvda</device>
                    <status>attached</status>
                    <attachTime>2022-03-16T22:26:38.000Z</attachTime>
                    <deleteOnTermination>true</deleteOnTermination>
                </item>
            </attachmentSet>
            <tagSet>
                <item>
                    <key>responsible</key>
                    <value>julian.montoyag</value>
                </item>
                <item>
                    <key>project</key>
                    <value>ramp-up-devops</value>
                </item>
            </tagSet>
            <volumeType>gp2</volumeType>
            <iops>100</iops>
            <encrypted>false</encrypted>
            <multiAttachEnabled>false</multiAttachEnabled>
        </item>
    </volumeSet>
</DescribeVolumesResponse>: timestamp=2022-03-16T17:27:04.897-0500
2022-03-16T17:27:04.898-0500 [DEBUG] provider.terraform-provider-aws_v4.4.0_x5.exe: [aws-sdk-go] DEBUG: Request ec2/DescribeInstanceAttribute Details:
---[ REQUEST POST-SIGN ]-----------------------------
POST / HTTP/1.1
Host: ec2.us-west-1.amazonaws.com
User-Agent: APN/1.0 HashiCorp/1.0 Terraform/1.1.7 (+https://www.terraform.io) terraform-provider-aws/4.4.0 (+https://registry.terraform.io/providers/hashicorp/aws) aws-sdk-go/1.43.9 (go1.17.6; windows; amd64)
Content-Length: 114
Authorization: AWS4-HMAC-SHA256 Credential=AKIA57XXQ6GYZQPYSK4X/20220316/us-west-1/ec2/aws4_request, SignedHeaders=content-length;content-type;host;x-amz-date, Signature=ca3751e31bfe7c8e60f6e9880ff9430ae205f8ec6aa19fb855bbc36f3e9ab7f4
Content-Type: application/x-www-form-urlencoded; charset=utf-8
X-Amz-Date: 20220316T222704Z
Accept-Encoding: gzip

Action=DescribeInstanceAttribute&Attribute=disableApiTermination&InstanceId=i-062c73843ebac7629&Version=2016-11-15
-----------------------------------------------------: timestamp=2022-03-16T17:27:04.898-0500
2022-03-16T17:27:04.944-0500 [DEBUG] provider.terraform-provider-aws_v4.4.0_x5.exe: [aws-sdk-go] DEBUG: Response ec2/DescribeVpcs Details:
---[ RESPONSE ]--------------------------------------
HTTP/1.1 200 OK
Content-Length: 1152
Cache-Control: no-cache, no-store
Content-Type: text/xml;charset=UTF-8
Date: Wed, 16 Mar 2022 22:27:08 GMT
Server: AmazonEC2
Strict-Transport-Security: max-age=31536000; includeSubDomains
X-Amzn-Requestid: 885a2d77-1b12-4152-8014-12cd05b086d1


-----------------------------------------------------: timestamp=2022-03-16T17:27:04.944-0500
2022-03-16T17:27:04.944-0500 [DEBUG] provider.terraform-provider-aws_v4.4.0_x5.exe: [aws-sdk-go] <?xml version="1.0" encoding="UTF-8"?>
<DescribeVpcsResponse xmlns="http://ec2.amazonaws.com/doc/2016-11-15/">
    <requestId>885a2d77-1b12-4152-8014-12cd05b086d1</requestId>
    <vpcSet>
        <item>
            <vpcId>vpc-0d2831659ef89870c</vpcId>
            <ownerId>961518039473</ownerId>
            <state>available</state>
            <cidrBlock>10.1.0.0/16</cidrBlock>
            <cidrBlockAssociationSet>
                <item>
                    <cidrBlock>10.1.0.0/16</cidrBlock>
                    <associationId>vpc-cidr-assoc-01815efd6a5df2a0a</associationId>
                    <cidrBlockState>
                        <state>associated</state>
                    </cidrBlockState>
                </item>
            </cidrBlockAssociationSet>
            <dhcpOptionsId>dopt-553f7230</dhcpOptionsId>
            <tagSet>
                <item>
                    <key>Name</key>
                    <value>ramp_up_training</value>
                </item>
            </tagSet>
            <instanceTenancy>default</instanceTenancy>
            <isDefault>false</isDefault>
        </item>
    </vpcSet>
</DescribeVpcsResponse>: timestamp=2022-03-16T17:27:04.944-0500
2022-03-16T17:27:04.944-0500 [DEBUG] provider.terraform-provider-aws_v4.4.0_x5.exe: Setting Security Group IDs: []string{"sg-0895ed0b2b96698f6"}: timestamp=2022-03-16T17:27:04.944-0500
2022-03-16T17:27:04.944-0500 [DEBUG] provider.terraform-provider-aws_v4.4.0_x5.exe: [aws-sdk-go] DEBUG: Request ec2/DescribeInstanceAttribute Details:
---[ REQUEST POST-SIGN ]-----------------------------
POST / HTTP/1.1
Host: ec2.us-west-1.amazonaws.com
User-Agent: APN/1.0 HashiCorp/1.0 Terraform/1.1.7 (+https://www.terraform.io) terraform-provider-aws/4.4.0 (+https://registry.terraform.io/providers/hashicorp/aws) aws-sdk-go/1.43.9 (go1.17.6; windows; amd64)
Content-Length: 126
Authorization: AWS4-HMAC-SHA256 Credential=AKIA57XXQ6GYZQPYSK4X/20220316/us-west-1/ec2/aws4_request, SignedHeaders=content-length;content-type;host;x-amz-date, Signature=bf601a941a58cd556a186df74705240f260e2331d0a5a04960e3f10596e3c51d
Content-Type: application/x-www-form-urlencoded; charset=utf-8
X-Amz-Date: 20220316T222704Z
Accept-Encoding: gzip

Action=DescribeInstanceAttribute&Attribute=instanceInitiatedShutdownBehavior&InstanceId=i-0c9bd8e7e027c4788&Version=2016-11-15
-----------------------------------------------------: timestamp=2022-03-16T17:27:04.944-0500
2022-03-16T17:27:04.981-0500 [DEBUG] provider.terraform-provider-aws_v4.4.0_x5.exe: [aws-sdk-go] DEBUG: Response ec2/DescribeInstanceAttribute Details:
---[ RESPONSE ]--------------------------------------
HTTP/1.1 200 OK
Content-Length: 382
Cache-Control: no-cache, no-store
Content-Type: text/xml;charset=UTF-8
Date: Wed, 16 Mar 2022 22:27:08 GMT
Server: AmazonEC2
Strict-Transport-Security: max-age=31536000; includeSubDomains
X-Amzn-Requestid: 7c869559-8858-4b49-990b-77a0c1fc78f2


-----------------------------------------------------: timestamp=2022-03-16T17:27:04.981-0500
2022-03-16T17:27:04.981-0500 [DEBUG] provider.terraform-provider-aws_v4.4.0_x5.exe: [aws-sdk-go] <?xml version="1.0" encoding="UTF-8"?>
<DescribeInstanceAttributeResponse xmlns="http://ec2.amazonaws.com/doc/2016-11-15/">
    <requestId>7c869559-8858-4b49-990b-77a0c1fc78f2</requestId>
    <instanceId>i-0febe7a22f77a5080</instanceId>
    <instanceInitiatedShutdownBehavior>
        <value>stop</value>
    </instanceInitiatedShutdownBehavior>
</DescribeInstanceAttributeResponse>: timestamp=2022-03-16T17:27:04.981-0500
2022-03-16T17:27:04.981-0500 [DEBUG] provider.terraform-provider-aws_v4.4.0_x5.exe: [aws-sdk-go] DEBUG: Request ec2/DescribeVolumes Details:
---[ REQUEST POST-SIGN ]-----------------------------
POST / HTTP/1.1
Host: ec2.us-west-1.amazonaws.com
User-Agent: APN/1.0 HashiCorp/1.0 Terraform/1.1.7 (+https://www.terraform.io) terraform-provider-aws/4.4.0 (+https://registry.terraform.io/providers/hashicorp/aws) aws-sdk-go/1.43.9 (go1.17.6; windows; amd64)
Content-Length: 74
Authorization: AWS4-HMAC-SHA256 Credential=AKIA57XXQ6GYZQPYSK4X/20220316/us-west-1/ec2/aws4_request, SignedHeaders=content-length;content-type;host;x-amz-date, Signature=a3e242f6c75437184ff480ca4b46a0c407435d79a12c215e96bfdd3e9b51d32f
Content-Type: application/x-www-form-urlencoded; charset=utf-8
X-Amz-Date: 20220316T222704Z
Accept-Encoding: gzip

Action=DescribeVolumes&Version=2016-11-15&VolumeId.1=vol-0b692774675e6c8fe
-----------------------------------------------------: timestamp=2022-03-16T17:27:04.981-0500
2022-03-16T17:27:05.143-0500 [DEBUG] provider.terraform-provider-aws_v4.4.0_x5.exe: [aws-sdk-go] DEBUG: Response ec2/DescribeInstanceAttribute Details:
---[ RESPONSE ]--------------------------------------
HTTP/1.1 200 OK
Content-Length: 359
Cache-Control: no-cache, no-store
Content-Type: text/xml;charset=UTF-8
Date: Wed, 16 Mar 2022 22:27:08 GMT
Server: AmazonEC2
Strict-Transport-Security: max-age=31536000; includeSubDomains
X-Amzn-Requestid: 341f4e7b-38a2-4408-9cf8-5fb3e764919c


-----------------------------------------------------: timestamp=2022-03-16T17:27:05.142-0500
2022-03-16T17:27:05.143-0500 [DEBUG] provider.terraform-provider-aws_v4.4.0_x5.exe: [aws-sdk-go] <?xml version="1.0" encoding="UTF-8"?>
<DescribeInstanceAttributeResponse xmlns="http://ec2.amazonaws.com/doc/2016-11-15/">
    <requestId>341f4e7b-38a2-4408-9cf8-5fb3e764919c</requestId>
    <instanceId>i-062c73843ebac7629</instanceId>
    <disableApiTermination>
        <value>false</value>
    </disableApiTermination>
</DescribeInstanceAttributeResponse>: timestamp=2022-03-16T17:27:05.142-0500
2022-03-16T17:27:05.143-0500 [DEBUG] provider.terraform-provider-aws_v4.4.0_x5.exe: [aws-sdk-go] DEBUG: Request ec2/DescribeInstanceAttribute Details:
---[ REQUEST POST-SIGN ]-----------------------------
POST / HTTP/1.1
Host: ec2.us-west-1.amazonaws.com
User-Agent: APN/1.0 HashiCorp/1.0 Terraform/1.1.7 (+https://www.terraform.io) terraform-provider-aws/4.4.0 (+https://registry.terraform.io/providers/hashicorp/aws) aws-sdk-go/1.43.9 (go1.17.6; windows; amd64)
Content-Length: 101
Authorization: AWS4-HMAC-SHA256 Credential=AKIA57XXQ6GYZQPYSK4X/20220316/us-west-1/ec2/aws4_request, SignedHeaders=content-length;content-type;host;x-amz-date, Signature=d216d0d303dfb277a7d3e710fe0c7b0fa3a912d8858b7a5e4d3bd4f394df2231
Content-Type: application/x-www-form-urlencoded; charset=utf-8
X-Amz-Date: 20220316T222705Z
Accept-Encoding: gzip

Action=DescribeInstanceAttribute&Attribute=userData&InstanceId=i-062c73843ebac7629&Version=2016-11-15
-----------------------------------------------------: timestamp=2022-03-16T17:27:05.143-0500
2022-03-16T17:27:05.160-0500 [DEBUG] provider.terraform-provider-aws_v4.4.0_x5.exe: [aws-sdk-go] DEBUG: Response ec2/DescribeVolumes Details:
---[ RESPONSE ]--------------------------------------
HTTP/1.1 200 OK
Content-Length: 1521
Cache-Control: no-cache, no-store
Content-Type: text/xml;charset=UTF-8
Date: Wed, 16 Mar 2022 22:27:09 GMT
Server: AmazonEC2
Strict-Transport-Security: max-age=31536000; includeSubDomains
X-Amzn-Requestid: 74411de9-c9c6-4e20-9e06-6c6d9a0794fd


-----------------------------------------------------: timestamp=2022-03-16T17:27:05.160-0500
2022-03-16T17:27:05.160-0500 [DEBUG] provider.terraform-provider-aws_v4.4.0_x5.exe: [aws-sdk-go] <?xml version="1.0" encoding="UTF-8"?>
<DescribeVolumesResponse xmlns="http://ec2.amazonaws.com/doc/2016-11-15/">
    <requestId>74411de9-c9c6-4e20-9e06-6c6d9a0794fd</requestId>
    <volumeSet>
        <item>
            <volumeId>vol-0b692774675e6c8fe</volumeId>
            <size>8</size>
            <snapshotId>snap-0fa0155ba5ded00ab</snapshotId>
            <availabilityZone>us-west-1c</availabilityZone>
            <status>in-use</status>
            <createTime>2022-03-16T22:26:38.589Z</createTime>
            <attachmentSet>
                <item>
                    <volumeId>vol-0b692774675e6c8fe</volumeId>
                    <instanceId>i-0febe7a22f77a5080</instanceId>
                    <device>/dev/xvda</device>
                    <status>attached</status>
                    <attachTime>2022-03-16T22:26:38.000Z</attachTime>
                    <deleteOnTermination>true</deleteOnTermination>
                </item>
            </attachmentSet>
            <tagSet>
                <item>
                    <key>responsible</key>
                    <value>julian.montoyag</value>
                </item>
                <item>
                    <key>project</key>
                    <value>ramp-up-devops</value>
                </item>
            </tagSet>
            <volumeType>gp2</volumeType>
            <iops>100</iops>
            <encrypted>false</encrypted>
            <multiAttachEnabled>false</multiAttachEnabled>
        </item>
    </volumeSet>
</DescribeVolumesResponse>: timestamp=2022-03-16T17:27:05.160-0500
2022-03-16T17:27:05.160-0500 [DEBUG] provider.terraform-provider-aws_v4.4.0_x5.exe: [aws-sdk-go] DEBUG: Request ec2/DescribeInstanceAttribute Details:
---[ REQUEST POST-SIGN ]-----------------------------
POST / HTTP/1.1
Host: ec2.us-west-1.amazonaws.com
User-Agent: APN/1.0 HashiCorp/1.0 Terraform/1.1.7 (+https://www.terraform.io) terraform-provider-aws/4.4.0 (+https://registry.terraform.io/providers/hashicorp/aws) aws-sdk-go/1.43.9 (go1.17.6; windows; amd64)
Content-Length: 114
Authorization: AWS4-HMAC-SHA256 Credential=AKIA57XXQ6GYZQPYSK4X/20220316/us-west-1/ec2/aws4_request, SignedHeaders=content-length;content-type;host;x-amz-date, Signature=a58c57792117fb02af8dbec4a6372f38b28eb8246fb75ef51ce8bc90471b1d59
Content-Type: application/x-www-form-urlencoded; charset=utf-8
X-Amz-Date: 20220316T222705Z
Accept-Encoding: gzip

Action=DescribeInstanceAttribute&Attribute=disableApiTermination&InstanceId=i-0febe7a22f77a5080&Version=2016-11-15
-----------------------------------------------------: timestamp=2022-03-16T17:27:05.160-0500
2022-03-16T17:27:05.195-0500 [DEBUG] provider.terraform-provider-aws_v4.4.0_x5.exe: [aws-sdk-go] DEBUG: Response ec2/DescribeInstanceAttribute Details:
---[ RESPONSE ]--------------------------------------
HTTP/1.1 200 OK
Content-Length: 382
Cache-Control: no-cache, no-store
Content-Type: text/xml;charset=UTF-8
Date: Wed, 16 Mar 2022 22:27:08 GMT
Server: AmazonEC2
Strict-Transport-Security: max-age=31536000; includeSubDomains
X-Amzn-Requestid: 1a763cf6-f208-4e6f-bed6-a7790ab89176


-----------------------------------------------------: timestamp=2022-03-16T17:27:05.195-0500
2022-03-16T17:27:05.195-0500 [DEBUG] provider.terraform-provider-aws_v4.4.0_x5.exe: [aws-sdk-go] <?xml version="1.0" encoding="UTF-8"?>
<DescribeInstanceAttributeResponse xmlns="http://ec2.amazonaws.com/doc/2016-11-15/">
    <requestId>1a763cf6-f208-4e6f-bed6-a7790ab89176</requestId>
    <instanceId>i-0c9bd8e7e027c4788</instanceId>
    <instanceInitiatedShutdownBehavior>
        <value>stop</value>
    </instanceInitiatedShutdownBehavior>
</DescribeInstanceAttributeResponse>: timestamp=2022-03-16T17:27:05.195-0500
2022-03-16T17:27:05.195-0500 [DEBUG] provider.terraform-provider-aws_v4.4.0_x5.exe: [aws-sdk-go] DEBUG: Request ec2/DescribeVolumes Details:
---[ REQUEST POST-SIGN ]-----------------------------
POST / HTTP/1.1
Host: ec2.us-west-1.amazonaws.com
User-Agent: APN/1.0 HashiCorp/1.0 Terraform/1.1.7 (+https://www.terraform.io) terraform-provider-aws/4.4.0 (+https://registry.terraform.io/providers/hashicorp/aws) aws-sdk-go/1.43.9 (go1.17.6; windows; amd64)
Content-Length: 74
Authorization: AWS4-HMAC-SHA256 Credential=AKIA57XXQ6GYZQPYSK4X/20220316/us-west-1/ec2/aws4_request, SignedHeaders=content-length;content-type;host;x-amz-date, Signature=bdef51cfe9458b07854f9699cce247ae2827dfbd9b2e4b76fa5b84a14ac03357
Content-Type: application/x-www-form-urlencoded; charset=utf-8
X-Amz-Date: 20220316T222705Z
Accept-Encoding: gzip

Action=DescribeVolumes&Version=2016-11-15&VolumeId.1=vol-0b447cb093314b8f7
-----------------------------------------------------: timestamp=2022-03-16T17:27:05.195-0500
2022-03-16T17:27:05.383-0500 [DEBUG] provider.terraform-provider-aws_v4.4.0_x5.exe: [aws-sdk-go] DEBUG: Response ec2/DescribeVolumes Details:
---[ RESPONSE ]--------------------------------------
HTTP/1.1 200 OK
Content-Length: 1521
Cache-Control: no-cache, no-store
Content-Type: text/xml;charset=UTF-8
Date: Wed, 16 Mar 2022 22:27:08 GMT
Server: AmazonEC2
Strict-Transport-Security: max-age=31536000; includeSubDomains
X-Amzn-Requestid: 9867b01a-4dfa-4a4e-bfb4-390881ab58b3


-----------------------------------------------------: timestamp=2022-03-16T17:27:05.383-0500
2022-03-16T17:27:05.383-0500 [DEBUG] provider.terraform-provider-aws_v4.4.0_x5.exe: [aws-sdk-go] <?xml version="1.0" encoding="UTF-8"?>
<DescribeVolumesResponse xmlns="http://ec2.amazonaws.com/doc/2016-11-15/">
    <requestId>9867b01a-4dfa-4a4e-bfb4-390881ab58b3</requestId>
    <volumeSet>
        <item>
            <volumeId>vol-0b447cb093314b8f7</volumeId>
            <size>8</size>
            <snapshotId>snap-0fa0155ba5ded00ab</snapshotId>
            <availabilityZone>us-west-1c</availabilityZone>
            <status>in-use</status>
            <createTime>2022-03-16T22:26:38.591Z</createTime>
            <attachmentSet>
                <item>
                    <volumeId>vol-0b447cb093314b8f7</volumeId>
                    <instanceId>i-0c9bd8e7e027c4788</instanceId>
                    <device>/dev/xvda</device>
                    <status>attached</status>
                    <attachTime>2022-03-16T22:26:38.000Z</attachTime>
                    <deleteOnTermination>true</deleteOnTermination>
                </item>
            </attachmentSet>
            <tagSet>
                <item>
                    <key>responsible</key>
                    <value>julian.montoyag</value>
                </item>
                <item>
                    <key>project</key>
                    <value>ramp-up-devops</value>
                </item>
            </tagSet>
            <volumeType>gp2</volumeType>
            <iops>100</iops>
            <encrypted>false</encrypted>
            <multiAttachEnabled>false</multiAttachEnabled>
        </item>
    </volumeSet>
</DescribeVolumesResponse>: timestamp=2022-03-16T17:27:05.383-0500
2022-03-16T17:27:05.384-0500 [DEBUG] provider.terraform-provider-aws_v4.4.0_x5.exe: [aws-sdk-go] DEBUG: Request ec2/DescribeInstanceAttribute Details:
---[ REQUEST POST-SIGN ]-----------------------------
POST / HTTP/1.1
Host: ec2.us-west-1.amazonaws.com
User-Agent: APN/1.0 HashiCorp/1.0 Terraform/1.1.7 (+https://www.terraform.io) terraform-provider-aws/4.4.0 (+https://registry.terraform.io/providers/hashicorp/aws) aws-sdk-go/1.43.9 (go1.17.6; windows; amd64)
Content-Length: 114
Authorization: AWS4-HMAC-SHA256 Credential=AKIA57XXQ6GYZQPYSK4X/20220316/us-west-1/ec2/aws4_request, SignedHeaders=content-length;content-type;host;x-amz-date, Signature=cfedef3ec2c3cf22115cee5e1e37a2200772afdfeda45212b7f42bd6fe4fc157
Content-Type: application/x-www-form-urlencoded; charset=utf-8
X-Amz-Date: 20220316T222705Z
Accept-Encoding: gzip

Action=DescribeInstanceAttribute&Attribute=disableApiTermination&InstanceId=i-0c9bd8e7e027c4788&Version=2016-11-15
-----------------------------------------------------: timestamp=2022-03-16T17:27:05.384-0500
2022-03-16T17:27:05.404-0500 [DEBUG] provider.terraform-provider-aws_v4.4.0_x5.exe: [aws-sdk-go] DEBUG: Response ec2/DescribeInstanceAttribute Details:
---[ RESPONSE ]--------------------------------------
HTTP/1.1 200 OK
Content-Length: 289
Cache-Control: no-cache, no-store
Content-Type: text/xml;charset=UTF-8
Date: Wed, 16 Mar 2022 22:27:08 GMT
Server: AmazonEC2
Strict-Transport-Security: max-age=31536000; includeSubDomains
X-Amzn-Requestid: 95c4df98-f9be-4c3c-bc1a-65cc66fef5b0


-----------------------------------------------------: timestamp=2022-03-16T17:27:05.404-0500
2022-03-16T17:27:05.404-0500 [DEBUG] provider.terraform-provider-aws_v4.4.0_x5.exe: [aws-sdk-go] <?xml version="1.0" encoding="UTF-8"?>
<DescribeInstanceAttributeResponse xmlns="http://ec2.amazonaws.com/doc/2016-11-15/">
    <requestId>95c4df98-f9be-4c3c-bc1a-65cc66fef5b0</requestId>
    <instanceId>i-062c73843ebac7629</instanceId>
    <userData/>
</DescribeInstanceAttributeResponse>: timestamp=2022-03-16T17:27:05.404-0500
2022-03-16T17:27:05.404-0500 [DEBUG] provider.terraform-provider-aws_v4.4.0_x5.exe: [aws-sdk-go] DEBUG: Request ec2/DescribeInstanceCreditSpecifications Details:
---[ REQUEST POST-SIGN ]-----------------------------
POST / HTTP/1.1
Host: ec2.us-west-1.amazonaws.com
User-Agent: APN/1.0 HashiCorp/1.0 Terraform/1.1.7 (+https://www.terraform.io) terraform-provider-aws/4.4.0 (+https://registry.terraform.io/providers/hashicorp/aws) aws-sdk-go/1.43.9 (go1.17.6; windows; amd64)
Content-Length: 95
Authorization: AWS4-HMAC-SHA256 Credential=AKIA57XXQ6GYZQPYSK4X/20220316/us-west-1/ec2/aws4_request, SignedHeaders=content-length;content-type;host;x-amz-date, Signature=92438f6dbb9669d93a7189b3159dafa9509f573d78e06f410eb29d458d9a9abe
Content-Type: application/x-www-form-urlencoded; charset=utf-8
X-Amz-Date: 20220316T222705Z
Accept-Encoding: gzip

Action=DescribeInstanceCreditSpecifications&InstanceId.1=i-062c73843ebac7629&Version=2016-11-15
-----------------------------------------------------: timestamp=2022-03-16T17:27:05.404-0500
2022-03-16T17:27:05.408-0500 [DEBUG] provider.terraform-provider-aws_v4.4.0_x5.exe: [aws-sdk-go] DEBUG: Response ec2/DescribeInstanceAttribute Details:
---[ RESPONSE ]--------------------------------------
HTTP/1.1 200 OK
Content-Length: 359
Cache-Control: no-cache, no-store
Content-Type: text/xml;charset=UTF-8
Date: Wed, 16 Mar 2022 22:27:09 GMT
Server: AmazonEC2
Strict-Transport-Security: max-age=31536000; includeSubDomains
X-Amzn-Requestid: 1715e2f9-45c4-4d51-bc13-efa81546cb94


-----------------------------------------------------: timestamp=2022-03-16T17:27:05.408-0500
2022-03-16T17:27:05.408-0500 [DEBUG] provider.terraform-provider-aws_v4.4.0_x5.exe: [aws-sdk-go] <?xml version="1.0" encoding="UTF-8"?>
<DescribeInstanceAttributeResponse xmlns="http://ec2.amazonaws.com/doc/2016-11-15/">
    <requestId>1715e2f9-45c4-4d51-bc13-efa81546cb94</requestId>
    <instanceId>i-0febe7a22f77a5080</instanceId>
    <disableApiTermination>
        <value>false</value>
    </disableApiTermination>
</DescribeInstanceAttributeResponse>: timestamp=2022-03-16T17:27:05.408-0500
2022-03-16T17:27:05.408-0500 [DEBUG] provider.terraform-provider-aws_v4.4.0_x5.exe: [aws-sdk-go] DEBUG: Request ec2/DescribeInstanceAttribute Details:
---[ REQUEST POST-SIGN ]-----------------------------
POST / HTTP/1.1
Host: ec2.us-west-1.amazonaws.com
User-Agent: APN/1.0 HashiCorp/1.0 Terraform/1.1.7 (+https://www.terraform.io) terraform-provider-aws/4.4.0 (+https://registry.terraform.io/providers/hashicorp/aws) aws-sdk-go/1.43.9 (go1.17.6; windows; amd64)
Content-Length: 101
Authorization: AWS4-HMAC-SHA256 Credential=AKIA57XXQ6GYZQPYSK4X/20220316/us-west-1/ec2/aws4_request, SignedHeaders=content-length;content-type;host;x-amz-date, Signature=b4b3f0b6a53074e0a873d110c67404e394af18f867f298f9216c2ae1d5a18ab5
Content-Type: application/x-www-form-urlencoded; charset=utf-8
X-Amz-Date: 20220316T222705Z
Accept-Encoding: gzip

Action=DescribeInstanceAttribute&Attribute=userData&InstanceId=i-0febe7a22f77a5080&Version=2016-11-15
-----------------------------------------------------: timestamp=2022-03-16T17:27:05.408-0500
2022-03-16T17:27:05.596-0500 [DEBUG] provider.terraform-provider-aws_v4.4.0_x5.exe: [aws-sdk-go] DEBUG: Response ec2/DescribeInstanceCreditSpecifications Details:
---[ RESPONSE ]--------------------------------------
HTTP/1.1 200 OK
Transfer-Encoding: chunked
Cache-Control: no-cache, no-store
Content-Type: text/xml;charset=UTF-8
Date: Wed, 16 Mar 2022 22:27:08 GMT
Server: AmazonEC2
Strict-Transport-Security: max-age=31536000; includeSubDomains
Vary: accept-encoding
X-Amzn-Requestid: 187f5136-178c-420c-a8b9-67438b932ca4


-----------------------------------------------------: timestamp=2022-03-16T17:27:05.596-0500
2022-03-16T17:27:05.596-0500 [DEBUG] provider.terraform-provider-aws_v4.4.0_x5.exe: [aws-sdk-go] <?xml version="1.0" encoding="UTF-8"?>
<DescribeInstanceCreditSpecificationsResponse xmlns="http://ec2.amazonaws.com/doc/2016-11-15/">
    <requestId>187f5136-178c-420c-a8b9-67438b932ca4</requestId>
    <instanceCreditSpecificationSet>
        <item>
            <cpuCredits>standard</cpuCredits>
            <instanceId>i-062c73843ebac7629</instanceId>
        </item>
    </instanceCreditSpecificationSet>
</DescribeInstanceCreditSpecificationsResponse>: timestamp=2022-03-16T17:27:05.596-0500
2022-03-16T17:27:05.599-0500 [WARN]  Provider "provider[\"registry.terraform.io/hashicorp/aws\"]" produced an unexpected new value for module.instances.aws_instance.instance_terraform[1], but we are tolerating it because it is using the legacy plugin SDK.
    The following problems may be the cause of any confusing errors from downstream operations:
      - .hibernation: was null, but now cty.False
      - .iam_instance_profile: was null, but now cty.StringVal("")
      - .credit_specification: block count changed from 0 to 1
module.instances.aws_instance.instance_terraform[1]: Creation complete after 34s [id=i-062c73843ebac7629]
2022-03-16T17:27:05.652-0500 [DEBUG] provider.terraform-provider-aws_v4.4.0_x5.exe: [aws-sdk-go] DEBUG: Response ec2/DescribeInstanceAttribute Details:
---[ RESPONSE ]--------------------------------------
HTTP/1.1 200 OK
Content-Length: 359
Cache-Control: no-cache, no-store
Content-Type: text/xml;charset=UTF-8
Date: Wed, 16 Mar 2022 22:27:09 GMT
Server: AmazonEC2
Strict-Transport-Security: max-age=31536000; includeSubDomains
X-Amzn-Requestid: ed02f86f-dd34-4786-8df0-b508ac0a83ec


-----------------------------------------------------: timestamp=2022-03-16T17:27:05.652-0500
2022-03-16T17:27:05.652-0500 [DEBUG] provider.terraform-provider-aws_v4.4.0_x5.exe: [aws-sdk-go] <?xml version="1.0" encoding="UTF-8"?>
<DescribeInstanceAttributeResponse xmlns="http://ec2.amazonaws.com/doc/2016-11-15/">
    <requestId>ed02f86f-dd34-4786-8df0-b508ac0a83ec</requestId>
    <instanceId>i-0c9bd8e7e027c4788</instanceId>
    <disableApiTermination>
        <value>false</value>
    </disableApiTermination>
</DescribeInstanceAttributeResponse>: timestamp=2022-03-16T17:27:05.652-0500
2022-03-16T17:27:05.652-0500 [DEBUG] provider.terraform-provider-aws_v4.4.0_x5.exe: [aws-sdk-go] DEBUG: Request ec2/DescribeInstanceAttribute Details:
---[ REQUEST POST-SIGN ]-----------------------------
POST / HTTP/1.1
Host: ec2.us-west-1.amazonaws.com
User-Agent: APN/1.0 HashiCorp/1.0 Terraform/1.1.7 (+https://www.terraform.io) terraform-provider-aws/4.4.0 (+https://registry.terraform.io/providers/hashicorp/aws) aws-sdk-go/1.43.9 (go1.17.6; windows; amd64)
Content-Length: 101
Authorization: AWS4-HMAC-SHA256 Credential=AKIA57XXQ6GYZQPYSK4X/20220316/us-west-1/ec2/aws4_request, SignedHeaders=content-length;content-type;host;x-amz-date, Signature=215794c24f2157008f8eb7236e34ab8392f108b56fd3e90d44effed3145b2a43
Content-Type: application/x-www-form-urlencoded; charset=utf-8
X-Amz-Date: 20220316T222705Z
Accept-Encoding: gzip

Action=DescribeInstanceAttribute&Attribute=userData&InstanceId=i-0c9bd8e7e027c4788&Version=2016-11-15
-----------------------------------------------------: timestamp=2022-03-16T17:27:05.652-0500
2022-03-16T17:27:05.663-0500 [DEBUG] provider.terraform-provider-aws_v4.4.0_x5.exe: [aws-sdk-go] DEBUG: Response ec2/DescribeInstanceAttribute Details:
---[ RESPONSE ]--------------------------------------
HTTP/1.1 200 OK
Content-Length: 289
Cache-Control: no-cache, no-store
Content-Type: text/xml;charset=UTF-8
Date: Wed, 16 Mar 2022 22:27:09 GMT
Server: AmazonEC2
Strict-Transport-Security: max-age=31536000; includeSubDomains
X-Amzn-Requestid: 025f18a7-3d4a-4456-8c61-46784ade5c24


-----------------------------------------------------: timestamp=2022-03-16T17:27:05.663-0500
2022-03-16T17:27:05.663-0500 [DEBUG] provider.terraform-provider-aws_v4.4.0_x5.exe: [aws-sdk-go] <?xml version="1.0" encoding="UTF-8"?>
<DescribeInstanceAttributeResponse xmlns="http://ec2.amazonaws.com/doc/2016-11-15/">
    <requestId>025f18a7-3d4a-4456-8c61-46784ade5c24</requestId>
    <instanceId>i-0febe7a22f77a5080</instanceId>
    <userData/>
</DescribeInstanceAttributeResponse>: timestamp=2022-03-16T17:27:05.663-0500
2022-03-16T17:27:05.663-0500 [DEBUG] provider.terraform-provider-aws_v4.4.0_x5.exe: [aws-sdk-go] DEBUG: Request ec2/DescribeInstanceCreditSpecifications Details:
---[ REQUEST POST-SIGN ]-----------------------------
POST / HTTP/1.1
Host: ec2.us-west-1.amazonaws.com
User-Agent: APN/1.0 HashiCorp/1.0 Terraform/1.1.7 (+https://www.terraform.io) terraform-provider-aws/4.4.0 (+https://registry.terraform.io/providers/hashicorp/aws) aws-sdk-go/1.43.9 (go1.17.6; windows; amd64)
Content-Length: 95
Authorization: AWS4-HMAC-SHA256 Credential=AKIA57XXQ6GYZQPYSK4X/20220316/us-west-1/ec2/aws4_request, SignedHeaders=content-length;content-type;host;x-amz-date, Signature=bdafd128a1b720ba66c10079989b8a94e429d59c7fd282e35a1e303330372ada
Content-Type: application/x-www-form-urlencoded; charset=utf-8
X-Amz-Date: 20220316T222705Z
Accept-Encoding: gzip

Action=DescribeInstanceCreditSpecifications&InstanceId.1=i-0febe7a22f77a5080&Version=2016-11-15
-----------------------------------------------------: timestamp=2022-03-16T17:27:05.663-0500
2022-03-16T17:27:05.855-0500 [DEBUG] provider.terraform-provider-aws_v4.4.0_x5.exe: [aws-sdk-go] DEBUG: Response ec2/DescribeInstanceCreditSpecifications Details:
---[ RESPONSE ]--------------------------------------
HTTP/1.1 200 OK
Transfer-Encoding: chunked
Cache-Control: no-cache, no-store
Content-Type: text/xml;charset=UTF-8
Date: Wed, 16 Mar 2022 22:27:09 GMT
Server: AmazonEC2
Strict-Transport-Security: max-age=31536000; includeSubDomains
Vary: accept-encoding
X-Amzn-Requestid: b8db5ddf-9d61-48b8-8fe4-e523f24a1d4f


-----------------------------------------------------: timestamp=2022-03-16T17:27:05.854-0500
2022-03-16T17:27:05.855-0500 [DEBUG] provider.terraform-provider-aws_v4.4.0_x5.exe: [aws-sdk-go] <?xml version="1.0" encoding="UTF-8"?>
<DescribeInstanceCreditSpecificationsResponse xmlns="http://ec2.amazonaws.com/doc/2016-11-15/">
    <requestId>b8db5ddf-9d61-48b8-8fe4-e523f24a1d4f</requestId>
    <instanceCreditSpecificationSet>
        <item>
            <cpuCredits>standard</cpuCredits>
            <instanceId>i-0febe7a22f77a5080</instanceId>
        </item>
    </instanceCreditSpecificationSet>
</DescribeInstanceCreditSpecificationsResponse>: timestamp=2022-03-16T17:27:05.854-0500
2022-03-16T17:27:05.857-0500 [WARN]  Provider "provider[\"registry.terraform.io/hashicorp/aws\"]" produced an unexpected new value for module.instances.aws_instance.instance_terraform[2], but we are tolerating it because it is using the legacy plugin SDK.
    The following problems may be the cause of any confusing errors from downstream operations:
      - .iam_instance_profile: was null, but now cty.StringVal("")
      - .hibernation: was null, but now cty.False
      - .credit_specification: block count changed from 0 to 1
module.instances.aws_instance.instance_terraform[2]: Creation complete after 34s [id=i-0febe7a22f77a5080]
2022-03-16T17:27:05.881-0500 [DEBUG] provider.terraform-provider-aws_v4.4.0_x5.exe: [aws-sdk-go] DEBUG: Response ec2/DescribeInstanceAttribute Details:
---[ RESPONSE ]--------------------------------------
HTTP/1.1 200 OK
Content-Length: 289
Cache-Control: no-cache, no-store
Content-Type: text/xml;charset=UTF-8
Date: Wed, 16 Mar 2022 22:27:09 GMT
Server: AmazonEC2
Strict-Transport-Security: max-age=31536000; includeSubDomains
X-Amzn-Requestid: 156f9bb7-42e8-4f47-b836-b2d654af3b10


-----------------------------------------------------: timestamp=2022-03-16T17:27:05.881-0500
2022-03-16T17:27:05.881-0500 [DEBUG] provider.terraform-provider-aws_v4.4.0_x5.exe: [aws-sdk-go] <?xml version="1.0" encoding="UTF-8"?>
<DescribeInstanceAttributeResponse xmlns="http://ec2.amazonaws.com/doc/2016-11-15/">
    <requestId>156f9bb7-42e8-4f47-b836-b2d654af3b10</requestId>
    <instanceId>i-0c9bd8e7e027c4788</instanceId>
    <userData/>
</DescribeInstanceAttributeResponse>: timestamp=2022-03-16T17:27:05.881-0500
2022-03-16T17:27:05.881-0500 [DEBUG] provider.terraform-provider-aws_v4.4.0_x5.exe: [aws-sdk-go] DEBUG: Request ec2/DescribeInstanceCreditSpecifications Details:
---[ REQUEST POST-SIGN ]-----------------------------
POST / HTTP/1.1
Host: ec2.us-west-1.amazonaws.com
User-Agent: APN/1.0 HashiCorp/1.0 Terraform/1.1.7 (+https://www.terraform.io) terraform-provider-aws/4.4.0 (+https://registry.terraform.io/providers/hashicorp/aws) aws-sdk-go/1.43.9 (go1.17.6; windows; amd64)
Content-Length: 95
Authorization: AWS4-HMAC-SHA256 Credential=AKIA57XXQ6GYZQPYSK4X/20220316/us-west-1/ec2/aws4_request, SignedHeaders=content-length;content-type;host;x-amz-date, Signature=adc128f8f054c6d9e6ee694c576a3c1aa5d648c38c16f7f2f8b5883f7cd2e6d5
Content-Type: application/x-www-form-urlencoded; charset=utf-8
X-Amz-Date: 20220316T222705Z
Accept-Encoding: gzip

Action=DescribeInstanceCreditSpecifications&InstanceId.1=i-0c9bd8e7e027c4788&Version=2016-11-15
-----------------------------------------------------: timestamp=2022-03-16T17:27:05.881-0500
2022-03-16T17:27:06.078-0500 [DEBUG] provider.terraform-provider-aws_v4.4.0_x5.exe: [aws-sdk-go] DEBUG: Response ec2/DescribeInstanceCreditSpecifications Details:
---[ RESPONSE ]--------------------------------------
HTTP/1.1 200 OK
Transfer-Encoding: chunked
Cache-Control: no-cache, no-store
Content-Type: text/xml;charset=UTF-8
Date: Wed, 16 Mar 2022 22:27:09 GMT
Server: AmazonEC2
Strict-Transport-Security: max-age=31536000; includeSubDomains
Vary: accept-encoding
X-Amzn-Requestid: 624100b8-4463-4654-9c1f-dd2965c48f5a


-----------------------------------------------------: timestamp=2022-03-16T17:27:06.078-0500
2022-03-16T17:27:06.078-0500 [DEBUG] provider.terraform-provider-aws_v4.4.0_x5.exe: [aws-sdk-go] <?xml version="1.0" encoding="UTF-8"?>
<DescribeInstanceCreditSpecificationsResponse xmlns="http://ec2.amazonaws.com/doc/2016-11-15/">
    <requestId>624100b8-4463-4654-9c1f-dd2965c48f5a</requestId>
    <instanceCreditSpecificationSet>
        <item>
            <cpuCredits>standard</cpuCredits>
            <instanceId>i-0c9bd8e7e027c4788</instanceId>
        </item>
    </instanceCreditSpecificationSet>
</DescribeInstanceCreditSpecificationsResponse>: timestamp=2022-03-16T17:27:06.078-0500
2022-03-16T17:27:06.081-0500 [WARN]  Provider "provider[\"registry.terraform.io/hashicorp/aws\"]" produced an unexpected new value for module.instances.aws_instance.instance_terraform[0], but we are tolerating it because it is using the legacy plugin SDK.
    The following problems may be the cause of any confusing errors from downstream operations:
      - .hibernation: was null, but now cty.False
      - .iam_instance_profile: was null, but now cty.StringVal("")
      - .credit_specification: block count changed from 0 to 1
module.instances.aws_instance.instance_terraform[0]: Creation complete after 34s [id=i-0c9bd8e7e027c4788]
module.elastic.aws_lb_target_group_attachment.tg_attachment_test: Creating...
2022-03-16T17:27:06.124-0500 [INFO]  Starting apply for module.elastic.aws_lb_target_group_attachment.tg_attachment_test
2022-03-16T17:27:06.124-0500 [DEBUG] module.elastic.aws_lb_target_group_attachment.tg_attachment_test: applying the planned Create change
2022-03-16T17:27:06.124-0500 [INFO]  provider.terraform-provider-aws_v4.4.0_x5.exe: Registering Target i-062c73843ebac7629 with Target Group arn:aws:elasticloadbalancing:us-west-1:961518039473:targetgroup/julian-montoyag-target-group-ui/a7b25a48ec6e5168: timestamp=2022-03-16T17:27:06.124-0500
2022-03-16T17:27:06.124-0500 [DEBUG] provider.terraform-provider-aws_v4.4.0_x5.exe: Waiting for state to become: [success]: timestamp=2022-03-16T17:27:06.124-0500
2022-03-16T17:27:06.124-0500 [DEBUG] provider.terraform-provider-aws_v4.4.0_x5.exe: [aws-sdk-go] DEBUG: Request elasticloadbalancing/RegisterTargets Details:
---[ REQUEST POST-SIGN ]-----------------------------
POST / HTTP/1.1
Host: elasticloadbalancing.us-west-1.amazonaws.com
User-Agent: APN/1.0 HashiCorp/1.0 Terraform/1.1.7 (+https://www.terraform.io) terraform-provider-aws/4.4.0 (+https://registry.terraform.io/providers/hashicorp/aws) aws-sdk-go/1.43.9 (go1.17.6; windows; amd64)
Content-Length: 250
Authorization: AWS4-HMAC-SHA256 Credential=AKIA57XXQ6GYZQPYSK4X/20220316/us-west-1/elasticloadbalancing/aws4_request, SignedHeaders=content-length;content-type;host;x-amz-date, Signature=433777dc956f47c1c1aeaab7db3f944939b38b3c8f093d72a60c481ea6cb177d
Content-Type: application/x-www-form-urlencoded; charset=utf-8
X-Amz-Date: 20220316T222706Z
Accept-Encoding: gzip

Action=RegisterTargets&TargetGroupArn=arn%3Aaws%3Aelasticloadbalancing%3Aus-west-1%3A961518039473%3Atargetgroup%2Fjulian-montoyag-target-group-ui%2Fa7b25a48ec6e5168&Targets.member.1.Id=i-062c73843ebac7629&Targets.member.1.Port=3030&Version=2015-12-01
-----------------------------------------------------: timestamp=2022-03-16T17:27:06.124-0500
2022-03-16T17:27:06.865-0500 [DEBUG] provider.terraform-provider-aws_v4.4.0_x5.exe: [aws-sdk-go] DEBUG: Response elasticloadbalancing/RegisterTargets Details:
---[ RESPONSE ]--------------------------------------
HTTP/1.1 200 OK
Content-Length: 253
Content-Type: text/xml
Date: Wed, 16 Mar 2022 22:27:10 GMT
X-Amzn-Requestid: 2aff6ca4-486e-4e0e-8fb2-b90f67c385e3


-----------------------------------------------------: timestamp=2022-03-16T17:27:06.864-0500
2022-03-16T17:27:06.865-0500 [DEBUG] provider.terraform-provider-aws_v4.4.0_x5.exe: [aws-sdk-go] <RegisterTargetsResponse xmlns="http://elasticloadbalancing.amazonaws.com/doc/2015-12-01/">
  <RegisterTargetsResult/>
  <ResponseMetadata>
    <RequestId>2aff6ca4-486e-4e0e-8fb2-b90f67c385e3</RequestId>
  </ResponseMetadata>
</RegisterTargetsResponse>: timestamp=2022-03-16T17:27:06.864-0500
module.elastic.aws_lb_target_group_attachment.tg_attachment_test: Creation complete after 1s [id=arn:aws:elasticloadbalancing:us-west-1:961518039473:targetgroup/julian-montoyag-target-group-ui/a7b25a48ec6e5168-20220316222706864900000001]
2022-03-16T17:27:06.913-0500 [DEBUG] provider.stdio: received EOF, stopping recv loop: err="rpc error: code = Unavailable desc = transport is closing"
2022-03-16T17:27:06.950-0500 [DEBUG] provider: plugin process exited: path=.terraform/providers/registry.terraform.io/hashicorp/aws/4.4.0/windows_amd64/terraform-provider-aws_v4.4.0_x5.exe pid=22756
2022-03-16T17:27:06.950-0500 [DEBUG] provider: plugin exited

Apply complete! Resources: 4 added, 0 changed, 0 destroyed.
